// !$*UTF8*$!
{
	archiveVersion = 1;
	classes = {
	};
	objectVersion = 46;
	objects = {

/* Begin PBXBuildFile section */
		004B3E1BCB8013F9C1F4C3A7 /* Pods_TCATTests.framework in Frameworks */ = {isa = PBXBuildFile; fileRef = C3AF9B9F85F235C20ED105CF /* Pods_TCATTests.framework */; };
		4036E23543D87A22BF6B0023 /* Pods_TCATUITests.framework in Frameworks */ = {isa = PBXBuildFile; fileRef = E08977D7DB800C37CAF625E1 /* Pods_TCATUITests.framework */; };
		449A7C791D80D0E80019300C /* AppDelegate.swift in Sources */ = {isa = PBXBuildFile; fileRef = 449A7C781D80D0E80019300C /* AppDelegate.swift */; };
		449A7C7E1D80D0E80019300C /* Main.storyboard in Resources */ = {isa = PBXBuildFile; fileRef = 449A7C7C1D80D0E80019300C /* Main.storyboard */; };
		449A7C801D80D0E80019300C /* Assets.xcassets in Resources */ = {isa = PBXBuildFile; fileRef = 449A7C7F1D80D0E80019300C /* Assets.xcassets */; };
		449A7C831D80D0E80019300C /* LaunchScreen.storyboard in Resources */ = {isa = PBXBuildFile; fileRef = 449A7C811D80D0E80019300C /* LaunchScreen.storyboard */; };
		449A7C8E1D80D0E80019300C /* TCATTests.swift in Sources */ = {isa = PBXBuildFile; fileRef = 449A7C8D1D80D0E80019300C /* TCATTests.swift */; };
		449A7C991D80D0E80019300C /* TCATUITests.swift in Sources */ = {isa = PBXBuildFile; fileRef = 449A7C981D80D0E80019300C /* TCATUITests.swift */; };
		5006F7B81EBFC7DE005ACAF2 /* CornellDestinationCell.swift in Sources */ = {isa = PBXBuildFile; fileRef = 5006F7B71EBFC7DE005ACAF2 /* CornellDestinationCell.swift */; };
		5006F7BA1EC0F59A005ACAF2 /* SearchTableViewHelpers.swift in Sources */ = {isa = PBXBuildFile; fileRef = 5006F7B91EC0F59A005ACAF2 /* SearchTableViewHelpers.swift */; };
		502D8F5F1E55161D005280F1 /* SearchBarView.swift in Sources */ = {isa = PBXBuildFile; fileRef = 502D8F5E1E55161D005280F1 /* SearchBarView.swift */; };
		503EC37B1E969ACD00B3D4D4 /* BusStopCell.swift in Sources */ = {isa = PBXBuildFile; fileRef = 503EC37A1E969ACD00B3D4D4 /* BusStopCell.swift */; };
		503EC37D1E969ADF00B3D4D4 /* SearchResultsCell.swift in Sources */ = {isa = PBXBuildFile; fileRef = 503EC37C1E969ADF00B3D4D4 /* SearchResultsCell.swift */; };
		503EC37F1E969B2100B3D4D4 /* SearchResultsTableViewController.swift in Sources */ = {isa = PBXBuildFile; fileRef = 503EC37E1E969B2100B3D4D4 /* SearchResultsTableViewController.swift */; };
		503EC38D1E96B85B00B3D4D4 /* Network.swift in Sources */ = {isa = PBXBuildFile; fileRef = 503EC38C1E96B85B00B3D4D4 /* Network.swift */; };
		50A19BAE1E4C214000AD6768 /* HomeViewController.swift in Sources */ = {isa = PBXBuildFile; fileRef = 50A19BAD1E4C214000AD6768 /* HomeViewController.swift */; };
		9CAD63CB367551D7A8B32C6E /* Pods_TCAT.framework in Frameworks */ = {isa = PBXBuildFile; fileRef = E69224A160B2B078827D28A1 /* Pods_TCAT.framework */; };
		BF0002221FB37D0A00773109 /* LoadingIndicator.swift in Sources */ = {isa = PBXBuildFile; fileRef = BF0002211FB37D0A00773109 /* LoadingIndicator.swift */; };
		BF1209FB1F7759C200A7C930 /* BusLocationView.swift in Sources */ = {isa = PBXBuildFile; fileRef = BF1209FA1F7759C200A7C930 /* BusLocationView.swift */; };
		BF18AE102083B7F6000C3D82 /* StoreKitHelper.swift in Sources */ = {isa = PBXBuildFile; fileRef = BF18AE0F2083B7F6000C3D82 /* StoreKitHelper.swift */; };
		BF18AE122083B9B8000C3D82 /* Phrases.swift in Sources */ = {isa = PBXBuildFile; fileRef = BF18AE112083B9B8000C3D82 /* Phrases.swift */; };
		BF316CB02096352B005A14EF /* PhraseLabelFooterView.swift in Sources */ = {isa = PBXBuildFile; fileRef = BF316CAF2096352B005A14EF /* PhraseLabelFooterView.swift */; };
		BF316CB22096428E005A14EF /* GoogleService-Info.plist in Resources */ = {isa = PBXBuildFile; fileRef = BF316CB12096428E005A14EF /* GoogleService-Info.plist */; };
		BF456E0320489990005C611D /* BusLocation.swift in Sources */ = {isa = PBXBuildFile; fileRef = BF456E0220489990005C611D /* BusLocation.swift */; };
		BF5C52A4207B96F0003C93B9 /* LiveIndicator.swift in Sources */ = {isa = PBXBuildFile; fileRef = BF5C52A3207B96F0003C93B9 /* LiveIndicator.swift */; };
		BF5CBAD11FCE6CCE00478C6F /* RouteDetail+DrawerViewController.swift in Sources */ = {isa = PBXBuildFile; fileRef = BF5CBAD01FCE6CCE00478C6F /* RouteDetail+DrawerViewController.swift */; };
		BF6095271FD7091B0013E538 /* CustomNavigationController.swift in Sources */ = {isa = PBXBuildFile; fileRef = BF6095261FD7091B0013E538 /* CustomNavigationController.swift */; };
		BF73F0F31F60B0BD003B479D /* LocationObject.swift in Sources */ = {isa = PBXBuildFile; fileRef = BF73F0F21F60B0BD003B479D /* LocationObject.swift */; };
		BF74AC1A1F945D7D00AFD4E4 /* GoogleMapsBase.framework in Frameworks */ = {isa = PBXBuildFile; fileRef = BF74AC191F945D7D00AFD4E4 /* GoogleMapsBase.framework */; };
		BF74AC1D1F945D8E00AFD4E4 /* GoogleMapsCore.framework in Frameworks */ = {isa = PBXBuildFile; fileRef = BF74AC1B1F945D8E00AFD4E4 /* GoogleMapsCore.framework */; };
		BF74AC1E1F945D8E00AFD4E4 /* GoogleMaps.framework in Frameworks */ = {isa = PBXBuildFile; fileRef = BF74AC1C1F945D8E00AFD4E4 /* GoogleMaps.framework */; };
		BFA53FEE1FD45D7000E770DF /* RouteDetailViewController.swift in Sources */ = {isa = PBXBuildFile; fileRef = BFA53FED1FD45D7000E770DF /* RouteDetailViewController.swift */; };
		BFB86A07205C614C000794B2 /* OnboardingViewController.swift in Sources */ = {isa = PBXBuildFile; fileRef = BFB86A06205C614C000794B2 /* OnboardingViewController.swift */; };
		BFCA712B206AC61A00E4CCE5 /* Keys.plist in Resources */ = {isa = PBXBuildFile; fileRef = BFCA712A206AC61A00E4CCE5 /* Keys.plist */; };
		BFCA712D206AC69000E4CCE5 /* Keys.swift in Sources */ = {isa = PBXBuildFile; fileRef = BFCA712C206AC69000E4CCE5 /* Keys.swift */; };
		BFD5B4E41FAADFAE00955C37 /* WalkPath.swift in Sources */ = {isa = PBXBuildFile; fileRef = BFD5B4E31FAADFAE00955C37 /* WalkPath.swift */; };
		BFF41EB2204365E800E0696B /* SummaryView.swift in Sources */ = {isa = PBXBuildFile; fileRef = BFF41EB1204365E800E0696B /* SummaryView.swift */; };
		CC27BD091FF6C91C00DAA7D5 /* Analytics.swift in Sources */ = {isa = PBXBuildFile; fileRef = CC27BD081FF6C91C00DAA7D5 /* Analytics.swift */; };
		D183AA021E6CB092006A9A15 /* Extensions.swift in Sources */ = {isa = PBXBuildFile; fileRef = D183AA011E6CB092006A9A15 /* Extensions.swift */; };
		DC2E96441FBF41CB009955C6 /* FavoritesTableViewController.swift in Sources */ = {isa = PBXBuildFile; fileRef = DC2E96431FBF41CB009955C6 /* FavoritesTableViewController.swift */; };
		DC2E96461FC21B29009955C6 /* HeaderView.swift in Sources */ = {isa = PBXBuildFile; fileRef = DC2E96451FC21B29009955C6 /* HeaderView.swift */; };
		DCB717101FB76EA600BE4D26 /* AllStopsTableViewController.swift in Sources */ = {isa = PBXBuildFile; fileRef = DCB7170F1FB76EA600BE4D26 /* AllStopsTableViewController.swift */; };
		DD16B8E71E7046390089B7B2 /* BusIcon.swift in Sources */ = {isa = PBXBuildFile; fileRef = DD16B8E41E7046390089B7B2 /* BusIcon.swift */; };
		DD2F989B1E50F99A0005F6BC /* Route.swift in Sources */ = {isa = PBXBuildFile; fileRef = DD2F989A1E50F99A0005F6BC /* Route.swift */; };
		DD2F98A31E5150990005F6BC /* RouteOptionsViewController.swift in Sources */ = {isa = PBXBuildFile; fileRef = DD2F98A21E5150990005F6BC /* RouteOptionsViewController.swift */; };
		DD36A6FF1F66378C00E4789E /* BusStop.swift in Sources */ = {isa = PBXBuildFile; fileRef = DD36A6FD1F66378B00E4789E /* BusStop.swift */; };
		DD36A7001F66378C00E4789E /* PlaceResult.swift in Sources */ = {isa = PBXBuildFile; fileRef = DD36A6FE1F66378C00E4789E /* PlaceResult.swift */; };
		DD36A7021F6637CA00E4789E /* Direction.swift in Sources */ = {isa = PBXBuildFile; fileRef = DD36A7011F6637C900E4789E /* Direction.swift */; };
		DD3D9C211F94297100B164D4 /* Reachability.swift in Sources */ = {isa = PBXBuildFile; fileRef = DD3D9C201F94297100B164D4 /* Reachability.swift */; };
		DD3D9C341F942CF000B164D4 /* CoordinateVisitor.swift in Sources */ = {isa = PBXBuildFile; fileRef = DD3D9C331F942CF000B164D4 /* CoordinateVisitor.swift */; };
		DD3D9C361F945F2A00B164D4 /* RPCircularProgress.swift in Sources */ = {isa = PBXBuildFile; fileRef = DD3D9C351F945F2A00B164D4 /* RPCircularProgress.swift */; };
		DD5D233C1E6367A100F8DECE /* Time.swift in Sources */ = {isa = PBXBuildFile; fileRef = DD5D233B1E6367A100F8DECE /* Time.swift */; };
		DD623C8D1E6D0585005ED004 /* SFText-Medium.otf in Resources */ = {isa = PBXBuildFile; fileRef = DD623C8A1E6D0585005ED004 /* SFText-Medium.otf */; };
		DD623C8E1E6D0585005ED004 /* SFText-Regular.otf in Resources */ = {isa = PBXBuildFile; fileRef = DD623C8B1E6D0585005ED004 /* SFText-Regular.otf */; };
		DD623C8F1E6D0585005ED004 /* SFText-Semibold.otf in Resources */ = {isa = PBXBuildFile; fileRef = DD623C8C1E6D0585005ED004 /* SFText-Semibold.otf */; };
		DD659C8A20508E1B00506BAC /* WalkWithDistanceIcon.swift in Sources */ = {isa = PBXBuildFile; fileRef = DD659C8920508E1A00506BAC /* WalkWithDistanceIcon.swift */; };
		DD87F20A1E878CB5000C244B /* Loader.swift in Sources */ = {isa = PBXBuildFile; fileRef = DD87F2091E878CB5000C244B /* Loader.swift */; };
		DD99E2F61F6DB06A0073E8F7 /* Constants.swift in Sources */ = {isa = PBXBuildFile; fileRef = DD99E2F51F6DB06A0073E8F7 /* Constants.swift */; };
		DDA134451EC6A8CB00460B18 /* RouteLine.swift in Sources */ = {isa = PBXBuildFile; fileRef = DDA134441EC6A8CB00460B18 /* RouteLine.swift */; };
		DDB49C941E8857D000A99C35 /* RouteDetail+ContentViewController.swift in Sources */ = {isa = PBXBuildFile; fileRef = DDB49C921E8857D000A99C35 /* RouteDetail+ContentViewController.swift */; };
		DDB49C981E8857E000A99C35 /* LargeDetailTableViewCell.swift in Sources */ = {isa = PBXBuildFile; fileRef = DDB49C951E8857E000A99C35 /* LargeDetailTableViewCell.swift */; };
		DDB49C991E8857E000A99C35 /* SmallDetailTableViewCell.swift in Sources */ = {isa = PBXBuildFile; fileRef = DDB49C961E8857E000A99C35 /* SmallDetailTableViewCell.swift */; };
		DDB49C9A1E8857E000A99C35 /* BusStopTableViewCell.swift in Sources */ = {isa = PBXBuildFile; fileRef = DDB49C971E8857E000A99C35 /* BusStopTableViewCell.swift */; };
		DDB49C9D1E8857FC00A99C35 /* BusPath.swift in Sources */ = {isa = PBXBuildFile; fileRef = DDB49C9B1E8857FC00A99C35 /* BusPath.swift */; };
		DDB49C9E1E8857FC00A99C35 /* Waypoint.swift in Sources */ = {isa = PBXBuildFile; fileRef = DDB49C9C1E8857FC00A99C35 /* Waypoint.swift */; };
		DDB49CA21E88584B00A99C35 /* DetailIconView.swift in Sources */ = {isa = PBXBuildFile; fileRef = DDB49CA11E88584B00A99C35 /* DetailIconView.swift */; };
		DDBCD5E71E989E5800014641 /* Circle.swift in Sources */ = {isa = PBXBuildFile; fileRef = DDBCD5E61E989E5800014641 /* Circle.swift */; };
		DDBFEAA01E787008002BBD96 /* DatePickerView.swift in Sources */ = {isa = PBXBuildFile; fileRef = DDBFEA9E1E787008002BBD96 /* DatePickerView.swift */; };
		DDBFEAA11E787008002BBD96 /* RouteSelectionView.swift in Sources */ = {isa = PBXBuildFile; fileRef = DDBFEA9F1E787008002BBD96 /* RouteSelectionView.swift */; };
		DDC83CA31E52B09D00D4EDDF /* LocationTableViewCell.swift in Sources */ = {isa = PBXBuildFile; fileRef = DDC83CA21E52B09D00D4EDDF /* LocationTableViewCell.swift */; };
		DDC83CA51E52B0D400D4EDDF /* RouteTableViewCell.swift in Sources */ = {isa = PBXBuildFile; fileRef = DDC83CA41E52B0D400D4EDDF /* RouteTableViewCell.swift */; };
		DDE0A9311F096A3E005CD01C /* RouteDiagram.swift in Sources */ = {isa = PBXBuildFile; fileRef = DDE0A9301F096A3E005CD01C /* RouteDiagram.swift */; };
		DDE3BC231F5863D50014D2BB /* Place.swift in Sources */ = {isa = PBXBuildFile; fileRef = DDE3BC221F5863D50014D2BB /* Place.swift */; };
		E337970D1FC1606D00BCB28F /* InformationViewController.swift in Sources */ = {isa = PBXBuildFile; fileRef = E337970C1FC1606D00BCB28F /* InformationViewController.swift */; };
		E34490CD1F8EF00A0064D284 /* SFText-Bold.otf in Resources */ = {isa = PBXBuildFile; fileRef = E34490CC1F8EEFFF0064D284 /* SFText-Bold.otf */; };
/* End PBXBuildFile section */

/* Begin PBXContainerItemProxy section */
		449A7C8A1D80D0E80019300C /* PBXContainerItemProxy */ = {
			isa = PBXContainerItemProxy;
			containerPortal = 449A7C6D1D80D0E80019300C /* Project object */;
			proxyType = 1;
			remoteGlobalIDString = 449A7C741D80D0E80019300C;
			remoteInfo = TCAT;
		};
		449A7C951D80D0E80019300C /* PBXContainerItemProxy */ = {
			isa = PBXContainerItemProxy;
			containerPortal = 449A7C6D1D80D0E80019300C /* Project object */;
			proxyType = 1;
			remoteGlobalIDString = 449A7C741D80D0E80019300C;
			remoteInfo = TCAT;
		};
/* End PBXContainerItemProxy section */

/* Begin PBXFileReference section */
		00AAC04EC20FD099C317E4DF /* Pods-TCATTests.release.xcconfig */ = {isa = PBXFileReference; includeInIndex = 1; lastKnownFileType = text.xcconfig; name = "Pods-TCATTests.release.xcconfig"; path = "Pods/Target Support Files/Pods-TCATTests/Pods-TCATTests.release.xcconfig"; sourceTree = "<group>"; };
		0A53C1C936C7282DCAB7292F /* Pods-TCATUITests.debug.xcconfig */ = {isa = PBXFileReference; includeInIndex = 1; lastKnownFileType = text.xcconfig; name = "Pods-TCATUITests.debug.xcconfig"; path = "Pods/Target Support Files/Pods-TCATUITests/Pods-TCATUITests.debug.xcconfig"; sourceTree = "<group>"; };
		0DD68D5FD4D1CFE82BA753E7 /* Pods-TCAT.debug.xcconfig */ = {isa = PBXFileReference; includeInIndex = 1; lastKnownFileType = text.xcconfig; name = "Pods-TCAT.debug.xcconfig"; path = "Pods/Target Support Files/Pods-TCAT/Pods-TCAT.debug.xcconfig"; sourceTree = "<group>"; };
		449A7C751D80D0E80019300C /* TCAT.app */ = {isa = PBXFileReference; explicitFileType = wrapper.application; includeInIndex = 0; path = TCAT.app; sourceTree = BUILT_PRODUCTS_DIR; };
		449A7C781D80D0E80019300C /* AppDelegate.swift */ = {isa = PBXFileReference; lastKnownFileType = sourcecode.swift; path = AppDelegate.swift; sourceTree = "<group>"; };
		449A7C7D1D80D0E80019300C /* Base */ = {isa = PBXFileReference; lastKnownFileType = file.storyboard; name = Base; path = Base.lproj/Main.storyboard; sourceTree = "<group>"; };
		449A7C7F1D80D0E80019300C /* Assets.xcassets */ = {isa = PBXFileReference; lastKnownFileType = folder.assetcatalog; path = Assets.xcassets; sourceTree = "<group>"; };
		449A7C821D80D0E80019300C /* Base */ = {isa = PBXFileReference; lastKnownFileType = file.storyboard; name = Base; path = Base.lproj/LaunchScreen.storyboard; sourceTree = "<group>"; };
		449A7C841D80D0E80019300C /* Info.plist */ = {isa = PBXFileReference; lastKnownFileType = text.plist.xml; name = Info.plist; path = "Supporting Files/Info.plist"; sourceTree = "<group>"; };
		449A7C891D80D0E80019300C /* TCATTests.xctest */ = {isa = PBXFileReference; explicitFileType = wrapper.cfbundle; includeInIndex = 0; path = TCATTests.xctest; sourceTree = BUILT_PRODUCTS_DIR; };
		449A7C8D1D80D0E80019300C /* TCATTests.swift */ = {isa = PBXFileReference; lastKnownFileType = sourcecode.swift; path = TCATTests.swift; sourceTree = "<group>"; };
		449A7C8F1D80D0E80019300C /* Info.plist */ = {isa = PBXFileReference; lastKnownFileType = text.plist.xml; path = Info.plist; sourceTree = "<group>"; };
		449A7C941D80D0E80019300C /* TCATUITests.xctest */ = {isa = PBXFileReference; explicitFileType = wrapper.cfbundle; includeInIndex = 0; path = TCATUITests.xctest; sourceTree = BUILT_PRODUCTS_DIR; };
		449A7C981D80D0E80019300C /* TCATUITests.swift */ = {isa = PBXFileReference; lastKnownFileType = sourcecode.swift; path = TCATUITests.swift; sourceTree = "<group>"; };
		449A7C9A1D80D0E80019300C /* Info.plist */ = {isa = PBXFileReference; lastKnownFileType = text.plist.xml; path = Info.plist; sourceTree = "<group>"; };
		5006F7B71EBFC7DE005ACAF2 /* CornellDestinationCell.swift */ = {isa = PBXFileReference; fileEncoding = 4; lastKnownFileType = sourcecode.swift; name = CornellDestinationCell.swift; path = Cells/CornellDestinationCell.swift; sourceTree = "<group>"; };
		5006F7B91EC0F59A005ACAF2 /* SearchTableViewHelpers.swift */ = {isa = PBXFileReference; fileEncoding = 4; lastKnownFileType = sourcecode.swift; lineEnding = 0; name = SearchTableViewHelpers.swift; path = Utilities/SearchTableViewHelpers.swift; sourceTree = "<group>"; xcLanguageSpecificationIdentifier = xcode.lang.swift; };
		502D8F5E1E55161D005280F1 /* SearchBarView.swift */ = {isa = PBXFileReference; fileEncoding = 4; lastKnownFileType = sourcecode.swift; name = SearchBarView.swift; path = Views/SearchBarView.swift; sourceTree = "<group>"; };
		503EC37A1E969ACD00B3D4D4 /* BusStopCell.swift */ = {isa = PBXFileReference; fileEncoding = 4; lastKnownFileType = sourcecode.swift; name = BusStopCell.swift; path = Cells/BusStopCell.swift; sourceTree = "<group>"; };
		503EC37C1E969ADF00B3D4D4 /* SearchResultsCell.swift */ = {isa = PBXFileReference; fileEncoding = 4; lastKnownFileType = sourcecode.swift; name = SearchResultsCell.swift; path = Cells/SearchResultsCell.swift; sourceTree = "<group>"; };
		503EC37E1E969B2100B3D4D4 /* SearchResultsTableViewController.swift */ = {isa = PBXFileReference; fileEncoding = 4; lastKnownFileType = sourcecode.swift; lineEnding = 0; name = SearchResultsTableViewController.swift; path = Controllers/SearchResultsTableViewController.swift; sourceTree = "<group>"; xcLanguageSpecificationIdentifier = xcode.lang.swift; };
		503EC38C1E96B85B00B3D4D4 /* Network.swift */ = {isa = PBXFileReference; fileEncoding = 4; lastKnownFileType = sourcecode.swift; name = Network.swift; path = Utilities/Network.swift; sourceTree = "<group>"; };
		50A19BAD1E4C214000AD6768 /* HomeViewController.swift */ = {isa = PBXFileReference; fileEncoding = 4; lastKnownFileType = sourcecode.swift; lineEnding = 0; name = HomeViewController.swift; path = Controllers/HomeViewController.swift; sourceTree = "<group>"; xcLanguageSpecificationIdentifier = xcode.lang.swift; };
		81725F2EBEBD3D184BFD0635 /* Pods-TCAT.release.xcconfig */ = {isa = PBXFileReference; includeInIndex = 1; lastKnownFileType = text.xcconfig; name = "Pods-TCAT.release.xcconfig"; path = "Pods/Target Support Files/Pods-TCAT/Pods-TCAT.release.xcconfig"; sourceTree = "<group>"; };
		8236DFFA6C5F3AB1E6E1B0E4 /* Pods-TCATTests.debug.xcconfig */ = {isa = PBXFileReference; includeInIndex = 1; lastKnownFileType = text.xcconfig; name = "Pods-TCATTests.debug.xcconfig"; path = "Pods/Target Support Files/Pods-TCATTests/Pods-TCATTests.debug.xcconfig"; sourceTree = "<group>"; };
		97F81CAA39621F2304CFA763 /* Pods-TCATUITests.release.xcconfig */ = {isa = PBXFileReference; includeInIndex = 1; lastKnownFileType = text.xcconfig; name = "Pods-TCATUITests.release.xcconfig"; path = "Pods/Target Support Files/Pods-TCATUITests/Pods-TCATUITests.release.xcconfig"; sourceTree = "<group>"; };
		BF0002211FB37D0A00773109 /* LoadingIndicator.swift */ = {isa = PBXFileReference; fileEncoding = 4; lastKnownFileType = sourcecode.swift; name = LoadingIndicator.swift; path = Views/LoadingIndicator.swift; sourceTree = "<group>"; };
		BF1209FA1F7759C200A7C930 /* BusLocationView.swift */ = {isa = PBXFileReference; fileEncoding = 4; lastKnownFileType = sourcecode.swift; name = BusLocationView.swift; path = Views/BusLocationView.swift; sourceTree = "<group>"; };
		BF18AE0F2083B7F6000C3D82 /* StoreKitHelper.swift */ = {isa = PBXFileReference; fileEncoding = 4; lastKnownFileType = sourcecode.swift; name = StoreKitHelper.swift; path = Utilities/StoreKitHelper.swift; sourceTree = "<group>"; };
		BF18AE112083B9B8000C3D82 /* Phrases.swift */ = {isa = PBXFileReference; fileEncoding = 4; lastKnownFileType = sourcecode.swift; path = Phrases.swift; sourceTree = "<group>"; };
		BF316CAF2096352B005A14EF /* PhraseLabelFooterView.swift */ = {isa = PBXFileReference; fileEncoding = 4; lastKnownFileType = sourcecode.swift; name = PhraseLabelFooterView.swift; path = Views/PhraseLabelFooterView.swift; sourceTree = "<group>"; };
		BF316CB12096428E005A14EF /* GoogleService-Info.plist */ = {isa = PBXFileReference; fileEncoding = 4; lastKnownFileType = text.plist.xml; path = "GoogleService-Info.plist"; sourceTree = "<group>"; };
		BF456E0220489990005C611D /* BusLocation.swift */ = {isa = PBXFileReference; fileEncoding = 4; lastKnownFileType = sourcecode.swift; name = BusLocation.swift; path = Model/BusLocation.swift; sourceTree = "<group>"; };
		BF5C52A3207B96F0003C93B9 /* LiveIndicator.swift */ = {isa = PBXFileReference; fileEncoding = 4; lastKnownFileType = sourcecode.swift; name = LiveIndicator.swift; path = Views/LiveIndicator.swift; sourceTree = "<group>"; };
		BF5CBAD01FCE6CCE00478C6F /* RouteDetail+DrawerViewController.swift */ = {isa = PBXFileReference; fileEncoding = 4; lastKnownFileType = sourcecode.swift; name = "RouteDetail+DrawerViewController.swift"; path = "Controllers/RouteDetail+DrawerViewController.swift"; sourceTree = "<group>"; };
		BF6095261FD7091B0013E538 /* CustomNavigationController.swift */ = {isa = PBXFileReference; fileEncoding = 4; lastKnownFileType = sourcecode.swift; name = CustomNavigationController.swift; path = Controllers/CustomNavigationController.swift; sourceTree = "<group>"; };
		BF73F0F21F60B0BD003B479D /* LocationObject.swift */ = {isa = PBXFileReference; fileEncoding = 4; lastKnownFileType = sourcecode.swift; name = LocationObject.swift; path = Model/LocationObject.swift; sourceTree = "<group>"; };
		BF74AC191F945D7D00AFD4E4 /* GoogleMapsBase.framework */ = {isa = PBXFileReference; lastKnownFileType = wrapper.framework; name = GoogleMapsBase.framework; path = Pods/GoogleMaps/Base/Frameworks/GoogleMapsBase.framework; sourceTree = "<group>"; };
		BF74AC1B1F945D8E00AFD4E4 /* GoogleMapsCore.framework */ = {isa = PBXFileReference; lastKnownFileType = wrapper.framework; name = GoogleMapsCore.framework; path = Pods/GoogleMaps/Maps/Frameworks/GoogleMapsCore.framework; sourceTree = "<group>"; };
		BF74AC1C1F945D8E00AFD4E4 /* GoogleMaps.framework */ = {isa = PBXFileReference; lastKnownFileType = wrapper.framework; name = GoogleMaps.framework; path = Pods/GoogleMaps/Maps/Frameworks/GoogleMaps.framework; sourceTree = "<group>"; };
		BFA53FED1FD45D7000E770DF /* RouteDetailViewController.swift */ = {isa = PBXFileReference; fileEncoding = 4; lastKnownFileType = sourcecode.swift; name = RouteDetailViewController.swift; path = Controllers/RouteDetailViewController.swift; sourceTree = "<group>"; };
		BFB86A06205C614C000794B2 /* OnboardingViewController.swift */ = {isa = PBXFileReference; fileEncoding = 4; lastKnownFileType = sourcecode.swift; name = OnboardingViewController.swift; path = Controllers/OnboardingViewController.swift; sourceTree = "<group>"; };
		BFCA712A206AC61A00E4CCE5 /* Keys.plist */ = {isa = PBXFileReference; fileEncoding = 4; lastKnownFileType = text.plist.xml; path = Keys.plist; sourceTree = "<group>"; };
		BFCA712C206AC69000E4CCE5 /* Keys.swift */ = {isa = PBXFileReference; fileEncoding = 4; lastKnownFileType = sourcecode.swift; name = Keys.swift; path = "Supporting Files/Keys.swift"; sourceTree = "<group>"; };
		BFD5B4E31FAADFAE00955C37 /* WalkPath.swift */ = {isa = PBXFileReference; fileEncoding = 4; lastKnownFileType = sourcecode.swift; name = WalkPath.swift; path = Model/WalkPath.swift; sourceTree = "<group>"; };
		BFF41EB1204365E800E0696B /* SummaryView.swift */ = {isa = PBXFileReference; fileEncoding = 4; lastKnownFileType = sourcecode.swift; name = SummaryView.swift; path = Views/SummaryView.swift; sourceTree = "<group>"; };
		C3AF9B9F85F235C20ED105CF /* Pods_TCATTests.framework */ = {isa = PBXFileReference; explicitFileType = wrapper.framework; includeInIndex = 0; path = Pods_TCATTests.framework; sourceTree = BUILT_PRODUCTS_DIR; };
		CC27BD081FF6C91C00DAA7D5 /* Analytics.swift */ = {isa = PBXFileReference; lastKnownFileType = sourcecode.swift; name = Analytics.swift; path = Utilities/Analytics.swift; sourceTree = "<group>"; };
		D183AA011E6CB092006A9A15 /* Extensions.swift */ = {isa = PBXFileReference; fileEncoding = 4; lastKnownFileType = sourcecode.swift; name = Extensions.swift; path = Utilities/Extensions.swift; sourceTree = "<group>"; };
		DC2E96431FBF41CB009955C6 /* FavoritesTableViewController.swift */ = {isa = PBXFileReference; lastKnownFileType = sourcecode.swift; name = FavoritesTableViewController.swift; path = Controllers/FavoritesTableViewController.swift; sourceTree = "<group>"; };
		DC2E96451FC21B29009955C6 /* HeaderView.swift */ = {isa = PBXFileReference; lastKnownFileType = sourcecode.swift; name = HeaderView.swift; path = Views/HeaderView.swift; sourceTree = "<group>"; };
		DCB7170F1FB76EA600BE4D26 /* AllStopsTableViewController.swift */ = {isa = PBXFileReference; lastKnownFileType = sourcecode.swift; name = AllStopsTableViewController.swift; path = Controllers/AllStopsTableViewController.swift; sourceTree = "<group>"; };
		DD16B8E41E7046390089B7B2 /* BusIcon.swift */ = {isa = PBXFileReference; fileEncoding = 4; lastKnownFileType = sourcecode.swift; name = BusIcon.swift; path = Views/BusIcon.swift; sourceTree = "<group>"; };
		DD2F989A1E50F99A0005F6BC /* Route.swift */ = {isa = PBXFileReference; fileEncoding = 4; lastKnownFileType = sourcecode.swift; name = Route.swift; path = Model/Route.swift; sourceTree = "<group>"; };
		DD2F98A21E5150990005F6BC /* RouteOptionsViewController.swift */ = {isa = PBXFileReference; fileEncoding = 4; lastKnownFileType = sourcecode.swift; name = RouteOptionsViewController.swift; path = Controllers/RouteOptionsViewController.swift; sourceTree = "<group>"; };
		DD36A6FD1F66378B00E4789E /* BusStop.swift */ = {isa = PBXFileReference; fileEncoding = 4; lastKnownFileType = sourcecode.swift; name = BusStop.swift; path = Model/BusStop.swift; sourceTree = "<group>"; };
		DD36A6FE1F66378C00E4789E /* PlaceResult.swift */ = {isa = PBXFileReference; fileEncoding = 4; lastKnownFileType = sourcecode.swift; name = PlaceResult.swift; path = Model/PlaceResult.swift; sourceTree = "<group>"; };
		DD36A7011F6637C900E4789E /* Direction.swift */ = {isa = PBXFileReference; fileEncoding = 4; lastKnownFileType = sourcecode.swift; name = Direction.swift; path = Model/Direction.swift; sourceTree = "<group>"; };
		DD3D9C201F94297100B164D4 /* Reachability.swift */ = {isa = PBXFileReference; fileEncoding = 4; lastKnownFileType = sourcecode.swift; name = Reachability.swift; path = Utilities/Reachability.swift; sourceTree = "<group>"; };
		DD3D9C331F942CF000B164D4 /* CoordinateVisitor.swift */ = {isa = PBXFileReference; lastKnownFileType = sourcecode.swift; name = CoordinateVisitor.swift; path = Utilities/CoordinateVisitor.swift; sourceTree = "<group>"; };
		DD3D9C351F945F2A00B164D4 /* RPCircularProgress.swift */ = {isa = PBXFileReference; lastKnownFileType = sourcecode.swift; name = RPCircularProgress.swift; path = Views/RPCircularProgress.swift; sourceTree = "<group>"; };
		DD5D233B1E6367A100F8DECE /* Time.swift */ = {isa = PBXFileReference; fileEncoding = 4; lastKnownFileType = sourcecode.swift; name = Time.swift; path = Utilities/Time.swift; sourceTree = "<group>"; };
		DD623C8A1E6D0585005ED004 /* SFText-Medium.otf */ = {isa = PBXFileReference; lastKnownFileType = file; name = "SFText-Medium.otf"; path = "Supporting Files/SFText-Medium.otf"; sourceTree = "<group>"; };
		DD623C8B1E6D0585005ED004 /* SFText-Regular.otf */ = {isa = PBXFileReference; lastKnownFileType = file; name = "SFText-Regular.otf"; path = "Supporting Files/SFText-Regular.otf"; sourceTree = "<group>"; };
		DD623C8C1E6D0585005ED004 /* SFText-Semibold.otf */ = {isa = PBXFileReference; lastKnownFileType = file; name = "SFText-Semibold.otf"; path = "Supporting Files/SFText-Semibold.otf"; sourceTree = "<group>"; };
		DD659C8920508E1A00506BAC /* WalkWithDistanceIcon.swift */ = {isa = PBXFileReference; fileEncoding = 4; lastKnownFileType = sourcecode.swift; name = WalkWithDistanceIcon.swift; path = Views/WalkWithDistanceIcon.swift; sourceTree = "<group>"; };
		DD87F2091E878CB5000C244B /* Loader.swift */ = {isa = PBXFileReference; fileEncoding = 4; lastKnownFileType = sourcecode.swift; name = Loader.swift; path = Utilities/Loader.swift; sourceTree = "<group>"; };
		DD99E2F51F6DB06A0073E8F7 /* Constants.swift */ = {isa = PBXFileReference; fileEncoding = 4; lastKnownFileType = sourcecode.swift; name = Constants.swift; path = "Supporting Files/Constants.swift"; sourceTree = "<group>"; };
		DDA134441EC6A8CB00460B18 /* RouteLine.swift */ = {isa = PBXFileReference; fileEncoding = 4; lastKnownFileType = sourcecode.swift; name = RouteLine.swift; path = Views/RouteLine.swift; sourceTree = "<group>"; };
		DDB49C921E8857D000A99C35 /* RouteDetail+ContentViewController.swift */ = {isa = PBXFileReference; fileEncoding = 4; lastKnownFileType = sourcecode.swift; name = "RouteDetail+ContentViewController.swift"; path = "Controllers/RouteDetail+ContentViewController.swift"; sourceTree = "<group>"; };
		DDB49C951E8857E000A99C35 /* LargeDetailTableViewCell.swift */ = {isa = PBXFileReference; fileEncoding = 4; lastKnownFileType = sourcecode.swift; name = LargeDetailTableViewCell.swift; path = Cells/LargeDetailTableViewCell.swift; sourceTree = "<group>"; };
		DDB49C961E8857E000A99C35 /* SmallDetailTableViewCell.swift */ = {isa = PBXFileReference; fileEncoding = 4; lastKnownFileType = sourcecode.swift; name = SmallDetailTableViewCell.swift; path = Cells/SmallDetailTableViewCell.swift; sourceTree = "<group>"; };
		DDB49C971E8857E000A99C35 /* BusStopTableViewCell.swift */ = {isa = PBXFileReference; fileEncoding = 4; lastKnownFileType = sourcecode.swift; name = BusStopTableViewCell.swift; path = Cells/BusStopTableViewCell.swift; sourceTree = "<group>"; };
		DDB49C9B1E8857FC00A99C35 /* BusPath.swift */ = {isa = PBXFileReference; fileEncoding = 4; lastKnownFileType = sourcecode.swift; name = BusPath.swift; path = Model/BusPath.swift; sourceTree = "<group>"; };
		DDB49C9C1E8857FC00A99C35 /* Waypoint.swift */ = {isa = PBXFileReference; fileEncoding = 4; lastKnownFileType = sourcecode.swift; name = Waypoint.swift; path = Model/Waypoint.swift; sourceTree = "<group>"; };
		DDB49CA11E88584B00A99C35 /* DetailIconView.swift */ = {isa = PBXFileReference; fileEncoding = 4; lastKnownFileType = sourcecode.swift; name = DetailIconView.swift; path = Views/DetailIconView.swift; sourceTree = "<group>"; };
		DDBCD5E61E989E5800014641 /* Circle.swift */ = {isa = PBXFileReference; fileEncoding = 4; lastKnownFileType = sourcecode.swift; name = Circle.swift; path = Views/Circle.swift; sourceTree = "<group>"; };
		DDBFEA9E1E787008002BBD96 /* DatePickerView.swift */ = {isa = PBXFileReference; fileEncoding = 4; lastKnownFileType = sourcecode.swift; name = DatePickerView.swift; path = Views/DatePickerView.swift; sourceTree = "<group>"; };
		DDBFEA9F1E787008002BBD96 /* RouteSelectionView.swift */ = {isa = PBXFileReference; fileEncoding = 4; lastKnownFileType = sourcecode.swift; name = RouteSelectionView.swift; path = Views/RouteSelectionView.swift; sourceTree = "<group>"; };
		DDC83CA21E52B09D00D4EDDF /* LocationTableViewCell.swift */ = {isa = PBXFileReference; fileEncoding = 4; lastKnownFileType = sourcecode.swift; name = LocationTableViewCell.swift; path = Cells/LocationTableViewCell.swift; sourceTree = "<group>"; };
		DDC83CA41E52B0D400D4EDDF /* RouteTableViewCell.swift */ = {isa = PBXFileReference; fileEncoding = 4; lastKnownFileType = sourcecode.swift; name = RouteTableViewCell.swift; path = Cells/RouteTableViewCell.swift; sourceTree = "<group>"; };
		DDE0A9301F096A3E005CD01C /* RouteDiagram.swift */ = {isa = PBXFileReference; fileEncoding = 4; lastKnownFileType = sourcecode.swift; name = RouteDiagram.swift; path = Views/RouteDiagram.swift; sourceTree = "<group>"; };
		DDE3BC221F5863D50014D2BB /* Place.swift */ = {isa = PBXFileReference; lastKnownFileType = sourcecode.swift; name = Place.swift; path = Model/Place.swift; sourceTree = "<group>"; };
		E08977D7DB800C37CAF625E1 /* Pods_TCATUITests.framework */ = {isa = PBXFileReference; explicitFileType = wrapper.framework; includeInIndex = 0; path = Pods_TCATUITests.framework; sourceTree = BUILT_PRODUCTS_DIR; };
		E337970C1FC1606D00BCB28F /* InformationViewController.swift */ = {isa = PBXFileReference; lastKnownFileType = sourcecode.swift; name = InformationViewController.swift; path = Controllers/InformationViewController.swift; sourceTree = "<group>"; };
		E34490CC1F8EEFFF0064D284 /* SFText-Bold.otf */ = {isa = PBXFileReference; lastKnownFileType = file; name = "SFText-Bold.otf"; path = "Supporting Files/SFText-Bold.otf"; sourceTree = "<group>"; };
		E69224A160B2B078827D28A1 /* Pods_TCAT.framework */ = {isa = PBXFileReference; explicitFileType = wrapper.framework; includeInIndex = 0; path = Pods_TCAT.framework; sourceTree = BUILT_PRODUCTS_DIR; };
/* End PBXFileReference section */

/* Begin PBXFrameworksBuildPhase section */
		449A7C721D80D0E80019300C /* Frameworks */ = {
			isa = PBXFrameworksBuildPhase;
			buildActionMask = 2147483647;
			files = (
				BF74AC1D1F945D8E00AFD4E4 /* GoogleMapsCore.framework in Frameworks */,
				BF74AC1E1F945D8E00AFD4E4 /* GoogleMaps.framework in Frameworks */,
				BF74AC1A1F945D7D00AFD4E4 /* GoogleMapsBase.framework in Frameworks */,
				9CAD63CB367551D7A8B32C6E /* Pods_TCAT.framework in Frameworks */,
			);
			runOnlyForDeploymentPostprocessing = 0;
		};
		449A7C861D80D0E80019300C /* Frameworks */ = {
			isa = PBXFrameworksBuildPhase;
			buildActionMask = 2147483647;
			files = (
				004B3E1BCB8013F9C1F4C3A7 /* Pods_TCATTests.framework in Frameworks */,
			);
			runOnlyForDeploymentPostprocessing = 0;
		};
		449A7C911D80D0E80019300C /* Frameworks */ = {
			isa = PBXFrameworksBuildPhase;
			buildActionMask = 2147483647;
			files = (
				4036E23543D87A22BF6B0023 /* Pods_TCATUITests.framework in Frameworks */,
			);
			runOnlyForDeploymentPostprocessing = 0;
		};
/* End PBXFrameworksBuildPhase section */

/* Begin PBXGroup section */
		12F774CEB5023E6938BDCF3A /* Frameworks */ = {
			isa = PBXGroup;
			children = (
				BF74AC1C1F945D8E00AFD4E4 /* GoogleMaps.framework */,
				BF74AC1B1F945D8E00AFD4E4 /* GoogleMapsCore.framework */,
				BF74AC191F945D7D00AFD4E4 /* GoogleMapsBase.framework */,
				E69224A160B2B078827D28A1 /* Pods_TCAT.framework */,
				C3AF9B9F85F235C20ED105CF /* Pods_TCATTests.framework */,
				E08977D7DB800C37CAF625E1 /* Pods_TCATUITests.framework */,
			);
			name = Frameworks;
			sourceTree = "<group>";
		};
		1AAFAC3CC8BC75583BBEA10B /* Pods */ = {
			isa = PBXGroup;
			children = (
				0DD68D5FD4D1CFE82BA753E7 /* Pods-TCAT.debug.xcconfig */,
				81725F2EBEBD3D184BFD0635 /* Pods-TCAT.release.xcconfig */,
				8236DFFA6C5F3AB1E6E1B0E4 /* Pods-TCATTests.debug.xcconfig */,
				00AAC04EC20FD099C317E4DF /* Pods-TCATTests.release.xcconfig */,
				0A53C1C936C7282DCAB7292F /* Pods-TCATUITests.debug.xcconfig */,
				97F81CAA39621F2304CFA763 /* Pods-TCATUITests.release.xcconfig */,
			);
			name = Pods;
			sourceTree = "<group>";
		};
		449A7C6C1D80D0E80019300C = {
			isa = PBXGroup;
			children = (
				449A7C771D80D0E80019300C /* TCAT */,
				449A7C8C1D80D0E80019300C /* TCATTests */,
				449A7C971D80D0E80019300C /* TCATUITests */,
				449A7C761D80D0E80019300C /* Products */,
				1AAFAC3CC8BC75583BBEA10B /* Pods */,
				12F774CEB5023E6938BDCF3A /* Frameworks */,
			);
			sourceTree = "<group>";
		};
		449A7C761D80D0E80019300C /* Products */ = {
			isa = PBXGroup;
			children = (
				449A7C751D80D0E80019300C /* TCAT.app */,
				449A7C891D80D0E80019300C /* TCATTests.xctest */,
				449A7C941D80D0E80019300C /* TCATUITests.xctest */,
			);
			name = Products;
			sourceTree = "<group>";
		};
		449A7C771D80D0E80019300C /* TCAT */ = {
			isa = PBXGroup;
			children = (
				449A7C781D80D0E80019300C /* AppDelegate.swift */,
				449A7C7F1D80D0E80019300C /* Assets.xcassets */,
				DD2F988E1E50D8660005F6BC /* Base.lproj */,
				DD2F988F1E50D89C0005F6BC /* Cells */,
				DD47EA501E50D77D009C68EB /* Controllers */,
				DD2F98911E50D8C90005F6BC /* Model */,
				50A19BA81E4BC5BC00AD6768 /* Supporting Files */,
				DD2F98941E50D8DC0005F6BC /* Utilities */,
				DD2F98951E50D8E60005F6BC /* Views */,
			);
			path = TCAT;
			sourceTree = "<group>";
		};
		449A7C8C1D80D0E80019300C /* TCATTests */ = {
			isa = PBXGroup;
			children = (
				449A7C8D1D80D0E80019300C /* TCATTests.swift */,
				449A7C8F1D80D0E80019300C /* Info.plist */,
			);
			path = TCATTests;
			sourceTree = "<group>";
		};
		449A7C971D80D0E80019300C /* TCATUITests */ = {
			isa = PBXGroup;
			children = (
				449A7C981D80D0E80019300C /* TCATUITests.swift */,
				449A7C9A1D80D0E80019300C /* Info.plist */,
			);
			path = TCATUITests;
			sourceTree = "<group>";
		};
		50A19BA81E4BC5BC00AD6768 /* Supporting Files */ = {
			isa = PBXGroup;
			children = (
				DD99E2F51F6DB06A0073E8F7 /* Constants.swift */,
				BFCA712C206AC69000E4CCE5 /* Keys.swift */,
				BF316CB12096428E005A14EF /* GoogleService-Info.plist */,
				449A7C841D80D0E80019300C /* Info.plist */,
				BFCA712A206AC61A00E4CCE5 /* Keys.plist */,
				E34490CC1F8EEFFF0064D284 /* SFText-Bold.otf */,
				DD623C8A1E6D0585005ED004 /* SFText-Medium.otf */,
				DD623C8B1E6D0585005ED004 /* SFText-Regular.otf */,
				DD623C8C1E6D0585005ED004 /* SFText-Semibold.otf */,
			);
			name = "Supporting Files";
			sourceTree = "<group>";
		};
		DD2F988E1E50D8660005F6BC /* Base.lproj */ = {
			isa = PBXGroup;
			children = (
				449A7C811D80D0E80019300C /* LaunchScreen.storyboard */,
				449A7C7C1D80D0E80019300C /* Main.storyboard */,
			);
			name = Base.lproj;
			sourceTree = "<group>";
		};
		DD2F988F1E50D89C0005F6BC /* Cells */ = {
			isa = PBXGroup;
			children = (
				503EC37A1E969ACD00B3D4D4 /* BusStopCell.swift */,
				DDB49C971E8857E000A99C35 /* BusStopTableViewCell.swift */,
				5006F7B71EBFC7DE005ACAF2 /* CornellDestinationCell.swift */,
				DDB49C951E8857E000A99C35 /* LargeDetailTableViewCell.swift */,
				DDC83CA21E52B09D00D4EDDF /* LocationTableViewCell.swift */,
				DDC83CA41E52B0D400D4EDDF /* RouteTableViewCell.swift */,
				503EC37C1E969ADF00B3D4D4 /* SearchResultsCell.swift */,
				DDB49C961E8857E000A99C35 /* SmallDetailTableViewCell.swift */,
			);
			name = Cells;
			sourceTree = "<group>";
		};
		DD2F98911E50D8C90005F6BC /* Model */ = {
			isa = PBXGroup;
			children = (
				BF456E0220489990005C611D /* BusLocation.swift */,
				DDB49C9B1E8857FC00A99C35 /* BusPath.swift */,
				DD36A6FD1F66378B00E4789E /* BusStop.swift */,
				DD36A7011F6637C900E4789E /* Direction.swift */,
				BF73F0F21F60B0BD003B479D /* LocationObject.swift */,
				DDE3BC221F5863D50014D2BB /* Place.swift */,
				DD36A6FE1F66378C00E4789E /* PlaceResult.swift */,
				DD2F989A1E50F99A0005F6BC /* Route.swift */,
				BFD5B4E31FAADFAE00955C37 /* WalkPath.swift */,
				DDB49C9C1E8857FC00A99C35 /* Waypoint.swift */,
			);
			name = Model;
			sourceTree = "<group>";
		};
		DD2F98941E50D8DC0005F6BC /* Utilities */ = {
			isa = PBXGroup;
			children = (
				CC27BD081FF6C91C00DAA7D5 /* Analytics.swift */,
				DD3D9C331F942CF000B164D4 /* CoordinateVisitor.swift */,
				D183AA011E6CB092006A9A15 /* Extensions.swift */,
				DD87F2091E878CB5000C244B /* Loader.swift */,
				503EC38C1E96B85B00B3D4D4 /* Network.swift */,
				BF18AE112083B9B8000C3D82 /* Phrases.swift */,
				DD3D9C201F94297100B164D4 /* Reachability.swift */,
				5006F7B91EC0F59A005ACAF2 /* SearchTableViewHelpers.swift */,
				BF18AE0F2083B7F6000C3D82 /* StoreKitHelper.swift */,
				DD5D233B1E6367A100F8DECE /* Time.swift */,
			);
			name = Utilities;
			sourceTree = "<group>";
		};
		DD2F98951E50D8E60005F6BC /* Views */ = {
			isa = PBXGroup;
			children = (
				DD16B8E41E7046390089B7B2 /* BusIcon.swift */,
				BF1209FA1F7759C200A7C930 /* BusLocationView.swift */,
				DDBCD5E61E989E5800014641 /* Circle.swift */,
				DDBFEA9E1E787008002BBD96 /* DatePickerView.swift */,
				DDB49CA11E88584B00A99C35 /* DetailIconView.swift */,
				DC2E96451FC21B29009955C6 /* HeaderView.swift */,
				BF316CAF2096352B005A14EF /* PhraseLabelFooterView.swift */,
				BF0002211FB37D0A00773109 /* LoadingIndicator.swift */,
				BF5C52A3207B96F0003C93B9 /* LiveIndicator.swift */,
				DDA134441EC6A8CB00460B18 /* RouteLine.swift */,
				DDE0A9301F096A3E005CD01C /* RouteDiagram.swift */,
				DDBFEA9F1E787008002BBD96 /* RouteSelectionView.swift */,
				DD3D9C351F945F2A00B164D4 /* RPCircularProgress.swift */,
				502D8F5E1E55161D005280F1 /* SearchBarView.swift */,
				BFF41EB1204365E800E0696B /* SummaryView.swift */,
				DD659C8920508E1A00506BAC /* WalkWithDistanceIcon.swift */,
			);
			name = Views;
			sourceTree = "<group>";
		};
		DD47EA501E50D77D009C68EB /* Controllers */ = {
			isa = PBXGroup;
			children = (
				DCB7170F1FB76EA600BE4D26 /* AllStopsTableViewController.swift */,
				BF6095261FD7091B0013E538 /* CustomNavigationController.swift */,
				DC2E96431FBF41CB009955C6 /* FavoritesTableViewController.swift */,
				50A19BAD1E4C214000AD6768 /* HomeViewController.swift */,
				E337970C1FC1606D00BCB28F /* InformationViewController.swift */,
				BFB86A06205C614C000794B2 /* OnboardingViewController.swift */,
				BFA53FED1FD45D7000E770DF /* RouteDetailViewController.swift */,
				DDB49C921E8857D000A99C35 /* RouteDetail+ContentViewController.swift */,
				BF5CBAD01FCE6CCE00478C6F /* RouteDetail+DrawerViewController.swift */,
				DD2F98A21E5150990005F6BC /* RouteOptionsViewController.swift */,
				503EC37E1E969B2100B3D4D4 /* SearchResultsTableViewController.swift */,
			);
			name = Controllers;
			sourceTree = "<group>";
		};
/* End PBXGroup section */

/* Begin PBXNativeTarget section */
		449A7C741D80D0E80019300C /* TCAT */ = {
			isa = PBXNativeTarget;
			buildConfigurationList = 449A7C9D1D80D0E80019300C /* Build configuration list for PBXNativeTarget "TCAT" */;
			buildPhases = (
				8F523521CC9B937AEFB99FF9 /* [CP] Check Pods Manifest.lock */,
				449A7C711D80D0E80019300C /* Sources */,
				449A7C721D80D0E80019300C /* Frameworks */,
				449A7C731D80D0E80019300C /* Resources */,
				7C01627F386C89E7F1995831 /* [CP] Embed Pods Frameworks */,
				292FC78093845444B1E8A99C /* [CP] Copy Pods Resources */,
				E3FCA3C71FAA5AFB0069BD0F /* ShellScript */,
			);
			buildRules = (
			);
			dependencies = (
			);
			name = TCAT;
			productName = TCAT;
			productReference = 449A7C751D80D0E80019300C /* TCAT.app */;
			productType = "com.apple.product-type.application";
		};
		449A7C881D80D0E80019300C /* TCATTests */ = {
			isa = PBXNativeTarget;
			buildConfigurationList = 449A7CA01D80D0E80019300C /* Build configuration list for PBXNativeTarget "TCATTests" */;
			buildPhases = (
				0DD807D4971138217FA4C33E /* [CP] Check Pods Manifest.lock */,
				449A7C851D80D0E80019300C /* Sources */,
				449A7C861D80D0E80019300C /* Frameworks */,
				449A7C871D80D0E80019300C /* Resources */,
				C2CF2DD167AF2DF4E89FC4E1 /* [CP] Embed Pods Frameworks */,
				471BE4C567ADA403A39DCA4B /* [CP] Copy Pods Resources */,
			);
			buildRules = (
			);
			dependencies = (
				449A7C8B1D80D0E80019300C /* PBXTargetDependency */,
			);
			name = TCATTests;
			productName = TCATTests;
			productReference = 449A7C891D80D0E80019300C /* TCATTests.xctest */;
			productType = "com.apple.product-type.bundle.unit-test";
		};
		449A7C931D80D0E80019300C /* TCATUITests */ = {
			isa = PBXNativeTarget;
			buildConfigurationList = 449A7CA31D80D0E80019300C /* Build configuration list for PBXNativeTarget "TCATUITests" */;
			buildPhases = (
				2E3D0C0A5BDEC0DF37BFA6ED /* [CP] Check Pods Manifest.lock */,
				449A7C901D80D0E80019300C /* Sources */,
				449A7C911D80D0E80019300C /* Frameworks */,
				449A7C921D80D0E80019300C /* Resources */,
				43F72825CF93E880E7B1217D /* [CP] Embed Pods Frameworks */,
				749B028EA3DE7EB5B13F1324 /* [CP] Copy Pods Resources */,
			);
			buildRules = (
			);
			dependencies = (
				449A7C961D80D0E80019300C /* PBXTargetDependency */,
			);
			name = TCATUITests;
			productName = TCATUITests;
			productReference = 449A7C941D80D0E80019300C /* TCATUITests.xctest */;
			productType = "com.apple.product-type.bundle.ui-testing";
		};
/* End PBXNativeTarget section */

/* Begin PBXProject section */
		449A7C6D1D80D0E80019300C /* Project object */ = {
			isa = PBXProject;
			attributes = {
				LastSwiftUpdateCheck = 0730;
				LastUpgradeCheck = 0930;
				ORGANIZATIONNAME = cuappdev;
				TargetAttributes = {
					449A7C741D80D0E80019300C = {
						CreatedOnToolsVersion = 7.3.1;
						DevelopmentTeam = ZGMCXU7X3U;
						LastSwiftMigration = 0910;
						ProvisioningStyle = Automatic;
						SystemCapabilities = {
							com.apple.BackgroundModes = {
								enabled = 1;
							};
						};
					};
					449A7C881D80D0E80019300C = {
						CreatedOnToolsVersion = 7.3.1;
						LastSwiftMigration = 0920;
						TestTargetID = 449A7C741D80D0E80019300C;
					};
					449A7C931D80D0E80019300C = {
						CreatedOnToolsVersion = 7.3.1;
						LastSwiftMigration = 0920;
						TestTargetID = 449A7C741D80D0E80019300C;
					};
				};
			};
			buildConfigurationList = 449A7C701D80D0E80019300C /* Build configuration list for PBXProject "TCAT" */;
			compatibilityVersion = "Xcode 3.2";
			developmentRegion = English;
			hasScannedForEncodings = 0;
			knownRegions = (
				en,
				Base,
			);
			mainGroup = 449A7C6C1D80D0E80019300C;
			productRefGroup = 449A7C761D80D0E80019300C /* Products */;
			projectDirPath = "";
			projectRoot = "";
			targets = (
				449A7C741D80D0E80019300C /* TCAT */,
				449A7C881D80D0E80019300C /* TCATTests */,
				449A7C931D80D0E80019300C /* TCATUITests */,
			);
		};
/* End PBXProject section */

/* Begin PBXResourcesBuildPhase section */
		449A7C731D80D0E80019300C /* Resources */ = {
			isa = PBXResourcesBuildPhase;
			buildActionMask = 2147483647;
			files = (
				E34490CD1F8EF00A0064D284 /* SFText-Bold.otf in Resources */,
				DD623C8E1E6D0585005ED004 /* SFText-Regular.otf in Resources */,
				BF316CB22096428E005A14EF /* GoogleService-Info.plist in Resources */,
				449A7C831D80D0E80019300C /* LaunchScreen.storyboard in Resources */,
				DD623C8F1E6D0585005ED004 /* SFText-Semibold.otf in Resources */,
				DD623C8D1E6D0585005ED004 /* SFText-Medium.otf in Resources */,
				BFCA712B206AC61A00E4CCE5 /* Keys.plist in Resources */,
				449A7C801D80D0E80019300C /* Assets.xcassets in Resources */,
				449A7C7E1D80D0E80019300C /* Main.storyboard in Resources */,
			);
			runOnlyForDeploymentPostprocessing = 0;
		};
		449A7C871D80D0E80019300C /* Resources */ = {
			isa = PBXResourcesBuildPhase;
			buildActionMask = 2147483647;
			files = (
			);
			runOnlyForDeploymentPostprocessing = 0;
		};
		449A7C921D80D0E80019300C /* Resources */ = {
			isa = PBXResourcesBuildPhase;
			buildActionMask = 2147483647;
			files = (
			);
			runOnlyForDeploymentPostprocessing = 0;
		};
/* End PBXResourcesBuildPhase section */

/* Begin PBXShellScriptBuildPhase section */
		0DD807D4971138217FA4C33E /* [CP] Check Pods Manifest.lock */ = {
			isa = PBXShellScriptBuildPhase;
			buildActionMask = 2147483647;
			files = (
			);
			inputPaths = (
				"${PODS_PODFILE_DIR_PATH}/Podfile.lock",
				"${PODS_ROOT}/Manifest.lock",
			);
			name = "[CP] Check Pods Manifest.lock";
			outputPaths = (
				"$(DERIVED_FILE_DIR)/Pods-TCATTests-checkManifestLockResult.txt",
			);
			runOnlyForDeploymentPostprocessing = 0;
			shellPath = /bin/sh;
			shellScript = "diff \"${PODS_PODFILE_DIR_PATH}/Podfile.lock\" \"${PODS_ROOT}/Manifest.lock\" > /dev/null\nif [ $? != 0 ] ; then\n    # print error to STDERR\n    echo \"error: The sandbox is not in sync with the Podfile.lock. Run 'pod install' or update your CocoaPods installation.\" >&2\n    exit 1\nfi\n# This output is used by Xcode 'outputs' to avoid re-running this script phase.\necho \"SUCCESS\" > \"${SCRIPT_OUTPUT_FILE_0}\"\n";
			showEnvVarsInLog = 0;
		};
		292FC78093845444B1E8A99C /* [CP] Copy Pods Resources */ = {
			isa = PBXShellScriptBuildPhase;
			buildActionMask = 2147483647;
			files = (
			);
			inputPaths = (
				"${SRCROOT}/Pods/Target Support Files/Pods-TCAT/Pods-TCAT-resources.sh",
				"${PODS_ROOT}/GoogleMaps/Maps/Frameworks/GoogleMaps.framework/Resources/GoogleMaps.bundle",
				"${PODS_ROOT}/GooglePlaces/Frameworks/GooglePlaces.framework/Resources/GooglePlaces.bundle",
			);
			name = "[CP] Copy Pods Resources";
			outputPaths = (
				"${TARGET_BUILD_DIR}/${UNLOCALIZED_RESOURCES_FOLDER_PATH}/GoogleMaps.bundle",
				"${TARGET_BUILD_DIR}/${UNLOCALIZED_RESOURCES_FOLDER_PATH}/GooglePlaces.bundle",
			);
			runOnlyForDeploymentPostprocessing = 0;
			shellPath = /bin/sh;
			shellScript = "\"${SRCROOT}/Pods/Target Support Files/Pods-TCAT/Pods-TCAT-resources.sh\"\n";
			showEnvVarsInLog = 0;
		};
		2E3D0C0A5BDEC0DF37BFA6ED /* [CP] Check Pods Manifest.lock */ = {
			isa = PBXShellScriptBuildPhase;
			buildActionMask = 2147483647;
			files = (
			);
			inputPaths = (
				"${PODS_PODFILE_DIR_PATH}/Podfile.lock",
				"${PODS_ROOT}/Manifest.lock",
			);
			name = "[CP] Check Pods Manifest.lock";
			outputPaths = (
				"$(DERIVED_FILE_DIR)/Pods-TCATUITests-checkManifestLockResult.txt",
			);
			runOnlyForDeploymentPostprocessing = 0;
			shellPath = /bin/sh;
			shellScript = "diff \"${PODS_PODFILE_DIR_PATH}/Podfile.lock\" \"${PODS_ROOT}/Manifest.lock\" > /dev/null\nif [ $? != 0 ] ; then\n    # print error to STDERR\n    echo \"error: The sandbox is not in sync with the Podfile.lock. Run 'pod install' or update your CocoaPods installation.\" >&2\n    exit 1\nfi\n# This output is used by Xcode 'outputs' to avoid re-running this script phase.\necho \"SUCCESS\" > \"${SCRIPT_OUTPUT_FILE_0}\"\n";
			showEnvVarsInLog = 0;
		};
		43F72825CF93E880E7B1217D /* [CP] Embed Pods Frameworks */ = {
			isa = PBXShellScriptBuildPhase;
			buildActionMask = 2147483647;
			files = (
			);
			inputPaths = (
			);
			name = "[CP] Embed Pods Frameworks";
			outputPaths = (
			);
			runOnlyForDeploymentPostprocessing = 0;
			shellPath = /bin/sh;
			shellScript = "\"${SRCROOT}/Pods/Target Support Files/Pods-TCATUITests/Pods-TCATUITests-frameworks.sh\"\n";
			showEnvVarsInLog = 0;
		};
		471BE4C567ADA403A39DCA4B /* [CP] Copy Pods Resources */ = {
			isa = PBXShellScriptBuildPhase;
			buildActionMask = 2147483647;
			files = (
			);
			inputPaths = (
			);
			name = "[CP] Copy Pods Resources";
			outputPaths = (
			);
			runOnlyForDeploymentPostprocessing = 0;
			shellPath = /bin/sh;
			shellScript = "\"${SRCROOT}/Pods/Target Support Files/Pods-TCATTests/Pods-TCATTests-resources.sh\"\n";
			showEnvVarsInLog = 0;
		};
		749B028EA3DE7EB5B13F1324 /* [CP] Copy Pods Resources */ = {
			isa = PBXShellScriptBuildPhase;
			buildActionMask = 2147483647;
			files = (
			);
			inputPaths = (
			);
			name = "[CP] Copy Pods Resources";
			outputPaths = (
			);
			runOnlyForDeploymentPostprocessing = 0;
			shellPath = /bin/sh;
			shellScript = "\"${SRCROOT}/Pods/Target Support Files/Pods-TCATUITests/Pods-TCATUITests-resources.sh\"\n";
			showEnvVarsInLog = 0;
		};
		7C01627F386C89E7F1995831 /* [CP] Embed Pods Frameworks */ = {
			isa = PBXShellScriptBuildPhase;
			buildActionMask = 2147483647;
			files = (
			);
			inputPaths = (
				"${SRCROOT}/Pods/Target Support Files/Pods-TCAT/Pods-TCAT-frameworks.sh",
				"${BUILT_PRODUCTS_DIR}/Alamofire/Alamofire.framework",
				"${BUILT_PRODUCTS_DIR}/DZNEmptyDataSet/DZNEmptyDataSet.framework",
				"${BUILT_PRODUCTS_DIR}/Fuzzywuzzy_swift/Fuzzywuzzy_swift.framework",
				"${BUILT_PRODUCTS_DIR}/GoogleToolboxForMac/GoogleToolboxForMac.framework",
				"${BUILT_PRODUCTS_DIR}/Log/Log.framework",
				"${BUILT_PRODUCTS_DIR}/MarqueeLabel/MarqueeLabel.framework",
				"${BUILT_PRODUCTS_DIR}/NotificationBannerSwift/NotificationBannerSwift.framework",
				"${BUILT_PRODUCTS_DIR}/Pages/Pages.framework",
				"${BUILT_PRODUCTS_DIR}/Presentation/Presentation.framework",
				"${BUILT_PRODUCTS_DIR}/PromiseKit/PromiseKit.framework",
				"${BUILT_PRODUCTS_DIR}/Pulley/Pulley.framework",
				"${BUILT_PRODUCTS_DIR}/Realm/Realm.framework",
				"${BUILT_PRODUCTS_DIR}/RealmSwift/RealmSwift.framework",
				"${BUILT_PRODUCTS_DIR}/SnapKit/SnapKit.framework",
				"${BUILT_PRODUCTS_DIR}/SwiftRegister/SwiftRegister.framework",
				"${BUILT_PRODUCTS_DIR}/SwiftyJSON/SwiftyJSON.framework",
				"${BUILT_PRODUCTS_DIR}/TRON/TRON.framework",
				"${BUILT_PRODUCTS_DIR}/nanopb/nanopb.framework",
			);
			name = "[CP] Embed Pods Frameworks";
			outputPaths = (
				"${TARGET_BUILD_DIR}/${FRAMEWORKS_FOLDER_PATH}/Alamofire.framework",
				"${TARGET_BUILD_DIR}/${FRAMEWORKS_FOLDER_PATH}/DZNEmptyDataSet.framework",
				"${TARGET_BUILD_DIR}/${FRAMEWORKS_FOLDER_PATH}/Fuzzywuzzy_swift.framework",
				"${TARGET_BUILD_DIR}/${FRAMEWORKS_FOLDER_PATH}/GoogleToolboxForMac.framework",
				"${TARGET_BUILD_DIR}/${FRAMEWORKS_FOLDER_PATH}/Log.framework",
				"${TARGET_BUILD_DIR}/${FRAMEWORKS_FOLDER_PATH}/MarqueeLabel.framework",
				"${TARGET_BUILD_DIR}/${FRAMEWORKS_FOLDER_PATH}/NotificationBannerSwift.framework",
				"${TARGET_BUILD_DIR}/${FRAMEWORKS_FOLDER_PATH}/Pages.framework",
				"${TARGET_BUILD_DIR}/${FRAMEWORKS_FOLDER_PATH}/Presentation.framework",
				"${TARGET_BUILD_DIR}/${FRAMEWORKS_FOLDER_PATH}/PromiseKit.framework",
				"${TARGET_BUILD_DIR}/${FRAMEWORKS_FOLDER_PATH}/Pulley.framework",
				"${TARGET_BUILD_DIR}/${FRAMEWORKS_FOLDER_PATH}/Realm.framework",
				"${TARGET_BUILD_DIR}/${FRAMEWORKS_FOLDER_PATH}/RealmSwift.framework",
				"${TARGET_BUILD_DIR}/${FRAMEWORKS_FOLDER_PATH}/SnapKit.framework",
				"${TARGET_BUILD_DIR}/${FRAMEWORKS_FOLDER_PATH}/SwiftRegister.framework",
				"${TARGET_BUILD_DIR}/${FRAMEWORKS_FOLDER_PATH}/SwiftyJSON.framework",
				"${TARGET_BUILD_DIR}/${FRAMEWORKS_FOLDER_PATH}/TRON.framework",
				"${TARGET_BUILD_DIR}/${FRAMEWORKS_FOLDER_PATH}/nanopb.framework",
			);
			runOnlyForDeploymentPostprocessing = 0;
			shellPath = /bin/sh;
			shellScript = "\"${SRCROOT}/Pods/Target Support Files/Pods-TCAT/Pods-TCAT-frameworks.sh\"\n";
			showEnvVarsInLog = 0;
		};
		8F523521CC9B937AEFB99FF9 /* [CP] Check Pods Manifest.lock */ = {
			isa = PBXShellScriptBuildPhase;
			buildActionMask = 2147483647;
			files = (
			);
			inputPaths = (
				"${PODS_PODFILE_DIR_PATH}/Podfile.lock",
				"${PODS_ROOT}/Manifest.lock",
			);
			name = "[CP] Check Pods Manifest.lock";
			outputPaths = (
				"$(DERIVED_FILE_DIR)/Pods-TCAT-checkManifestLockResult.txt",
			);
			runOnlyForDeploymentPostprocessing = 0;
			shellPath = /bin/sh;
			shellScript = "diff \"${PODS_PODFILE_DIR_PATH}/Podfile.lock\" \"${PODS_ROOT}/Manifest.lock\" > /dev/null\nif [ $? != 0 ] ; then\n    # print error to STDERR\n    echo \"error: The sandbox is not in sync with the Podfile.lock. Run 'pod install' or update your CocoaPods installation.\" >&2\n    exit 1\nfi\n# This output is used by Xcode 'outputs' to avoid re-running this script phase.\necho \"SUCCESS\" > \"${SCRIPT_OUTPUT_FILE_0}\"\n";
			showEnvVarsInLog = 0;
		};
		C2CF2DD167AF2DF4E89FC4E1 /* [CP] Embed Pods Frameworks */ = {
			isa = PBXShellScriptBuildPhase;
			buildActionMask = 2147483647;
			files = (
			);
			inputPaths = (
			);
			name = "[CP] Embed Pods Frameworks";
			outputPaths = (
			);
			runOnlyForDeploymentPostprocessing = 0;
			shellPath = /bin/sh;
			shellScript = "\"${SRCROOT}/Pods/Target Support Files/Pods-TCATTests/Pods-TCATTests-frameworks.sh\"\n";
			showEnvVarsInLog = 0;
		};
		E3FCA3C71FAA5AFB0069BD0F /* ShellScript */ = {
			isa = PBXShellScriptBuildPhase;
			buildActionMask = 12;
			files = (
			);
			inputPaths = (
			);
			outputPaths = (
			);
			runOnlyForDeploymentPostprocessing = 0;
			shellPath = /bin/sh;
			shellScript = "\"${SRCROOT}/Build-Phases/fabric-config.sh\"\n\n# \"${PODS_ROOT}/Fabric/run\" 50d77fbd594f6229f8bb9a3669ce18dce7dac38e c4401a88c4c1a9d9049b2fc4510d82cfcc45b7542af66ae6cab99ed52d13d5a6\n\n";
		};
/* End PBXShellScriptBuildPhase section */

/* Begin PBXSourcesBuildPhase section */
		449A7C711D80D0E80019300C /* Sources */ = {
			isa = PBXSourcesBuildPhase;
			buildActionMask = 2147483647;
			files = (
				503EC37D1E969ADF00B3D4D4 /* SearchResultsCell.swift in Sources */,
				DDBCD5E71E989E5800014641 /* Circle.swift in Sources */,
				502D8F5F1E55161D005280F1 /* SearchBarView.swift in Sources */,
				5006F7BA1EC0F59A005ACAF2 /* SearchTableViewHelpers.swift in Sources */,
				BFCA712D206AC69000E4CCE5 /* Keys.swift in Sources */,
				5006F7B81EBFC7DE005ACAF2 /* CornellDestinationCell.swift in Sources */,
				503EC38D1E96B85B00B3D4D4 /* Network.swift in Sources */,
				DDB49C9D1E8857FC00A99C35 /* BusPath.swift in Sources */,
				DD659C8A20508E1B00506BAC /* WalkWithDistanceIcon.swift in Sources */,
				DD36A7001F66378C00E4789E /* PlaceResult.swift in Sources */,
				BF73F0F31F60B0BD003B479D /* LocationObject.swift in Sources */,
				BFF41EB2204365E800E0696B /* SummaryView.swift in Sources */,
				DDB49CA21E88584B00A99C35 /* DetailIconView.swift in Sources */,
				BF0002221FB37D0A00773109 /* LoadingIndicator.swift in Sources */,
				DDA134451EC6A8CB00460B18 /* RouteLine.swift in Sources */,
				BFA53FEE1FD45D7000E770DF /* RouteDetailViewController.swift in Sources */,
				DD16B8E71E7046390089B7B2 /* BusIcon.swift in Sources */,
				E337970D1FC1606D00BCB28F /* InformationViewController.swift in Sources */,
				503EC37B1E969ACD00B3D4D4 /* BusStopCell.swift in Sources */,
				BF18AE122083B9B8000C3D82 /* Phrases.swift in Sources */,
				DDB49C9A1E8857E000A99C35 /* BusStopTableViewCell.swift in Sources */,
				DC2E96461FC21B29009955C6 /* HeaderView.swift in Sources */,
				DD2F989B1E50F99A0005F6BC /* Route.swift in Sources */,
				DD87F20A1E878CB5000C244B /* Loader.swift in Sources */,
				DD3D9C341F942CF000B164D4 /* CoordinateVisitor.swift in Sources */,
				DD3D9C211F94297100B164D4 /* Reachability.swift in Sources */,
				DDBFEAA11E787008002BBD96 /* RouteSelectionView.swift in Sources */,
				DD99E2F61F6DB06A0073E8F7 /* Constants.swift in Sources */,
				DC2E96441FBF41CB009955C6 /* FavoritesTableViewController.swift in Sources */,
				D183AA021E6CB092006A9A15 /* Extensions.swift in Sources */,
				503EC37F1E969B2100B3D4D4 /* SearchResultsTableViewController.swift in Sources */,
				DDC83CA31E52B09D00D4EDDF /* LocationTableViewCell.swift in Sources */,
				DDE3BC231F5863D50014D2BB /* Place.swift in Sources */,
				BF6095271FD7091B0013E538 /* CustomNavigationController.swift in Sources */,
				BF5CBAD11FCE6CCE00478C6F /* RouteDetail+DrawerViewController.swift in Sources */,
				DDB49C991E8857E000A99C35 /* SmallDetailTableViewCell.swift in Sources */,
				BF5C52A4207B96F0003C93B9 /* LiveIndicator.swift in Sources */,
				DDBFEAA01E787008002BBD96 /* DatePickerView.swift in Sources */,
				DD36A6FF1F66378C00E4789E /* BusStop.swift in Sources */,
				DDC83CA51E52B0D400D4EDDF /* RouteTableViewCell.swift in Sources */,
				DD5D233C1E6367A100F8DECE /* Time.swift in Sources */,
				DDE0A9311F096A3E005CD01C /* RouteDiagram.swift in Sources */,
				DCB717101FB76EA600BE4D26 /* AllStopsTableViewController.swift in Sources */,
				449A7C791D80D0E80019300C /* AppDelegate.swift in Sources */,
				DDB49C981E8857E000A99C35 /* LargeDetailTableViewCell.swift in Sources */,
				BF316CB02096352B005A14EF /* PhraseLabelFooterView.swift in Sources */,
				BF18AE102083B7F6000C3D82 /* StoreKitHelper.swift in Sources */,
				DDB49C9E1E8857FC00A99C35 /* Waypoint.swift in Sources */,
				BFB86A07205C614C000794B2 /* OnboardingViewController.swift in Sources */,
				50A19BAE1E4C214000AD6768 /* HomeViewController.swift in Sources */,
				BF456E0320489990005C611D /* BusLocation.swift in Sources */,
				CC27BD091FF6C91C00DAA7D5 /* Analytics.swift in Sources */,
				DD36A7021F6637CA00E4789E /* Direction.swift in Sources */,
				DDB49C941E8857D000A99C35 /* RouteDetail+ContentViewController.swift in Sources */,
				BFD5B4E41FAADFAE00955C37 /* WalkPath.swift in Sources */,
				BF1209FB1F7759C200A7C930 /* BusLocationView.swift in Sources */,
				DD3D9C361F945F2A00B164D4 /* RPCircularProgress.swift in Sources */,
				DD2F98A31E5150990005F6BC /* RouteOptionsViewController.swift in Sources */,
			);
			runOnlyForDeploymentPostprocessing = 0;
		};
		449A7C851D80D0E80019300C /* Sources */ = {
			isa = PBXSourcesBuildPhase;
			buildActionMask = 2147483647;
			files = (
				449A7C8E1D80D0E80019300C /* TCATTests.swift in Sources */,
			);
			runOnlyForDeploymentPostprocessing = 0;
		};
		449A7C901D80D0E80019300C /* Sources */ = {
			isa = PBXSourcesBuildPhase;
			buildActionMask = 2147483647;
			files = (
				449A7C991D80D0E80019300C /* TCATUITests.swift in Sources */,
			);
			runOnlyForDeploymentPostprocessing = 0;
		};
/* End PBXSourcesBuildPhase section */

/* Begin PBXTargetDependency section */
		449A7C8B1D80D0E80019300C /* PBXTargetDependency */ = {
			isa = PBXTargetDependency;
			target = 449A7C741D80D0E80019300C /* TCAT */;
			targetProxy = 449A7C8A1D80D0E80019300C /* PBXContainerItemProxy */;
		};
		449A7C961D80D0E80019300C /* PBXTargetDependency */ = {
			isa = PBXTargetDependency;
			target = 449A7C741D80D0E80019300C /* TCAT */;
			targetProxy = 449A7C951D80D0E80019300C /* PBXContainerItemProxy */;
		};
/* End PBXTargetDependency section */

/* Begin PBXVariantGroup section */
		449A7C7C1D80D0E80019300C /* Main.storyboard */ = {
			isa = PBXVariantGroup;
			children = (
				449A7C7D1D80D0E80019300C /* Base */,
			);
			name = Main.storyboard;
			sourceTree = "<group>";
		};
		449A7C811D80D0E80019300C /* LaunchScreen.storyboard */ = {
			isa = PBXVariantGroup;
			children = (
				449A7C821D80D0E80019300C /* Base */,
			);
			name = LaunchScreen.storyboard;
			sourceTree = "<group>";
		};
/* End PBXVariantGroup section */

/* Begin XCBuildConfiguration section */
		449A7C9B1D80D0E80019300C /* Debug */ = {
			isa = XCBuildConfiguration;
			buildSettings = {
				ALWAYS_SEARCH_USER_PATHS = NO;
				CLANG_ANALYZER_NONNULL = YES;
				CLANG_CXX_LANGUAGE_STANDARD = "gnu++0x";
				CLANG_CXX_LIBRARY = "libc++";
				CLANG_ENABLE_MODULES = YES;
				CLANG_ENABLE_OBJC_ARC = YES;
				CLANG_WARN_BLOCK_CAPTURE_AUTORELEASING = YES;
				CLANG_WARN_BOOL_CONVERSION = YES;
				CLANG_WARN_COMMA = YES;
				CLANG_WARN_CONSTANT_CONVERSION = YES;
				CLANG_WARN_DEPRECATED_OBJC_IMPLEMENTATIONS = YES;
				CLANG_WARN_DIRECT_OBJC_ISA_USAGE = YES_ERROR;
				CLANG_WARN_EMPTY_BODY = YES;
				CLANG_WARN_ENUM_CONVERSION = YES;
				CLANG_WARN_INFINITE_RECURSION = YES;
				CLANG_WARN_INT_CONVERSION = YES;
				CLANG_WARN_NON_LITERAL_NULL_CONVERSION = YES;
				CLANG_WARN_OBJC_IMPLICIT_RETAIN_SELF = YES;
				CLANG_WARN_OBJC_LITERAL_CONVERSION = YES;
				CLANG_WARN_OBJC_ROOT_CLASS = YES_ERROR;
				CLANG_WARN_RANGE_LOOP_ANALYSIS = YES;
				CLANG_WARN_STRICT_PROTOTYPES = YES;
				CLANG_WARN_SUSPICIOUS_MOVE = YES;
				CLANG_WARN_UNREACHABLE_CODE = YES;
				CLANG_WARN__DUPLICATE_METHOD_MATCH = YES;
				"CODE_SIGN_IDENTITY[sdk=iphoneos*]" = "iPhone Developer";
				COPY_PHASE_STRIP = NO;
				CURRENT_PROJECT_VERSION = 47;
				DEBUG_INFORMATION_FORMAT = "dwarf-with-dsym";
				ENABLE_STRICT_OBJC_MSGSEND = YES;
				ENABLE_TESTABILITY = YES;
				GCC_C_LANGUAGE_STANDARD = gnu99;
				GCC_DYNAMIC_NO_PIC = NO;
				GCC_NO_COMMON_BLOCKS = YES;
				GCC_OPTIMIZATION_LEVEL = 0;
				GCC_PREPROCESSOR_DEFINITIONS = (
					"DEBUG=1",
					"$(inherited)",
				);
				GCC_WARN_64_TO_32_BIT_CONVERSION = YES;
				GCC_WARN_ABOUT_RETURN_TYPE = YES_ERROR;
				GCC_WARN_UNDECLARED_SELECTOR = YES;
				GCC_WARN_UNINITIALIZED_AUTOS = YES_AGGRESSIVE;
				GCC_WARN_UNUSED_FUNCTION = YES;
				GCC_WARN_UNUSED_VARIABLE = YES;
				IPHONEOS_DEPLOYMENT_TARGET = 9.3;
				MTL_ENABLE_DEBUG_INFO = YES;
				ONLY_ACTIVE_ARCH = YES;
				SDKROOT = iphoneos;
				SWIFT_OPTIMIZATION_LEVEL = "-Onone";
				SWIFT_VERSION = 4.0;
				TARGETED_DEVICE_FAMILY = "1,2";
			};
			name = Debug;
		};
		449A7C9C1D80D0E80019300C /* Release */ = {
			isa = XCBuildConfiguration;
			buildSettings = {
				ALWAYS_SEARCH_USER_PATHS = NO;
				CLANG_ANALYZER_NONNULL = YES;
				CLANG_CXX_LANGUAGE_STANDARD = "gnu++0x";
				CLANG_CXX_LIBRARY = "libc++";
				CLANG_ENABLE_MODULES = YES;
				CLANG_ENABLE_OBJC_ARC = YES;
				CLANG_WARN_BLOCK_CAPTURE_AUTORELEASING = YES;
				CLANG_WARN_BOOL_CONVERSION = YES;
				CLANG_WARN_COMMA = YES;
				CLANG_WARN_CONSTANT_CONVERSION = YES;
				CLANG_WARN_DEPRECATED_OBJC_IMPLEMENTATIONS = YES;
				CLANG_WARN_DIRECT_OBJC_ISA_USAGE = YES_ERROR;
				CLANG_WARN_EMPTY_BODY = YES;
				CLANG_WARN_ENUM_CONVERSION = YES;
				CLANG_WARN_INFINITE_RECURSION = YES;
				CLANG_WARN_INT_CONVERSION = YES;
				CLANG_WARN_NON_LITERAL_NULL_CONVERSION = YES;
				CLANG_WARN_OBJC_IMPLICIT_RETAIN_SELF = YES;
				CLANG_WARN_OBJC_LITERAL_CONVERSION = YES;
				CLANG_WARN_OBJC_ROOT_CLASS = YES_ERROR;
				CLANG_WARN_RANGE_LOOP_ANALYSIS = YES;
				CLANG_WARN_STRICT_PROTOTYPES = YES;
				CLANG_WARN_SUSPICIOUS_MOVE = YES;
				CLANG_WARN_UNREACHABLE_CODE = YES;
				CLANG_WARN__DUPLICATE_METHOD_MATCH = YES;
				"CODE_SIGN_IDENTITY[sdk=iphoneos*]" = "iPhone Developer";
				COPY_PHASE_STRIP = NO;
				CURRENT_PROJECT_VERSION = 47;
				DEBUG_INFORMATION_FORMAT = "dwarf-with-dsym";
				ENABLE_NS_ASSERTIONS = NO;
				ENABLE_STRICT_OBJC_MSGSEND = YES;
				GCC_C_LANGUAGE_STANDARD = gnu99;
				GCC_NO_COMMON_BLOCKS = YES;
				GCC_WARN_64_TO_32_BIT_CONVERSION = YES;
				GCC_WARN_ABOUT_RETURN_TYPE = YES_ERROR;
				GCC_WARN_UNDECLARED_SELECTOR = YES;
				GCC_WARN_UNINITIALIZED_AUTOS = YES_AGGRESSIVE;
				GCC_WARN_UNUSED_FUNCTION = YES;
				GCC_WARN_UNUSED_VARIABLE = YES;
				IPHONEOS_DEPLOYMENT_TARGET = 9.3;
				MTL_ENABLE_DEBUG_INFO = NO;
				SDKROOT = iphoneos;
				SWIFT_OPTIMIZATION_LEVEL = "-Owholemodule";
				SWIFT_VERSION = 4.0;
				TARGETED_DEVICE_FAMILY = "1,2";
				VALIDATE_PRODUCT = YES;
			};
			name = Release;
		};
		449A7C9E1D80D0E80019300C /* Debug */ = {
			isa = XCBuildConfiguration;
			baseConfigurationReference = 0DD68D5FD4D1CFE82BA753E7 /* Pods-TCAT.debug.xcconfig */;
			buildSettings = {
				ALWAYS_EMBED_SWIFT_STANDARD_LIBRARIES = YES;
				ASSETCATALOG_COMPILER_APPICON_NAME = AppIcon;
				"CODE_SIGN_IDENTITY[sdk=iphoneos*]" = "iPhone Developer";
				CODE_SIGN_STYLE = Automatic;
				CURRENT_PROJECT_VERSION = 47;
				DEVELOPMENT_TEAM = ZGMCXU7X3U;
				EMBED_ASSET_PACKS_IN_PRODUCT_BUNDLE = YES;
				FRAMEWORK_SEARCH_PATHS = (
					"$(inherited)",
					"$(PROJECT_DIR)/Pods/GoogleMaps/Base/Frameworks",
					"$(PROJECT_DIR)/Pods/GoogleMaps/Maps/Frameworks",
				);
				INFOPLIST_FILE = "TCAT/Supporting Files/Info.plist";
				IPHONEOS_DEPLOYMENT_TARGET = 10.0;
				LD_RUNPATH_SEARCH_PATHS = "$(inherited) @executable_path/Frameworks";
				OTHER_SWIFT_FLAGS = "$(inherited) \"-D\" \"COCOAPODS\" -DDEBUG";
				"OTHER_SWIFT_FLAGS[arch=*]" = "$(inherited) \"-D\" \"COCOAPODS\"";
				PRODUCT_BUNDLE_IDENTIFIER = com.cornellappdev.tcat;
				PRODUCT_NAME = "$(TARGET_NAME)";
				PROVISIONING_PROFILE_SPECIFIER = "";
				SWIFT_SWIFT3_OBJC_INFERENCE = Default;
				TARGETED_DEVICE_FAMILY = 1;
				VERSIONING_SYSTEM = "apple-generic";
			};
			name = Debug;
		};
		449A7C9F1D80D0E80019300C /* Release */ = {
			isa = XCBuildConfiguration;
			baseConfigurationReference = 81725F2EBEBD3D184BFD0635 /* Pods-TCAT.release.xcconfig */;
			buildSettings = {
				ALWAYS_EMBED_SWIFT_STANDARD_LIBRARIES = YES;
				ASSETCATALOG_COMPILER_APPICON_NAME = AppIcon;
				"CODE_SIGN_IDENTITY[sdk=iphoneos*]" = "iPhone Developer";
				CODE_SIGN_STYLE = Automatic;
				CURRENT_PROJECT_VERSION = 47;
				DEVELOPMENT_TEAM = ZGMCXU7X3U;
				EMBED_ASSET_PACKS_IN_PRODUCT_BUNDLE = YES;
				FRAMEWORK_SEARCH_PATHS = (
					"$(inherited)",
					"$(PROJECT_DIR)/Pods/GoogleMaps/Base/Frameworks",
					"$(PROJECT_DIR)/Pods/GoogleMaps/Maps/Frameworks",
				);
				INFOPLIST_FILE = "TCAT/Supporting Files/Info.plist";
				IPHONEOS_DEPLOYMENT_TARGET = 10.0;
				LD_RUNPATH_SEARCH_PATHS = "$(inherited) @executable_path/Frameworks";
				PRODUCT_BUNDLE_IDENTIFIER = com.cornellappdev.tcat;
				PRODUCT_NAME = "$(TARGET_NAME)";
				PROVISIONING_PROFILE_SPECIFIER = "";
				SWIFT_SWIFT3_OBJC_INFERENCE = Default;
				TARGETED_DEVICE_FAMILY = 1;
				VERSIONING_SYSTEM = "apple-generic";
			};
			name = Release;
		};
		449A7CA11D80D0E80019300C /* Debug */ = {
			isa = XCBuildConfiguration;
			baseConfigurationReference = 8236DFFA6C5F3AB1E6E1B0E4 /* Pods-TCATTests.debug.xcconfig */;
			buildSettings = {
				BUNDLE_LOADER = "$(TEST_HOST)";
				CURRENT_PROJECT_VERSION = 47;
				INFOPLIST_FILE = TCATTests/Info.plist;
				IPHONEOS_DEPLOYMENT_TARGET = 10.0;
				LD_RUNPATH_SEARCH_PATHS = "$(inherited) @executable_path/Frameworks @loader_path/Frameworks";
				PRODUCT_BUNDLE_IDENTIFIER = com.cuappdev.TCATTests;
				PRODUCT_NAME = "$(TARGET_NAME)";
				SWIFT_VERSION = 4.0;
				TEST_HOST = "$(BUILT_PRODUCTS_DIR)/TCAT.app/TCAT";
			};
			name = Debug;
		};
		449A7CA21D80D0E80019300C /* Release */ = {
			isa = XCBuildConfiguration;
			baseConfigurationReference = 00AAC04EC20FD099C317E4DF /* Pods-TCATTests.release.xcconfig */;
			buildSettings = {
				BUNDLE_LOADER = "$(TEST_HOST)";
				CURRENT_PROJECT_VERSION = 47;
				INFOPLIST_FILE = TCATTests/Info.plist;
				IPHONEOS_DEPLOYMENT_TARGET = 10.0;
				LD_RUNPATH_SEARCH_PATHS = "$(inherited) @executable_path/Frameworks @loader_path/Frameworks";
				PRODUCT_BUNDLE_IDENTIFIER = com.cuappdev.TCATTests;
				PRODUCT_NAME = "$(TARGET_NAME)";
				SWIFT_VERSION = 4.0;
				TEST_HOST = "$(BUILT_PRODUCTS_DIR)/TCAT.app/TCAT";
			};
			name = Release;
		};
		449A7CA41D80D0E80019300C /* Debug */ = {
			isa = XCBuildConfiguration;
			baseConfigurationReference = 0A53C1C936C7282DCAB7292F /* Pods-TCATUITests.debug.xcconfig */;
			buildSettings = {
				CURRENT_PROJECT_VERSION = 47;
				DEBUG_INFORMATION_FORMAT = "dwarf-with-dsym";
				INFOPLIST_FILE = TCATUITests/Info.plist;
				IPHONEOS_DEPLOYMENT_TARGET = 10.0;
				LD_RUNPATH_SEARCH_PATHS = "$(inherited) @executable_path/Frameworks @loader_path/Frameworks";
				PRODUCT_BUNDLE_IDENTIFIER = com.cuappdev.TCATUITests;
				PRODUCT_NAME = "$(TARGET_NAME)";
				SWIFT_VERSION = 4.0;
				TEST_TARGET_NAME = TCAT;
			};
			name = Debug;
		};
		449A7CA51D80D0E80019300C /* Release */ = {
			isa = XCBuildConfiguration;
			baseConfigurationReference = 97F81CAA39621F2304CFA763 /* Pods-TCATUITests.release.xcconfig */;
			buildSettings = {
				CURRENT_PROJECT_VERSION = 47;
				DEBUG_INFORMATION_FORMAT = "dwarf-with-dsym";
				INFOPLIST_FILE = TCATUITests/Info.plist;
				IPHONEOS_DEPLOYMENT_TARGET = 10.0;
				LD_RUNPATH_SEARCH_PATHS = "$(inherited) @executable_path/Frameworks @loader_path/Frameworks";
				PRODUCT_BUNDLE_IDENTIFIER = com.cuappdev.TCATUITests;
				PRODUCT_NAME = "$(TARGET_NAME)";
				SWIFT_VERSION = 4.0;
				TEST_TARGET_NAME = TCAT;
			};
			name = Release;
		};
/* End XCBuildConfiguration section */

/* Begin XCConfigurationList section */
		449A7C701D80D0E80019300C /* Build configuration list for PBXProject "TCAT" */ = {
			isa = XCConfigurationList;
			buildConfigurations = (
				449A7C9B1D80D0E80019300C /* Debug */,
				449A7C9C1D80D0E80019300C /* Release */,
			);
			defaultConfigurationIsVisible = 0;
			defaultConfigurationName = Release;
		};
		449A7C9D1D80D0E80019300C /* Build configuration list for PBXNativeTarget "TCAT" */ = {
			isa = XCConfigurationList;
			buildConfigurations = (
				449A7C9E1D80D0E80019300C /* Debug */,
				449A7C9F1D80D0E80019300C /* Release */,
			);
			defaultConfigurationIsVisible = 0;
			defaultConfigurationName = Release;
		};
		449A7CA01D80D0E80019300C /* Build configuration list for PBXNativeTarget "TCATTests" */ = {
			isa = XCConfigurationList;
			buildConfigurations = (
				449A7CA11D80D0E80019300C /* Debug */,
				449A7CA21D80D0E80019300C /* Release */,
			);
			defaultConfigurationIsVisible = 0;
			defaultConfigurationName = Release;
		};
		449A7CA31D80D0E80019300C /* Build configuration list for PBXNativeTarget "TCATUITests" */ = {
			isa = XCConfigurationList;
			buildConfigurations = (
				449A7CA41D80D0E80019300C /* Debug */,
				449A7CA51D80D0E80019300C /* Release */,
			);
			defaultConfigurationIsVisible = 0;
			defaultConfigurationName = Release;
		};
/* End XCConfigurationList section */
	};
	rootObject = 449A7C6D1D80D0E80019300C /* Project object */;
}
