// !$*UTF8*$!
{
	archiveVersion = 1;
	classes = {
	};
	objectVersion = 70;
	objects = {

/* Begin PBXBuildFile section */
		28EA3E17A0C473892F5506EC /* Pods_TCAT.framework in Frameworks */ = {isa = PBXBuildFile; fileRef = 542B073726DFD1EE044EA97F /* Pods_TCAT.framework */; };
		2E70434E2BB75E10003AC1D6 /* PrivacyInfo.xcprivacy in Resources */ = {isa = PBXBuildFile; fileRef = 2E70434D2BB75E10003AC1D6 /* PrivacyInfo.xcprivacy */; };
		2E9416602BC60A59003DEB44 /* UpliftQueries.graphql in Resources */ = {isa = PBXBuildFile; fileRef = 2E94165F2BC60A59003DEB44 /* UpliftQueries.graphql */; };
		2E9416692BC615DF003DEB44 /* AppDelegate.swift in Sources */ = {isa = PBXBuildFile; fileRef = 2E9416672BC615DF003DEB44 /* AppDelegate.swift */; };
		2E94166A2BC615DF003DEB44 /* LaunchScreen.storyboard in Resources */ = {isa = PBXBuildFile; fileRef = 2E9416682BC615DF003DEB44 /* LaunchScreen.storyboard */; };
		2E9416772BC61679003DEB44 /* ServiceAlertTableViewCell.swift in Sources */ = {isa = PBXBuildFile; fileRef = 2E94166D2BC61678003DEB44 /* ServiceAlertTableViewCell.swift */; };
		2E9416782BC61679003DEB44 /* LargeDetailTableViewCell.swift in Sources */ = {isa = PBXBuildFile; fileRef = 2E94166E2BC61679003DEB44 /* LargeDetailTableViewCell.swift */; };
		2E9416792BC61679003DEB44 /* AddFavoritesCollectionViewCell.swift in Sources */ = {isa = PBXBuildFile; fileRef = 2E94166F2BC61679003DEB44 /* AddFavoritesCollectionViewCell.swift */; };
		2E94167A2BC61679003DEB44 /* GeneralTableViewCell.swift in Sources */ = {isa = PBXBuildFile; fileRef = 2E9416702BC61679003DEB44 /* GeneralTableViewCell.swift */; };
		2E94167B2BC61679003DEB44 /* NotificationToggleTableViewCell.swift in Sources */ = {isa = PBXBuildFile; fileRef = 2E9416712BC61679003DEB44 /* NotificationToggleTableViewCell.swift */; };
		2E94167C2BC61679003DEB44 /* SmallDetailTableViewCell.swift in Sources */ = {isa = PBXBuildFile; fileRef = 2E9416722BC61679003DEB44 /* SmallDetailTableViewCell.swift */; };
		2E94167D2BC61679003DEB44 /* FavoritesCollectionViewCell.swift in Sources */ = {isa = PBXBuildFile; fileRef = 2E9416732BC61679003DEB44 /* FavoritesCollectionViewCell.swift */; };
		2E94167E2BC61679003DEB44 /* BusStopTableViewCell.swift in Sources */ = {isa = PBXBuildFile; fileRef = 2E9416742BC61679003DEB44 /* BusStopTableViewCell.swift */; };
		2E94167F2BC61679003DEB44 /* PlaceTableViewCell.swift in Sources */ = {isa = PBXBuildFile; fileRef = 2E9416752BC61679003DEB44 /* PlaceTableViewCell.swift */; };
		2E9416802BC61679003DEB44 /* RouteTableViewCell.swift in Sources */ = {isa = PBXBuildFile; fileRef = 2E9416762BC61679003DEB44 /* RouteTableViewCell.swift */; };
		2E9416962BC616B9003DEB44 /* RouteDetailViewController.swift in Sources */ = {isa = PBXBuildFile; fileRef = 2E9416832BC616B9003DEB44 /* RouteDetailViewController.swift */; };
		2E9416972BC616B9003DEB44 /* RouteDetail+ContentViewController.swift in Sources */ = {isa = PBXBuildFile; fileRef = 2E9416842BC616B9003DEB44 /* RouteDetail+ContentViewController.swift */; };
		2E9416982BC616B9003DEB44 /* RouteDetail+DrawerViewController.swift in Sources */ = {isa = PBXBuildFile; fileRef = 2E9416852BC616B9003DEB44 /* RouteDetail+DrawerViewController.swift */; };
		2E9416992BC616B9003DEB44 /* RouteDetailContentViewController+Extensions.swift in Sources */ = {isa = PBXBuildFile; fileRef = 2E9416862BC616B9003DEB44 /* RouteDetailContentViewController+Extensions.swift */; };
		2E94169A2BC616B9003DEB44 /* CustomNavigationController.swift in Sources */ = {isa = PBXBuildFile; fileRef = 2E9416872BC616B9003DEB44 /* CustomNavigationController.swift */; };
		2E94169B2BC616B9003DEB44 /* StopPickerViewController.swift in Sources */ = {isa = PBXBuildFile; fileRef = 2E9416882BC616B9003DEB44 /* StopPickerViewController.swift */; };
		2E94169C2BC616B9003DEB44 /* RouteOptionsViewController+Extensions.swift in Sources */ = {isa = PBXBuildFile; fileRef = 2E9416892BC616B9003DEB44 /* RouteOptionsViewController+Extensions.swift */; };
		2E94169D2BC616B9003DEB44 /* FavoritesTableViewController.swift in Sources */ = {isa = PBXBuildFile; fileRef = 2E94168A2BC616B9003DEB44 /* FavoritesTableViewController.swift */; };
		2E94169E2BC616B9003DEB44 /* SearchResultsViewController.swift in Sources */ = {isa = PBXBuildFile; fileRef = 2E94168B2BC616B9003DEB44 /* SearchResultsViewController.swift */; };
		2E94169F2BC616B9003DEB44 /* HomeOptionsCardViewController.swift in Sources */ = {isa = PBXBuildFile; fileRef = 2E94168C2BC616B9003DEB44 /* HomeOptionsCardViewController.swift */; };
		2E9416A02BC616B9003DEB44 /* InformationViewController.swift in Sources */ = {isa = PBXBuildFile; fileRef = 2E94168D2BC616B9003DEB44 /* InformationViewController.swift */; };
		2E9416A12BC616B9003DEB44 /* RouteOptionsViewController.swift in Sources */ = {isa = PBXBuildFile; fileRef = 2E94168E2BC616B9003DEB44 /* RouteOptionsViewController.swift */; };
		2E9416A22BC616B9003DEB44 /* ServiceAlertsViewController.swift in Sources */ = {isa = PBXBuildFile; fileRef = 2E94168F2BC616B9003DEB44 /* ServiceAlertsViewController.swift */; };
		2E9416A32BC616B9003DEB44 /* HomeMapViewController.swift in Sources */ = {isa = PBXBuildFile; fileRef = 2E9416902BC616B9003DEB44 /* HomeMapViewController.swift */; };
		2E9416A42BC616B9003DEB44 /* FavoritesViewController.swift in Sources */ = {isa = PBXBuildFile; fileRef = 2E9416912BC616B9003DEB44 /* FavoritesViewController.swift */; };
		2E9416A52BC616B9003DEB44 /* HomeOptionsCardViewController+Extensions.swift in Sources */ = {isa = PBXBuildFile; fileRef = 2E9416922BC616B9003DEB44 /* HomeOptionsCardViewController+Extensions.swift */; };
		2E9416A62BC616B9003DEB44 /* OnboardingViewController.swift in Sources */ = {isa = PBXBuildFile; fileRef = 2E9416932BC616B9003DEB44 /* OnboardingViewController.swift */; };
		2E9416A72BC616B9003DEB44 /* ParentHomeViewController.swift in Sources */ = {isa = PBXBuildFile; fileRef = 2E9416942BC616B9003DEB44 /* ParentHomeViewController.swift */; };
		2E9416A82BC616B9003DEB44 /* RouteDetailDrawerViewController+Extensions.swift in Sources */ = {isa = PBXBuildFile; fileRef = 2E9416952BC616B9003DEB44 /* RouteDetailDrawerViewController+Extensions.swift */; };
		2E9416B92BC61731003DEB44 /* PlaceCoordinates.swift in Sources */ = {isa = PBXBuildFile; fileRef = 2E9416AC2BC61731003DEB44 /* PlaceCoordinates.swift */; };
		2E9416BA2BC61731003DEB44 /* Place.swift in Sources */ = {isa = PBXBuildFile; fileRef = 2E9416AD2BC61731003DEB44 /* Place.swift */; };
		2E9416BB2BC61731003DEB44 /* ServiceAlert.swift in Sources */ = {isa = PBXBuildFile; fileRef = 2E9416AE2BC61731003DEB44 /* ServiceAlert.swift */; };
		2E9416BC2BC61731003DEB44 /* Waypoint.swift in Sources */ = {isa = PBXBuildFile; fileRef = 2E9416AF2BC61731003DEB44 /* Waypoint.swift */; };
		2E9416BD2BC61731003DEB44 /* LocationObject.swift in Sources */ = {isa = PBXBuildFile; fileRef = 2E9416B02BC61731003DEB44 /* LocationObject.swift */; };
		2E9416BE2BC61731003DEB44 /* BusLocation.swift in Sources */ = {isa = PBXBuildFile; fileRef = 2E9416B12BC61731003DEB44 /* BusLocation.swift */; };
		2E9416BF2BC61731003DEB44 /* Direction.swift in Sources */ = {isa = PBXBuildFile; fileRef = 2E9416B22BC61731003DEB44 /* Direction.swift */; };
		2E9416C02BC61731003DEB44 /* Route.swift in Sources */ = {isa = PBXBuildFile; fileRef = 2E9416B32BC61731003DEB44 /* Route.swift */; };
		2E9416C12BC61731003DEB44 /* WalkPath.swift in Sources */ = {isa = PBXBuildFile; fileRef = 2E9416B42BC61731003DEB44 /* WalkPath.swift */; };
		2E9416C22BC61731003DEB44 /* AppleSearchResponse.swift in Sources */ = {isa = PBXBuildFile; fileRef = 2E9416B52BC61731003DEB44 /* AppleSearchResponse.swift */; };
		2E9416C32BC61731003DEB44 /* SearchManager.swift in Sources */ = {isa = PBXBuildFile; fileRef = 2E9416B62BC61731003DEB44 /* SearchManager.swift */; };
		2E9416C42BC61731003DEB44 /* Section.swift in Sources */ = {isa = PBXBuildFile; fileRef = 2E9416B72BC61731003DEB44 /* Section.swift */; };
		2E9416C52BC61731003DEB44 /* BusPath.swift in Sources */ = {isa = PBXBuildFile; fileRef = 2E9416B82BC61731003DEB44 /* BusPath.swift */; };
		2E9416D12BC618CA003DEB44 /* SFProDisplay-Semibold.otf in Resources */ = {isa = PBXBuildFile; fileRef = 2E9416C92BC618CA003DEB44 /* SFProDisplay-Semibold.otf */; };
		2E9416D22BC618CA003DEB44 /* SFProDisplay-Bold.otf in Resources */ = {isa = PBXBuildFile; fileRef = 2E9416CA2BC618CA003DEB44 /* SFProDisplay-Bold.otf */; };
		2E9416D32BC618CA003DEB44 /* SFProDisplay-Regular.otf in Resources */ = {isa = PBXBuildFile; fileRef = 2E9416CB2BC618CA003DEB44 /* SFProDisplay-Regular.otf */; };
		2E9416D42BC618CA003DEB44 /* SFUIText-Semibold.otf in Resources */ = {isa = PBXBuildFile; fileRef = 2E9416CC2BC618CA003DEB44 /* SFUIText-Semibold.otf */; };
		2E9416D52BC618CA003DEB44 /* SFUIText-Bold.otf in Resources */ = {isa = PBXBuildFile; fileRef = 2E9416CD2BC618CA003DEB44 /* SFUIText-Bold.otf */; };
		2E9416D62BC618CA003DEB44 /* SFUIText-Medium.otf in Resources */ = {isa = PBXBuildFile; fileRef = 2E9416CE2BC618CA003DEB44 /* SFUIText-Medium.otf */; };
		2E9416D72BC618CA003DEB44 /* SFProDisplay-Medium.otf in Resources */ = {isa = PBXBuildFile; fileRef = 2E9416CF2BC618CA003DEB44 /* SFProDisplay-Medium.otf */; };
		2E9416D82BC618CA003DEB44 /* SFUIText-Regular.otf in Resources */ = {isa = PBXBuildFile; fileRef = 2E9416D02BC618CA003DEB44 /* SFUIText-Regular.otf */; };
		2E9416DE2BC618DA003DEB44 /* Constants.swift in Sources */ = {isa = PBXBuildFile; fileRef = 2E9416DA2BC618DA003DEB44 /* Constants.swift */; };
		2E9416DF2BC618DA003DEB44 /* TransitEnvironment.swift in Sources */ = {isa = PBXBuildFile; fileRef = 2E9416DB2BC618DA003DEB44 /* TransitEnvironment.swift */; };
		2E9416EF2BC61984003DEB44 /* EventPayload.swift in Sources */ = {isa = PBXBuildFile; fileRef = 2E9416E12BC61983003DEB44 /* EventPayload.swift */; };
		2E9416F02BC61984003DEB44 /* Extensions+Shared.swift in Sources */ = {isa = PBXBuildFile; fileRef = 2E9416E22BC61983003DEB44 /* Extensions+Shared.swift */; };
		2E9416F12BC61984003DEB44 /* Shared.swift in Sources */ = {isa = PBXBuildFile; fileRef = 2E9416E32BC61983003DEB44 /* Shared.swift */; };
		2E9416F22BC61984003DEB44 /* Styles.swift in Sources */ = {isa = PBXBuildFile; fileRef = 2E9416E42BC61983003DEB44 /* Styles.swift */; };
		2E9416F32BC61984003DEB44 /* StoreReviewHelper.swift in Sources */ = {isa = PBXBuildFile; fileRef = 2E9416E52BC61983003DEB44 /* StoreReviewHelper.swift */; };
		2E9416F42BC61984003DEB44 /* Analytics.swift in Sources */ = {isa = PBXBuildFile; fileRef = 2E9416E62BC61984003DEB44 /* Analytics.swift */; };
		2E9416F52BC61984003DEB44 /* Extensions+App.swift in Sources */ = {isa = PBXBuildFile; fileRef = 2E9416E72BC61984003DEB44 /* Extensions+App.swift */; };
		2E9416F62BC61984003DEB44 /* Time.swift in Sources */ = {isa = PBXBuildFile; fileRef = 2E9416E82BC61984003DEB44 /* Time.swift */; };
		2E9416F72BC61984003DEB44 /* SearchTableViewHelpers.swift in Sources */ = {isa = PBXBuildFile; fileRef = 2E9416E92BC61984003DEB44 /* SearchTableViewHelpers.swift */; };
		2E9416F92BC61984003DEB44 /* Loader.swift in Sources */ = {isa = PBXBuildFile; fileRef = 2E9416EB2BC61984003DEB44 /* Loader.swift */; };
		2E9416FA2BC61984003DEB44 /* JSONFileManager.swift in Sources */ = {isa = PBXBuildFile; fileRef = 2E9416EC2BC61984003DEB44 /* JSONFileManager.swift */; };
		2E9416FB2BC61984003DEB44 /* AppShortcuts.swift in Sources */ = {isa = PBXBuildFile; fileRef = 2E9416ED2BC61984003DEB44 /* AppShortcuts.swift */; };
		2E9416FC2BC61984003DEB44 /* Phrases.swift in Sources */ = {isa = PBXBuildFile; fileRef = 2E9416EE2BC61984003DEB44 /* Phrases.swift */; };
		2E9417122BC61CF1003DEB44 /* LoadingIndicator.swift in Sources */ = {isa = PBXBuildFile; fileRef = 2E9416FE2BC61CF1003DEB44 /* LoadingIndicator.swift */; };
		2E9417132BC61CF1003DEB44 /* InformationTableHeaderView.swift in Sources */ = {isa = PBXBuildFile; fileRef = 2E9416FF2BC61CF1003DEB44 /* InformationTableHeaderView.swift */; };
		2E9417142BC61CF1003DEB44 /* RouteLine.swift in Sources */ = {isa = PBXBuildFile; fileRef = 2E9417002BC61CF1003DEB44 /* RouteLine.swift */; };
		2E9417152BC61CF1003DEB44 /* RPCircularProgress.swift in Sources */ = {isa = PBXBuildFile; fileRef = 2E9417012BC61CF1003DEB44 /* RPCircularProgress.swift */; };
		2E9417162BC61CF1003DEB44 /* SearchBarView.swift in Sources */ = {isa = PBXBuildFile; fileRef = 2E9417022BC61CF1003DEB44 /* SearchBarView.swift */; };
		2E9417172BC61CF1003DEB44 /* HeaderView.swift in Sources */ = {isa = PBXBuildFile; fileRef = 2E9417032BC61CF1003DEB44 /* HeaderView.swift */; };
		2E9417182BC61CF1003DEB44 /* RouteDiagramSegment.swift in Sources */ = {isa = PBXBuildFile; fileRef = 2E9417042BC61CF1003DEB44 /* RouteDiagramSegment.swift */; };
		2E9417192BC61CF1003DEB44 /* PhraseLabelFooterView.swift in Sources */ = {isa = PBXBuildFile; fileRef = 2E9417052BC61CF1003DEB44 /* PhraseLabelFooterView.swift */; };
		2E94171A2BC61CF1003DEB44 /* SummaryView.swift in Sources */ = {isa = PBXBuildFile; fileRef = 2E9417062BC61CF1003DEB44 /* SummaryView.swift */; };
		2E94171B2BC61CF1003DEB44 /* LiveIndicator.swift in Sources */ = {isa = PBXBuildFile; fileRef = 2E9417072BC61CF1003DEB44 /* LiveIndicator.swift */; };
		2E94171C2BC61CF1003DEB44 /* Circle.swift in Sources */ = {isa = PBXBuildFile; fileRef = 2E9417082BC61CF1003DEB44 /* Circle.swift */; };
		2E94171D2BC61CF1003DEB44 /* RoundShadowedView.swift in Sources */ = {isa = PBXBuildFile; fileRef = 2E9417092BC61CF1003DEB44 /* RoundShadowedView.swift */; };
		2E94171E2BC61CF1003DEB44 /* RouteDiagram.swift in Sources */ = {isa = PBXBuildFile; fileRef = 2E94170A2BC61CF1003DEB44 /* RouteDiagram.swift */; };
		2E94171F2BC61CF1003DEB44 /* BusIcon.swift in Sources */ = {isa = PBXBuildFile; fileRef = 2E94170B2BC61CF1003DEB44 /* BusIcon.swift */; };
		2E9417202BC61CF1003DEB44 /* WalkWithDistanceIcon.swift in Sources */ = {isa = PBXBuildFile; fileRef = 2E94170C2BC61CF1003DEB44 /* WalkWithDistanceIcon.swift */; };
		2E9417212BC61CF1003DEB44 /* NotificationBannerView.swift in Sources */ = {isa = PBXBuildFile; fileRef = 2E94170D2BC61CF1003DEB44 /* NotificationBannerView.swift */; };
		2E9417222BC61CF1003DEB44 /* BusLocationView.swift in Sources */ = {isa = PBXBuildFile; fileRef = 2E94170E2BC61CF1003DEB44 /* BusLocationView.swift */; };
		2E9417232BC61CF1003DEB44 /* DatePickerView.swift in Sources */ = {isa = PBXBuildFile; fileRef = 2E94170F2BC61CF1003DEB44 /* DatePickerView.swift */; };
		2E9417242BC61CF1003DEB44 /* DetailIconView.swift in Sources */ = {isa = PBXBuildFile; fileRef = 2E9417102BC61CF1003DEB44 /* DetailIconView.swift */; };
		2E9417252BC61CF1003DEB44 /* RouteSelectionView.swift in Sources */ = {isa = PBXBuildFile; fileRef = 2E9417112BC61CF1003DEB44 /* RouteSelectionView.swift */; };
		2E9FFA802BC673240051793C /* CapacityFields.graphql.swift in Sources */ = {isa = PBXBuildFile; fileRef = 2E9FFA682BC673240051793C /* CapacityFields.graphql.swift */; };
		2E9FFA812BC673240051793C /* FacilityFields.graphql.swift in Sources */ = {isa = PBXBuildFile; fileRef = 2E9FFA692BC673240051793C /* FacilityFields.graphql.swift */; };
		2E9FFA822BC673240051793C /* GymFields.graphql.swift in Sources */ = {isa = PBXBuildFile; fileRef = 2E9FFA6A2BC673240051793C /* GymFields.graphql.swift */; };
		2E9FFA832BC673240051793C /* OpenHoursFields.graphql.swift in Sources */ = {isa = PBXBuildFile; fileRef = 2E9FFA6B2BC673240051793C /* OpenHoursFields.graphql.swift */; };
		2E9FFA842BC673240051793C /* GetAllGymsQuery.graphql.swift in Sources */ = {isa = PBXBuildFile; fileRef = 2E9FFA6D2BC673240051793C /* GetAllGymsQuery.graphql.swift */; };
		2E9FFA852BC673240051793C /* AmenityType.graphql.swift in Sources */ = {isa = PBXBuildFile; fileRef = 2E9FFA702BC673240051793C /* AmenityType.graphql.swift */; };
		2E9FFA862BC673240051793C /* CourtType.graphql.swift in Sources */ = {isa = PBXBuildFile; fileRef = 2E9FFA712BC673240051793C /* CourtType.graphql.swift */; };
		2E9FFA872BC673240051793C /* FacilityType.graphql.swift in Sources */ = {isa = PBXBuildFile; fileRef = 2E9FFA722BC673240051793C /* FacilityType.graphql.swift */; };
		2E9FFA882BC673240051793C /* Amenity.graphql.swift in Sources */ = {isa = PBXBuildFile; fileRef = 2E9FFA742BC673240051793C /* Amenity.graphql.swift */; };
		2E9FFA892BC673240051793C /* Capacity.graphql.swift in Sources */ = {isa = PBXBuildFile; fileRef = 2E9FFA752BC673240051793C /* Capacity.graphql.swift */; };
		2E9FFA8A2BC673240051793C /* Facility.graphql.swift in Sources */ = {isa = PBXBuildFile; fileRef = 2E9FFA762BC673240051793C /* Facility.graphql.swift */; };
		2E9FFA8B2BC673240051793C /* Gym.graphql.swift in Sources */ = {isa = PBXBuildFile; fileRef = 2E9FFA772BC673240051793C /* Gym.graphql.swift */; };
		2E9FFA8C2BC673240051793C /* OpenHours.graphql.swift in Sources */ = {isa = PBXBuildFile; fileRef = 2E9FFA782BC673240051793C /* OpenHours.graphql.swift */; };
		2E9FFA8D2BC673240051793C /* Query.graphql.swift in Sources */ = {isa = PBXBuildFile; fileRef = 2E9FFA792BC673240051793C /* Query.graphql.swift */; };
		2E9FFA8E2BC673240051793C /* SchemaConfiguration.swift in Sources */ = {isa = PBXBuildFile; fileRef = 2E9FFA7B2BC673240051793C /* SchemaConfiguration.swift */; };
		2E9FFA8F2BC673240051793C /* SchemaMetadata.graphql.swift in Sources */ = {isa = PBXBuildFile; fileRef = 2E9FFA7C2BC673240051793C /* SchemaMetadata.graphql.swift */; };
		2E9FFA902BC673240051793C /* UpliftAPI.graphql.swift in Sources */ = {isa = PBXBuildFile; fileRef = 2E9FFA7E2BC673240051793C /* UpliftAPI.graphql.swift */; };
		2EC1F50F2BC66708001D9F66 /* GoogleService-Info.plist in Resources */ = {isa = PBXBuildFile; fileRef = 2EC1F50D2BC66708001D9F66 /* GoogleService-Info.plist */; };
		2EC1F5102BC66708001D9F66 /* Keys.plist in Resources */ = {isa = PBXBuildFile; fileRef = 2EC1F50E2BC66708001D9F66 /* Keys.plist */; };
		2EC1F5122BC66972001D9F66 /* ApolloClientProtocol.swift in Sources */ = {isa = PBXBuildFile; fileRef = 2EC1F5112BC66972001D9F66 /* ApolloClientProtocol.swift */; };
		2EC1F5142BC66A19001D9F66 /* ApolloNetwork.swift in Sources */ = {isa = PBXBuildFile; fileRef = 2EC1F5132BC66A19001D9F66 /* ApolloNetwork.swift */; };
		2EC1F5162BC66CBA001D9F66 /* Publishers.swift in Sources */ = {isa = PBXBuildFile; fileRef = 2EC1F5152BC66CBA001D9F66 /* Publishers.swift */; };
		449A7C801D80D0E80019300C /* Assets.xcassets in Resources */ = {isa = PBXBuildFile; fileRef = 449A7C7F1D80D0E80019300C /* Assets.xcassets */; };
		BF74AC1A1F945D7D00AFD4E4 /* GoogleMapsBase.framework in Frameworks */ = {isa = PBXBuildFile; fileRef = BF74AC191F945D7D00AFD4E4 /* GoogleMapsBase.framework */; };
		BF74AC1D1F945D8E00AFD4E4 /* GoogleMapsCore.framework in Frameworks */ = {isa = PBXBuildFile; fileRef = BF74AC1B1F945D8E00AFD4E4 /* GoogleMapsCore.framework */; };
		BF74AC1E1F945D8E00AFD4E4 /* GoogleMaps.framework in Frameworks */ = {isa = PBXBuildFile; fileRef = BF74AC1C1F945D8E00AFD4E4 /* GoogleMaps.framework */; };
		FD44EC532CD86A5F009269A2 /* TransitNotificationSubscriber.swift in Sources */ = {isa = PBXBuildFile; fileRef = FD44EC522CD86A56009269A2 /* TransitNotificationSubscriber.swift */; };
		FD44EC552CD86C55009269A2 /* PushNotificationService.swift in Sources */ = {isa = PBXBuildFile; fileRef = FD44EC542CD86C4A009269A2 /* PushNotificationService.swift */; };
/* End PBXBuildFile section */

/* Begin PBXCopyFilesBuildPhase section */
		7E14AED52177E846006A344D /* Embed Foundation Extensions */ = {
			isa = PBXCopyFilesBuildPhase;
			buildActionMask = 2147483647;
			dstPath = "";
			dstSubfolderSpec = 13;
			files = (
			);
			name = "Embed Foundation Extensions";
			runOnlyForDeploymentPostprocessing = 0;
		};
/* End PBXCopyFilesBuildPhase section */

/* Begin PBXFileReference section */
		2E70434D2BB75E10003AC1D6 /* PrivacyInfo.xcprivacy */ = {isa = PBXFileReference; lastKnownFileType = text.xml; path = PrivacyInfo.xcprivacy; sourceTree = "<group>"; };
		2E94165F2BC60A59003DEB44 /* UpliftQueries.graphql */ = {isa = PBXFileReference; fileEncoding = 4; lastKnownFileType = text; path = UpliftQueries.graphql; sourceTree = "<group>"; };
		2E9416672BC615DF003DEB44 /* AppDelegate.swift */ = {isa = PBXFileReference; fileEncoding = 4; lastKnownFileType = sourcecode.swift; path = AppDelegate.swift; sourceTree = "<group>"; };
		2E9416682BC615DF003DEB44 /* LaunchScreen.storyboard */ = {isa = PBXFileReference; fileEncoding = 4; lastKnownFileType = file.storyboard; path = LaunchScreen.storyboard; sourceTree = "<group>"; };
		2E94166D2BC61678003DEB44 /* ServiceAlertTableViewCell.swift */ = {isa = PBXFileReference; fileEncoding = 4; lastKnownFileType = sourcecode.swift; path = ServiceAlertTableViewCell.swift; sourceTree = "<group>"; };
		2E94166E2BC61679003DEB44 /* LargeDetailTableViewCell.swift */ = {isa = PBXFileReference; fileEncoding = 4; lastKnownFileType = sourcecode.swift; path = LargeDetailTableViewCell.swift; sourceTree = "<group>"; };
		2E94166F2BC61679003DEB44 /* AddFavoritesCollectionViewCell.swift */ = {isa = PBXFileReference; fileEncoding = 4; lastKnownFileType = sourcecode.swift; path = AddFavoritesCollectionViewCell.swift; sourceTree = "<group>"; };
		2E9416702BC61679003DEB44 /* GeneralTableViewCell.swift */ = {isa = PBXFileReference; fileEncoding = 4; lastKnownFileType = sourcecode.swift; path = GeneralTableViewCell.swift; sourceTree = "<group>"; };
		2E9416712BC61679003DEB44 /* NotificationToggleTableViewCell.swift */ = {isa = PBXFileReference; fileEncoding = 4; lastKnownFileType = sourcecode.swift; path = NotificationToggleTableViewCell.swift; sourceTree = "<group>"; };
		2E9416722BC61679003DEB44 /* SmallDetailTableViewCell.swift */ = {isa = PBXFileReference; fileEncoding = 4; lastKnownFileType = sourcecode.swift; path = SmallDetailTableViewCell.swift; sourceTree = "<group>"; };
		2E9416732BC61679003DEB44 /* FavoritesCollectionViewCell.swift */ = {isa = PBXFileReference; fileEncoding = 4; lastKnownFileType = sourcecode.swift; path = FavoritesCollectionViewCell.swift; sourceTree = "<group>"; };
		2E9416742BC61679003DEB44 /* BusStopTableViewCell.swift */ = {isa = PBXFileReference; fileEncoding = 4; lastKnownFileType = sourcecode.swift; path = BusStopTableViewCell.swift; sourceTree = "<group>"; };
		2E9416752BC61679003DEB44 /* PlaceTableViewCell.swift */ = {isa = PBXFileReference; fileEncoding = 4; lastKnownFileType = sourcecode.swift; path = PlaceTableViewCell.swift; sourceTree = "<group>"; };
		2E9416762BC61679003DEB44 /* RouteTableViewCell.swift */ = {isa = PBXFileReference; fileEncoding = 4; lastKnownFileType = sourcecode.swift; path = RouteTableViewCell.swift; sourceTree = "<group>"; };
		2E9416832BC616B9003DEB44 /* RouteDetailViewController.swift */ = {isa = PBXFileReference; fileEncoding = 4; lastKnownFileType = sourcecode.swift; path = RouteDetailViewController.swift; sourceTree = "<group>"; };
		2E9416842BC616B9003DEB44 /* RouteDetail+ContentViewController.swift */ = {isa = PBXFileReference; fileEncoding = 4; lastKnownFileType = sourcecode.swift; path = "RouteDetail+ContentViewController.swift"; sourceTree = "<group>"; };
		2E9416852BC616B9003DEB44 /* RouteDetail+DrawerViewController.swift */ = {isa = PBXFileReference; fileEncoding = 4; lastKnownFileType = sourcecode.swift; path = "RouteDetail+DrawerViewController.swift"; sourceTree = "<group>"; };
		2E9416862BC616B9003DEB44 /* RouteDetailContentViewController+Extensions.swift */ = {isa = PBXFileReference; fileEncoding = 4; lastKnownFileType = sourcecode.swift; path = "RouteDetailContentViewController+Extensions.swift"; sourceTree = "<group>"; };
		2E9416872BC616B9003DEB44 /* CustomNavigationController.swift */ = {isa = PBXFileReference; fileEncoding = 4; lastKnownFileType = sourcecode.swift; path = CustomNavigationController.swift; sourceTree = "<group>"; };
		2E9416882BC616B9003DEB44 /* StopPickerViewController.swift */ = {isa = PBXFileReference; fileEncoding = 4; lastKnownFileType = sourcecode.swift; path = StopPickerViewController.swift; sourceTree = "<group>"; };
		2E9416892BC616B9003DEB44 /* RouteOptionsViewController+Extensions.swift */ = {isa = PBXFileReference; fileEncoding = 4; lastKnownFileType = sourcecode.swift; path = "RouteOptionsViewController+Extensions.swift"; sourceTree = "<group>"; };
		2E94168A2BC616B9003DEB44 /* FavoritesTableViewController.swift */ = {isa = PBXFileReference; fileEncoding = 4; lastKnownFileType = sourcecode.swift; path = FavoritesTableViewController.swift; sourceTree = "<group>"; };
		2E94168B2BC616B9003DEB44 /* SearchResultsViewController.swift */ = {isa = PBXFileReference; fileEncoding = 4; lastKnownFileType = sourcecode.swift; path = SearchResultsViewController.swift; sourceTree = "<group>"; };
		2E94168C2BC616B9003DEB44 /* HomeOptionsCardViewController.swift */ = {isa = PBXFileReference; fileEncoding = 4; lastKnownFileType = sourcecode.swift; path = HomeOptionsCardViewController.swift; sourceTree = "<group>"; };
		2E94168D2BC616B9003DEB44 /* InformationViewController.swift */ = {isa = PBXFileReference; fileEncoding = 4; lastKnownFileType = sourcecode.swift; path = InformationViewController.swift; sourceTree = "<group>"; };
		2E94168E2BC616B9003DEB44 /* RouteOptionsViewController.swift */ = {isa = PBXFileReference; fileEncoding = 4; lastKnownFileType = sourcecode.swift; path = RouteOptionsViewController.swift; sourceTree = "<group>"; };
		2E94168F2BC616B9003DEB44 /* ServiceAlertsViewController.swift */ = {isa = PBXFileReference; fileEncoding = 4; lastKnownFileType = sourcecode.swift; path = ServiceAlertsViewController.swift; sourceTree = "<group>"; };
		2E9416902BC616B9003DEB44 /* HomeMapViewController.swift */ = {isa = PBXFileReference; fileEncoding = 4; lastKnownFileType = sourcecode.swift; path = HomeMapViewController.swift; sourceTree = "<group>"; };
		2E9416912BC616B9003DEB44 /* FavoritesViewController.swift */ = {isa = PBXFileReference; fileEncoding = 4; lastKnownFileType = sourcecode.swift; path = FavoritesViewController.swift; sourceTree = "<group>"; };
		2E9416922BC616B9003DEB44 /* HomeOptionsCardViewController+Extensions.swift */ = {isa = PBXFileReference; fileEncoding = 4; lastKnownFileType = sourcecode.swift; path = "HomeOptionsCardViewController+Extensions.swift"; sourceTree = "<group>"; };
		2E9416932BC616B9003DEB44 /* OnboardingViewController.swift */ = {isa = PBXFileReference; fileEncoding = 4; lastKnownFileType = sourcecode.swift; path = OnboardingViewController.swift; sourceTree = "<group>"; };
		2E9416942BC616B9003DEB44 /* ParentHomeViewController.swift */ = {isa = PBXFileReference; fileEncoding = 4; lastKnownFileType = sourcecode.swift; path = ParentHomeViewController.swift; sourceTree = "<group>"; };
		2E9416952BC616B9003DEB44 /* RouteDetailDrawerViewController+Extensions.swift */ = {isa = PBXFileReference; fileEncoding = 4; lastKnownFileType = sourcecode.swift; path = "RouteDetailDrawerViewController+Extensions.swift"; sourceTree = "<group>"; };
		2E9416AC2BC61731003DEB44 /* PlaceCoordinates.swift */ = {isa = PBXFileReference; fileEncoding = 4; lastKnownFileType = sourcecode.swift; path = PlaceCoordinates.swift; sourceTree = "<group>"; };
		2E9416AD2BC61731003DEB44 /* Place.swift */ = {isa = PBXFileReference; fileEncoding = 4; lastKnownFileType = sourcecode.swift; path = Place.swift; sourceTree = "<group>"; };
		2E9416AE2BC61731003DEB44 /* ServiceAlert.swift */ = {isa = PBXFileReference; fileEncoding = 4; lastKnownFileType = sourcecode.swift; path = ServiceAlert.swift; sourceTree = "<group>"; };
		2E9416AF2BC61731003DEB44 /* Waypoint.swift */ = {isa = PBXFileReference; fileEncoding = 4; lastKnownFileType = sourcecode.swift; path = Waypoint.swift; sourceTree = "<group>"; };
		2E9416B02BC61731003DEB44 /* LocationObject.swift */ = {isa = PBXFileReference; fileEncoding = 4; lastKnownFileType = sourcecode.swift; path = LocationObject.swift; sourceTree = "<group>"; };
		2E9416B12BC61731003DEB44 /* BusLocation.swift */ = {isa = PBXFileReference; fileEncoding = 4; lastKnownFileType = sourcecode.swift; path = BusLocation.swift; sourceTree = "<group>"; };
		2E9416B22BC61731003DEB44 /* Direction.swift */ = {isa = PBXFileReference; fileEncoding = 4; lastKnownFileType = sourcecode.swift; path = Direction.swift; sourceTree = "<group>"; };
		2E9416B32BC61731003DEB44 /* Route.swift */ = {isa = PBXFileReference; fileEncoding = 4; lastKnownFileType = sourcecode.swift; path = Route.swift; sourceTree = "<group>"; };
		2E9416B42BC61731003DEB44 /* WalkPath.swift */ = {isa = PBXFileReference; fileEncoding = 4; lastKnownFileType = sourcecode.swift; path = WalkPath.swift; sourceTree = "<group>"; };
		2E9416B52BC61731003DEB44 /* AppleSearchResponse.swift */ = {isa = PBXFileReference; fileEncoding = 4; lastKnownFileType = sourcecode.swift; path = AppleSearchResponse.swift; sourceTree = "<group>"; };
		2E9416B62BC61731003DEB44 /* SearchManager.swift */ = {isa = PBXFileReference; fileEncoding = 4; lastKnownFileType = sourcecode.swift; path = SearchManager.swift; sourceTree = "<group>"; };
		2E9416B72BC61731003DEB44 /* Section.swift */ = {isa = PBXFileReference; fileEncoding = 4; lastKnownFileType = sourcecode.swift; path = Section.swift; sourceTree = "<group>"; };
		2E9416B82BC61731003DEB44 /* BusPath.swift */ = {isa = PBXFileReference; fileEncoding = 4; lastKnownFileType = sourcecode.swift; path = BusPath.swift; sourceTree = "<group>"; };
		2E9416C92BC618CA003DEB44 /* SFProDisplay-Semibold.otf */ = {isa = PBXFileReference; lastKnownFileType = file; path = "SFProDisplay-Semibold.otf"; sourceTree = "<group>"; };
		2E9416CA2BC618CA003DEB44 /* SFProDisplay-Bold.otf */ = {isa = PBXFileReference; lastKnownFileType = file; path = "SFProDisplay-Bold.otf"; sourceTree = "<group>"; };
		2E9416CB2BC618CA003DEB44 /* SFProDisplay-Regular.otf */ = {isa = PBXFileReference; lastKnownFileType = file; path = "SFProDisplay-Regular.otf"; sourceTree = "<group>"; };
		2E9416CC2BC618CA003DEB44 /* SFUIText-Semibold.otf */ = {isa = PBXFileReference; lastKnownFileType = file; path = "SFUIText-Semibold.otf"; sourceTree = "<group>"; };
		2E9416CD2BC618CA003DEB44 /* SFUIText-Bold.otf */ = {isa = PBXFileReference; lastKnownFileType = file; path = "SFUIText-Bold.otf"; sourceTree = "<group>"; };
		2E9416CE2BC618CA003DEB44 /* SFUIText-Medium.otf */ = {isa = PBXFileReference; lastKnownFileType = file; path = "SFUIText-Medium.otf"; sourceTree = "<group>"; };
		2E9416CF2BC618CA003DEB44 /* SFProDisplay-Medium.otf */ = {isa = PBXFileReference; lastKnownFileType = file; path = "SFProDisplay-Medium.otf"; sourceTree = "<group>"; };
		2E9416D02BC618CA003DEB44 /* SFUIText-Regular.otf */ = {isa = PBXFileReference; lastKnownFileType = file; path = "SFUIText-Regular.otf"; sourceTree = "<group>"; };
		2E9416D92BC618DA003DEB44 /* Info.plist */ = {isa = PBXFileReference; fileEncoding = 4; lastKnownFileType = text.plist.xml; path = Info.plist; sourceTree = "<group>"; };
		2E9416DA2BC618DA003DEB44 /* Constants.swift */ = {isa = PBXFileReference; fileEncoding = 4; lastKnownFileType = sourcecode.swift; path = Constants.swift; sourceTree = "<group>"; };
		2E9416DB2BC618DA003DEB44 /* TransitEnvironment.swift */ = {isa = PBXFileReference; fileEncoding = 4; lastKnownFileType = sourcecode.swift; path = TransitEnvironment.swift; sourceTree = "<group>"; };
		2E9416DC2BC618DA003DEB44 /* TCAT.entitlements */ = {isa = PBXFileReference; fileEncoding = 4; lastKnownFileType = text.plist.entitlements; path = TCAT.entitlements; sourceTree = "<group>"; };
		2E9416E12BC61983003DEB44 /* EventPayload.swift */ = {isa = PBXFileReference; fileEncoding = 4; lastKnownFileType = sourcecode.swift; path = EventPayload.swift; sourceTree = "<group>"; };
		2E9416E22BC61983003DEB44 /* Extensions+Shared.swift */ = {isa = PBXFileReference; fileEncoding = 4; lastKnownFileType = sourcecode.swift; path = "Extensions+Shared.swift"; sourceTree = "<group>"; };
		2E9416E32BC61983003DEB44 /* Shared.swift */ = {isa = PBXFileReference; fileEncoding = 4; lastKnownFileType = sourcecode.swift; path = Shared.swift; sourceTree = "<group>"; };
		2E9416E42BC61983003DEB44 /* Styles.swift */ = {isa = PBXFileReference; fileEncoding = 4; lastKnownFileType = sourcecode.swift; path = Styles.swift; sourceTree = "<group>"; };
		2E9416E52BC61983003DEB44 /* StoreReviewHelper.swift */ = {isa = PBXFileReference; fileEncoding = 4; lastKnownFileType = sourcecode.swift; path = StoreReviewHelper.swift; sourceTree = "<group>"; };
		2E9416E62BC61984003DEB44 /* Analytics.swift */ = {isa = PBXFileReference; fileEncoding = 4; lastKnownFileType = sourcecode.swift; path = Analytics.swift; sourceTree = "<group>"; };
		2E9416E72BC61984003DEB44 /* Extensions+App.swift */ = {isa = PBXFileReference; fileEncoding = 4; lastKnownFileType = sourcecode.swift; path = "Extensions+App.swift"; sourceTree = "<group>"; };
		2E9416E82BC61984003DEB44 /* Time.swift */ = {isa = PBXFileReference; fileEncoding = 4; lastKnownFileType = sourcecode.swift; path = Time.swift; sourceTree = "<group>"; };
		2E9416E92BC61984003DEB44 /* SearchTableViewHelpers.swift */ = {isa = PBXFileReference; fileEncoding = 4; lastKnownFileType = sourcecode.swift; path = SearchTableViewHelpers.swift; sourceTree = "<group>"; };
		2E9416EB2BC61984003DEB44 /* Loader.swift */ = {isa = PBXFileReference; fileEncoding = 4; lastKnownFileType = sourcecode.swift; path = Loader.swift; sourceTree = "<group>"; };
		2E9416EC2BC61984003DEB44 /* JSONFileManager.swift */ = {isa = PBXFileReference; fileEncoding = 4; lastKnownFileType = sourcecode.swift; path = JSONFileManager.swift; sourceTree = "<group>"; };
		2E9416ED2BC61984003DEB44 /* AppShortcuts.swift */ = {isa = PBXFileReference; fileEncoding = 4; lastKnownFileType = sourcecode.swift; path = AppShortcuts.swift; sourceTree = "<group>"; };
		2E9416EE2BC61984003DEB44 /* Phrases.swift */ = {isa = PBXFileReference; fileEncoding = 4; lastKnownFileType = sourcecode.swift; path = Phrases.swift; sourceTree = "<group>"; };
		2E9416FE2BC61CF1003DEB44 /* LoadingIndicator.swift */ = {isa = PBXFileReference; fileEncoding = 4; lastKnownFileType = sourcecode.swift; path = LoadingIndicator.swift; sourceTree = "<group>"; };
		2E9416FF2BC61CF1003DEB44 /* InformationTableHeaderView.swift */ = {isa = PBXFileReference; fileEncoding = 4; lastKnownFileType = sourcecode.swift; path = InformationTableHeaderView.swift; sourceTree = "<group>"; };
		2E9417002BC61CF1003DEB44 /* RouteLine.swift */ = {isa = PBXFileReference; fileEncoding = 4; lastKnownFileType = sourcecode.swift; path = RouteLine.swift; sourceTree = "<group>"; };
		2E9417012BC61CF1003DEB44 /* RPCircularProgress.swift */ = {isa = PBXFileReference; fileEncoding = 4; lastKnownFileType = sourcecode.swift; path = RPCircularProgress.swift; sourceTree = "<group>"; };
		2E9417022BC61CF1003DEB44 /* SearchBarView.swift */ = {isa = PBXFileReference; fileEncoding = 4; lastKnownFileType = sourcecode.swift; path = SearchBarView.swift; sourceTree = "<group>"; };
		2E9417032BC61CF1003DEB44 /* HeaderView.swift */ = {isa = PBXFileReference; fileEncoding = 4; lastKnownFileType = sourcecode.swift; path = HeaderView.swift; sourceTree = "<group>"; };
		2E9417042BC61CF1003DEB44 /* RouteDiagramSegment.swift */ = {isa = PBXFileReference; fileEncoding = 4; lastKnownFileType = sourcecode.swift; path = RouteDiagramSegment.swift; sourceTree = "<group>"; };
		2E9417052BC61CF1003DEB44 /* PhraseLabelFooterView.swift */ = {isa = PBXFileReference; fileEncoding = 4; lastKnownFileType = sourcecode.swift; path = PhraseLabelFooterView.swift; sourceTree = "<group>"; };
		2E9417062BC61CF1003DEB44 /* SummaryView.swift */ = {isa = PBXFileReference; fileEncoding = 4; lastKnownFileType = sourcecode.swift; path = SummaryView.swift; sourceTree = "<group>"; };
		2E9417072BC61CF1003DEB44 /* LiveIndicator.swift */ = {isa = PBXFileReference; fileEncoding = 4; lastKnownFileType = sourcecode.swift; path = LiveIndicator.swift; sourceTree = "<group>"; };
		2E9417082BC61CF1003DEB44 /* Circle.swift */ = {isa = PBXFileReference; fileEncoding = 4; lastKnownFileType = sourcecode.swift; path = Circle.swift; sourceTree = "<group>"; };
		2E9417092BC61CF1003DEB44 /* RoundShadowedView.swift */ = {isa = PBXFileReference; fileEncoding = 4; lastKnownFileType = sourcecode.swift; path = RoundShadowedView.swift; sourceTree = "<group>"; };
		2E94170A2BC61CF1003DEB44 /* RouteDiagram.swift */ = {isa = PBXFileReference; fileEncoding = 4; lastKnownFileType = sourcecode.swift; path = RouteDiagram.swift; sourceTree = "<group>"; };
		2E94170B2BC61CF1003DEB44 /* BusIcon.swift */ = {isa = PBXFileReference; fileEncoding = 4; lastKnownFileType = sourcecode.swift; path = BusIcon.swift; sourceTree = "<group>"; };
		2E94170C2BC61CF1003DEB44 /* WalkWithDistanceIcon.swift */ = {isa = PBXFileReference; fileEncoding = 4; lastKnownFileType = sourcecode.swift; path = WalkWithDistanceIcon.swift; sourceTree = "<group>"; };
		2E94170D2BC61CF1003DEB44 /* NotificationBannerView.swift */ = {isa = PBXFileReference; fileEncoding = 4; lastKnownFileType = sourcecode.swift; path = NotificationBannerView.swift; sourceTree = "<group>"; };
		2E94170E2BC61CF1003DEB44 /* BusLocationView.swift */ = {isa = PBXFileReference; fileEncoding = 4; lastKnownFileType = sourcecode.swift; path = BusLocationView.swift; sourceTree = "<group>"; };
		2E94170F2BC61CF1003DEB44 /* DatePickerView.swift */ = {isa = PBXFileReference; fileEncoding = 4; lastKnownFileType = sourcecode.swift; path = DatePickerView.swift; sourceTree = "<group>"; };
		2E9417102BC61CF1003DEB44 /* DetailIconView.swift */ = {isa = PBXFileReference; fileEncoding = 4; lastKnownFileType = sourcecode.swift; path = DetailIconView.swift; sourceTree = "<group>"; };
		2E9417112BC61CF1003DEB44 /* RouteSelectionView.swift */ = {isa = PBXFileReference; fileEncoding = 4; lastKnownFileType = sourcecode.swift; path = RouteSelectionView.swift; sourceTree = "<group>"; };
		2E9FFA682BC673240051793C /* CapacityFields.graphql.swift */ = {isa = PBXFileReference; fileEncoding = 4; lastKnownFileType = sourcecode.swift; path = CapacityFields.graphql.swift; sourceTree = "<group>"; };
		2E9FFA692BC673240051793C /* FacilityFields.graphql.swift */ = {isa = PBXFileReference; fileEncoding = 4; lastKnownFileType = sourcecode.swift; path = FacilityFields.graphql.swift; sourceTree = "<group>"; };
		2E9FFA6A2BC673240051793C /* GymFields.graphql.swift */ = {isa = PBXFileReference; fileEncoding = 4; lastKnownFileType = sourcecode.swift; path = GymFields.graphql.swift; sourceTree = "<group>"; };
		2E9FFA6B2BC673240051793C /* OpenHoursFields.graphql.swift */ = {isa = PBXFileReference; fileEncoding = 4; lastKnownFileType = sourcecode.swift; path = OpenHoursFields.graphql.swift; sourceTree = "<group>"; };
		2E9FFA6D2BC673240051793C /* GetAllGymsQuery.graphql.swift */ = {isa = PBXFileReference; fileEncoding = 4; lastKnownFileType = sourcecode.swift; path = GetAllGymsQuery.graphql.swift; sourceTree = "<group>"; };
		2E9FFA702BC673240051793C /* AmenityType.graphql.swift */ = {isa = PBXFileReference; fileEncoding = 4; lastKnownFileType = sourcecode.swift; path = AmenityType.graphql.swift; sourceTree = "<group>"; };
		2E9FFA712BC673240051793C /* CourtType.graphql.swift */ = {isa = PBXFileReference; fileEncoding = 4; lastKnownFileType = sourcecode.swift; path = CourtType.graphql.swift; sourceTree = "<group>"; };
		2E9FFA722BC673240051793C /* FacilityType.graphql.swift */ = {isa = PBXFileReference; fileEncoding = 4; lastKnownFileType = sourcecode.swift; path = FacilityType.graphql.swift; sourceTree = "<group>"; };
		2E9FFA742BC673240051793C /* Amenity.graphql.swift */ = {isa = PBXFileReference; fileEncoding = 4; lastKnownFileType = sourcecode.swift; path = Amenity.graphql.swift; sourceTree = "<group>"; };
		2E9FFA752BC673240051793C /* Capacity.graphql.swift */ = {isa = PBXFileReference; fileEncoding = 4; lastKnownFileType = sourcecode.swift; path = Capacity.graphql.swift; sourceTree = "<group>"; };
		2E9FFA762BC673240051793C /* Facility.graphql.swift */ = {isa = PBXFileReference; fileEncoding = 4; lastKnownFileType = sourcecode.swift; path = Facility.graphql.swift; sourceTree = "<group>"; };
		2E9FFA772BC673240051793C /* Gym.graphql.swift */ = {isa = PBXFileReference; fileEncoding = 4; lastKnownFileType = sourcecode.swift; path = Gym.graphql.swift; sourceTree = "<group>"; };
		2E9FFA782BC673240051793C /* OpenHours.graphql.swift */ = {isa = PBXFileReference; fileEncoding = 4; lastKnownFileType = sourcecode.swift; path = OpenHours.graphql.swift; sourceTree = "<group>"; };
		2E9FFA792BC673240051793C /* Query.graphql.swift */ = {isa = PBXFileReference; fileEncoding = 4; lastKnownFileType = sourcecode.swift; path = Query.graphql.swift; sourceTree = "<group>"; };
		2E9FFA7B2BC673240051793C /* SchemaConfiguration.swift */ = {isa = PBXFileReference; fileEncoding = 4; lastKnownFileType = sourcecode.swift; path = SchemaConfiguration.swift; sourceTree = "<group>"; };
		2E9FFA7C2BC673240051793C /* SchemaMetadata.graphql.swift */ = {isa = PBXFileReference; fileEncoding = 4; lastKnownFileType = sourcecode.swift; path = SchemaMetadata.graphql.swift; sourceTree = "<group>"; };
		2E9FFA7E2BC673240051793C /* UpliftAPI.graphql.swift */ = {isa = PBXFileReference; fileEncoding = 4; lastKnownFileType = sourcecode.swift; path = UpliftAPI.graphql.swift; sourceTree = "<group>"; };
		2EC1F50D2BC66708001D9F66 /* GoogleService-Info.plist */ = {isa = PBXFileReference; fileEncoding = 4; lastKnownFileType = text.plist.xml; path = "GoogleService-Info.plist"; sourceTree = "<group>"; };
		2EC1F50E2BC66708001D9F66 /* Keys.plist */ = {isa = PBXFileReference; fileEncoding = 4; lastKnownFileType = text.plist.xml; path = Keys.plist; sourceTree = "<group>"; };
		2EC1F5112BC66972001D9F66 /* ApolloClientProtocol.swift */ = {isa = PBXFileReference; lastKnownFileType = sourcecode.swift; path = ApolloClientProtocol.swift; sourceTree = "<group>"; };
		2EC1F5132BC66A19001D9F66 /* ApolloNetwork.swift */ = {isa = PBXFileReference; lastKnownFileType = sourcecode.swift; path = ApolloNetwork.swift; sourceTree = "<group>"; };
		2EC1F5152BC66CBA001D9F66 /* Publishers.swift */ = {isa = PBXFileReference; lastKnownFileType = sourcecode.swift; path = Publishers.swift; sourceTree = "<group>"; };
		449A7C751D80D0E80019300C /* TCAT.app */ = {isa = PBXFileReference; explicitFileType = wrapper.application; includeInIndex = 0; path = TCAT.app; sourceTree = BUILT_PRODUCTS_DIR; };
		449A7C7F1D80D0E80019300C /* Assets.xcassets */ = {isa = PBXFileReference; lastKnownFileType = folder.assetcatalog; path = Assets.xcassets; sourceTree = "<group>"; };
		542B073726DFD1EE044EA97F /* Pods_TCAT.framework */ = {isa = PBXFileReference; explicitFileType = wrapper.framework; includeInIndex = 0; path = Pods_TCAT.framework; sourceTree = BUILT_PRODUCTS_DIR; };
		78CE6235AE56D8B3776331B2 /* Pods-TCAT.release.xcconfig */ = {isa = PBXFileReference; includeInIndex = 1; lastKnownFileType = text.xcconfig; name = "Pods-TCAT.release.xcconfig"; path = "Target Support Files/Pods-TCAT/Pods-TCAT.release.xcconfig"; sourceTree = "<group>"; };
		7A621E1F21DF0FC2CACD61FE /* Pods-TCAT.local.xcconfig */ = {isa = PBXFileReference; includeInIndex = 1; lastKnownFileType = text.xcconfig; name = "Pods-TCAT.local.xcconfig"; path = "Target Support Files/Pods-TCAT/Pods-TCAT.local.xcconfig"; sourceTree = "<group>"; };
		7C562FAA4261465E07ACE741 /* Pods-TCAT.debug.xcconfig */ = {isa = PBXFileReference; includeInIndex = 1; lastKnownFileType = text.xcconfig; name = "Pods-TCAT.debug.xcconfig"; path = "Target Support Files/Pods-TCAT/Pods-TCAT.debug.xcconfig"; sourceTree = "<group>"; };
		7E14AEC02177E846006A344D /* IntentsUI.framework */ = {isa = PBXFileReference; lastKnownFileType = wrapper.framework; name = IntentsUI.framework; path = System/Library/Frameworks/IntentsUI.framework; sourceTree = SDKROOT; };
		7EEF189C21B39C6200343FFD /* NotificationCenter.framework */ = {isa = PBXFileReference; lastKnownFileType = wrapper.framework; name = NotificationCenter.framework; path = System/Library/Frameworks/NotificationCenter.framework; sourceTree = SDKROOT; };
		BF74AC191F945D7D00AFD4E4 /* GoogleMapsBase.framework */ = {isa = PBXFileReference; lastKnownFileType = wrapper.framework; name = GoogleMapsBase.framework; path = Pods/GoogleMaps/Base/Frameworks/GoogleMapsBase.framework; sourceTree = "<group>"; };
		BF74AC1B1F945D8E00AFD4E4 /* GoogleMapsCore.framework */ = {isa = PBXFileReference; lastKnownFileType = wrapper.framework; name = GoogleMapsCore.framework; path = Pods/GoogleMaps/Maps/Frameworks/GoogleMapsCore.framework; sourceTree = "<group>"; };
		BF74AC1C1F945D8E00AFD4E4 /* GoogleMaps.framework */ = {isa = PBXFileReference; lastKnownFileType = wrapper.framework; name = GoogleMaps.framework; path = Pods/GoogleMaps/Maps/Frameworks/GoogleMaps.framework; sourceTree = "<group>"; };
		EEB26AE02C9F998C002E863F /* TCATLocal.entitlements */ = {isa = PBXFileReference; lastKnownFileType = text.plist.entitlements; path = TCATLocal.entitlements; sourceTree = "<group>"; };
		EEB26AE12C9F9B9A002E863F /* UserNotifications.framework */ = {isa = PBXFileReference; lastKnownFileType = wrapper.framework; name = UserNotifications.framework; path = System/Library/Frameworks/UserNotifications.framework; sourceTree = SDKROOT; };
		EEB26AE32C9FA60E002E863F /* TCATDebug.entitlements */ = {isa = PBXFileReference; lastKnownFileType = text.plist.entitlements; path = TCATDebug.entitlements; sourceTree = "<group>"; };
		FD44EC522CD86A56009269A2 /* TransitNotificationSubscriber.swift */ = {isa = PBXFileReference; lastKnownFileType = sourcecode.swift; path = TransitNotificationSubscriber.swift; sourceTree = "<group>"; };
		FD44EC542CD86C4A009269A2 /* PushNotificationService.swift */ = {isa = PBXFileReference; lastKnownFileType = sourcecode.swift; path = PushNotificationService.swift; sourceTree = "<group>"; };
		FD69AF2A2B89212F00970C7E /* ci_post_clone.sh */ = {isa = PBXFileReference; lastKnownFileType = text.script.sh; path = ci_post_clone.sh; sourceTree = "<group>"; };
/* End PBXFileReference section */

/* Begin PBXFileSystemSynchronizedRootGroup section */
		FD2707CE2D63938C00BF2DF2 /* Core */ = {isa = PBXFileSystemSynchronizedRootGroup; explicitFileTypes = {}; explicitFolders = (); path = Core; sourceTree = "<group>"; };
/* End PBXFileSystemSynchronizedRootGroup section */

/* Begin PBXFrameworksBuildPhase section */
		449A7C721D80D0E80019300C /* Frameworks */ = {
			isa = PBXFrameworksBuildPhase;
			buildActionMask = 2147483647;
			files = (
				BF74AC1D1F945D8E00AFD4E4 /* GoogleMapsCore.framework in Frameworks */,
				BF74AC1E1F945D8E00AFD4E4 /* GoogleMaps.framework in Frameworks */,
				BF74AC1A1F945D7D00AFD4E4 /* GoogleMapsBase.framework in Frameworks */,
				28EA3E17A0C473892F5506EC /* Pods_TCAT.framework in Frameworks */,
			);
			runOnlyForDeploymentPostprocessing = 0;
		};
/* End PBXFrameworksBuildPhase section */

/* Begin PBXGroup section */
		12F774CEB5023E6938BDCF3A /* Frameworks */ = {
			isa = PBXGroup;
			children = (
				EEB26AE12C9F9B9A002E863F /* UserNotifications.framework */,
				BF74AC1C1F945D8E00AFD4E4 /* GoogleMaps.framework */,
				BF74AC1B1F945D8E00AFD4E4 /* GoogleMapsCore.framework */,
				BF74AC191F945D7D00AFD4E4 /* GoogleMapsBase.framework */,
				7E14AEC02177E846006A344D /* IntentsUI.framework */,
				7EEF189C21B39C6200343FFD /* NotificationCenter.framework */,
				542B073726DFD1EE044EA97F /* Pods_TCAT.framework */,
			);
			name = Frameworks;
			sourceTree = "<group>";
		};
		2E94165E2BC60A3B003DEB44 /* Ecosystem */ = {
			isa = PBXGroup;
			children = (
				2EC1F5112BC66972001D9F66 /* ApolloClientProtocol.swift */,
				2EC1F5132BC66A19001D9F66 /* ApolloNetwork.swift */,
				2EC1F5152BC66CBA001D9F66 /* Publishers.swift */,
				2E94165F2BC60A59003DEB44 /* UpliftQueries.graphql */,
			);
			path = Ecosystem;
			sourceTree = "<group>";
		};
		2E9416662BC615B0003DEB44 /* Base */ = {
			isa = PBXGroup;
			children = (
				2E9416672BC615DF003DEB44 /* AppDelegate.swift */,
				2E9416682BC615DF003DEB44 /* LaunchScreen.storyboard */,
			);
			path = Base;
			sourceTree = "<group>";
		};
		2E94166C2BC61604003DEB44 /* Cells */ = {
			isa = PBXGroup;
			children = (
				2E94166F2BC61679003DEB44 /* AddFavoritesCollectionViewCell.swift */,
				2E9416742BC61679003DEB44 /* BusStopTableViewCell.swift */,
				2E9416732BC61679003DEB44 /* FavoritesCollectionViewCell.swift */,
				2E9416702BC61679003DEB44 /* GeneralTableViewCell.swift */,
				2E94166E2BC61679003DEB44 /* LargeDetailTableViewCell.swift */,
				2E9416712BC61679003DEB44 /* NotificationToggleTableViewCell.swift */,
				2E9416752BC61679003DEB44 /* PlaceTableViewCell.swift */,
				2E9416762BC61679003DEB44 /* RouteTableViewCell.swift */,
				2E94166D2BC61678003DEB44 /* ServiceAlertTableViewCell.swift */,
				2E9416722BC61679003DEB44 /* SmallDetailTableViewCell.swift */,
			);
			path = Cells;
			sourceTree = "<group>";
		};
		2E9416822BC6168C003DEB44 /* Controllers */ = {
			isa = PBXGroup;
			children = (
				2E9416872BC616B9003DEB44 /* CustomNavigationController.swift */,
				2E94168A2BC616B9003DEB44 /* FavoritesTableViewController.swift */,
				2E9416912BC616B9003DEB44 /* FavoritesViewController.swift */,
				2E9416902BC616B9003DEB44 /* HomeMapViewController.swift */,
				2E94168C2BC616B9003DEB44 /* HomeOptionsCardViewController.swift */,
				2E9416922BC616B9003DEB44 /* HomeOptionsCardViewController+Extensions.swift */,
				2E94168D2BC616B9003DEB44 /* InformationViewController.swift */,
				2E9416932BC616B9003DEB44 /* OnboardingViewController.swift */,
				2E9416942BC616B9003DEB44 /* ParentHomeViewController.swift */,
				2E9416842BC616B9003DEB44 /* RouteDetail+ContentViewController.swift */,
				2E9416852BC616B9003DEB44 /* RouteDetail+DrawerViewController.swift */,
				2E9416862BC616B9003DEB44 /* RouteDetailContentViewController+Extensions.swift */,
				2E9416952BC616B9003DEB44 /* RouteDetailDrawerViewController+Extensions.swift */,
				2E9416832BC616B9003DEB44 /* RouteDetailViewController.swift */,
				2E94168E2BC616B9003DEB44 /* RouteOptionsViewController.swift */,
				2E9416892BC616B9003DEB44 /* RouteOptionsViewController+Extensions.swift */,
				2E94168F2BC616B9003DEB44 /* ServiceAlertsViewController.swift */,
				2E94168B2BC616B9003DEB44 /* SearchResultsViewController.swift */,
				2E9416882BC616B9003DEB44 /* StopPickerViewController.swift */,
			);
			path = Controllers;
			sourceTree = "<group>";
		};
		2E9416AB2BC616DE003DEB44 /* Models */ = {
			isa = PBXGroup;
			children = (
				2E9416B52BC61731003DEB44 /* AppleSearchResponse.swift */,
				2E9416B12BC61731003DEB44 /* BusLocation.swift */,
				2E9416B82BC61731003DEB44 /* BusPath.swift */,
				2E9416B22BC61731003DEB44 /* Direction.swift */,
				2E9416B02BC61731003DEB44 /* LocationObject.swift */,
				2E9416AD2BC61731003DEB44 /* Place.swift */,
				2E9416AC2BC61731003DEB44 /* PlaceCoordinates.swift */,
				2E9416B32BC61731003DEB44 /* Route.swift */,
				2E9416B72BC61731003DEB44 /* Section.swift */,
				2E9416AE2BC61731003DEB44 /* ServiceAlert.swift */,
				2E9416B42BC61731003DEB44 /* WalkPath.swift */,
				2E9416AF2BC61731003DEB44 /* Waypoint.swift */,
			);
			path = Models;
			sourceTree = "<group>";
		};
		2E9416C72BC61763003DEB44 /* Supporting */ = {
			isa = PBXGroup;
			children = (
				2E9416C82BC6177B003DEB44 /* Fonts */,
				2E9416DA2BC618DA003DEB44 /* Constants.swift */,
				2E9416DB2BC618DA003DEB44 /* TransitEnvironment.swift */,
				2E9416D92BC618DA003DEB44 /* Info.plist */,
				2E9416DC2BC618DA003DEB44 /* TCAT.entitlements */,
			);
			path = Supporting;
			sourceTree = "<group>";
		};
		2E9416C82BC6177B003DEB44 /* Fonts */ = {
			isa = PBXGroup;
			children = (
				2E9416CA2BC618CA003DEB44 /* SFProDisplay-Bold.otf */,
				2E9416CF2BC618CA003DEB44 /* SFProDisplay-Medium.otf */,
				2E9416CB2BC618CA003DEB44 /* SFProDisplay-Regular.otf */,
				2E9416C92BC618CA003DEB44 /* SFProDisplay-Semibold.otf */,
				2E9416CD2BC618CA003DEB44 /* SFUIText-Bold.otf */,
				2E9416CE2BC618CA003DEB44 /* SFUIText-Medium.otf */,
				2E9416D02BC618CA003DEB44 /* SFUIText-Regular.otf */,
				2E9416CC2BC618CA003DEB44 /* SFUIText-Semibold.otf */,
			);
			path = Fonts;
			sourceTree = "<group>";
		};
		2E9416E02BC618E6003DEB44 /* Utils */ = {
			isa = PBXGroup;
			children = (
				2E9416E62BC61984003DEB44 /* Analytics.swift */,
				2E9416ED2BC61984003DEB44 /* AppShortcuts.swift */,
				2E9416E12BC61983003DEB44 /* EventPayload.swift */,
				2E9416E72BC61984003DEB44 /* Extensions+App.swift */,
				2E9416E22BC61983003DEB44 /* Extensions+Shared.swift */,
				2E9416EC2BC61984003DEB44 /* JSONFileManager.swift */,
				2E9416EB2BC61984003DEB44 /* Loader.swift */,
				2E9416EE2BC61984003DEB44 /* Phrases.swift */,
				2E9416E92BC61984003DEB44 /* SearchTableViewHelpers.swift */,
				2E9416E32BC61983003DEB44 /* Shared.swift */,
				2E9416E52BC61983003DEB44 /* StoreReviewHelper.swift */,
				2E9416E42BC61983003DEB44 /* Styles.swift */,
				2E9416E82BC61984003DEB44 /* Time.swift */,
			);
			path = Utils;
			sourceTree = "<group>";
		};
		2E9416FD2BC61CAE003DEB44 /* Views */ = {
			isa = PBXGroup;
			children = (
				2E94170B2BC61CF1003DEB44 /* BusIcon.swift */,
				2E94170E2BC61CF1003DEB44 /* BusLocationView.swift */,
				2E9417082BC61CF1003DEB44 /* Circle.swift */,
				2E94170F2BC61CF1003DEB44 /* DatePickerView.swift */,
				2E9417102BC61CF1003DEB44 /* DetailIconView.swift */,
				2E9417032BC61CF1003DEB44 /* HeaderView.swift */,
				2E9416FF2BC61CF1003DEB44 /* InformationTableHeaderView.swift */,
				2E9417072BC61CF1003DEB44 /* LiveIndicator.swift */,
				2E9416FE2BC61CF1003DEB44 /* LoadingIndicator.swift */,
				2E94170D2BC61CF1003DEB44 /* NotificationBannerView.swift */,
				2E9417052BC61CF1003DEB44 /* PhraseLabelFooterView.swift */,
				2E9417092BC61CF1003DEB44 /* RoundShadowedView.swift */,
				2E94170A2BC61CF1003DEB44 /* RouteDiagram.swift */,
				2E9417042BC61CF1003DEB44 /* RouteDiagramSegment.swift */,
				2E9417002BC61CF1003DEB44 /* RouteLine.swift */,
				2E9417112BC61CF1003DEB44 /* RouteSelectionView.swift */,
				2E9417012BC61CF1003DEB44 /* RPCircularProgress.swift */,
				2E9417022BC61CF1003DEB44 /* SearchBarView.swift */,
				2E9417062BC61CF1003DEB44 /* SummaryView.swift */,
				2E94170C2BC61CF1003DEB44 /* WalkWithDistanceIcon.swift */,
			);
			path = Views;
			sourceTree = "<group>";
		};
		2E9FFA6C2BC673240051793C /* Fragments */ = {
			isa = PBXGroup;
			children = (
				2E9FFA682BC673240051793C /* CapacityFields.graphql.swift */,
				2E9FFA692BC673240051793C /* FacilityFields.graphql.swift */,
				2E9FFA6A2BC673240051793C /* GymFields.graphql.swift */,
				2E9FFA6B2BC673240051793C /* OpenHoursFields.graphql.swift */,
			);
			path = Fragments;
			sourceTree = "<group>";
		};
		2E9FFA6E2BC673240051793C /* Queries */ = {
			isa = PBXGroup;
			children = (
				2E9FFA6D2BC673240051793C /* GetAllGymsQuery.graphql.swift */,
			);
			path = Queries;
			sourceTree = "<group>";
		};
		2E9FFA6F2BC673240051793C /* Operations */ = {
			isa = PBXGroup;
			children = (
				2E9FFA6E2BC673240051793C /* Queries */,
			);
			path = Operations;
			sourceTree = "<group>";
		};
		2E9FFA732BC673240051793C /* Enums */ = {
			isa = PBXGroup;
			children = (
				2E9FFA702BC673240051793C /* AmenityType.graphql.swift */,
				2E9FFA712BC673240051793C /* CourtType.graphql.swift */,
				2E9FFA722BC673240051793C /* FacilityType.graphql.swift */,
			);
			path = Enums;
			sourceTree = "<group>";
		};
		2E9FFA7A2BC673240051793C /* Objects */ = {
			isa = PBXGroup;
			children = (
				2E9FFA742BC673240051793C /* Amenity.graphql.swift */,
				2E9FFA752BC673240051793C /* Capacity.graphql.swift */,
				2E9FFA762BC673240051793C /* Facility.graphql.swift */,
				2E9FFA772BC673240051793C /* Gym.graphql.swift */,
				2E9FFA782BC673240051793C /* OpenHours.graphql.swift */,
				2E9FFA792BC673240051793C /* Query.graphql.swift */,
			);
			path = Objects;
			sourceTree = "<group>";
		};
		2E9FFA7D2BC673240051793C /* Schema */ = {
			isa = PBXGroup;
			children = (
				2E9FFA732BC673240051793C /* Enums */,
				2E9FFA7A2BC673240051793C /* Objects */,
				2E9FFA7B2BC673240051793C /* SchemaConfiguration.swift */,
				2E9FFA7C2BC673240051793C /* SchemaMetadata.graphql.swift */,
			);
			path = Schema;
			sourceTree = "<group>";
		};
		2E9FFA7F2BC673240051793C /* UpliftAPI */ = {
			isa = PBXGroup;
			children = (
				2E9FFA6C2BC673240051793C /* Fragments */,
				2E9FFA6F2BC673240051793C /* Operations */,
				2E9FFA7D2BC673240051793C /* Schema */,
				2E9FFA7E2BC673240051793C /* UpliftAPI.graphql.swift */,
			);
			path = UpliftAPI;
			sourceTree = "<group>";
		};
		2EC1F50C2BC666F5001D9F66 /* TransitSecrets */ = {
			isa = PBXGroup;
			children = (
				2EC1F50D2BC66708001D9F66 /* GoogleService-Info.plist */,
				2EC1F50E2BC66708001D9F66 /* Keys.plist */,
			);
			path = TransitSecrets;
			sourceTree = "<group>";
		};
		449A7C6C1D80D0E80019300C = {
			isa = PBXGroup;
			children = (
				FD69AF292B8920D500970C7E /* ci_scripts */,
				449A7C771D80D0E80019300C /* TCAT */,
				2EC1F50C2BC666F5001D9F66 /* TransitSecrets */,
				2E9FFA7F2BC673240051793C /* UpliftAPI */,
				449A7C761D80D0E80019300C /* Products */,
				12F774CEB5023E6938BDCF3A /* Frameworks */,
				44BE841D0263A527944A6E0F /* Pods */,
			);
			sourceTree = "<group>";
		};
		449A7C761D80D0E80019300C /* Products */ = {
			isa = PBXGroup;
			children = (
				449A7C751D80D0E80019300C /* TCAT.app */,
			);
			name = Products;
			sourceTree = "<group>";
		};
		449A7C771D80D0E80019300C /* TCAT */ = {
			isa = PBXGroup;
			children = (
				EEB26AE32C9FA60E002E863F /* TCATDebug.entitlements */,
				EEB26AE02C9F998C002E863F /* TCATLocal.entitlements */,
				449A7C7F1D80D0E80019300C /* Assets.xcassets */,
				2E70434D2BB75E10003AC1D6 /* PrivacyInfo.xcprivacy */,
				2E9416662BC615B0003DEB44 /* Base */,
				2E94166C2BC61604003DEB44 /* Cells */,
				2E9416822BC6168C003DEB44 /* Controllers */,
				2E94165E2BC60A3B003DEB44 /* Ecosystem */,
				FD44EC562CD8914D009269A2 /* Managers */,
				2E9416AB2BC616DE003DEB44 /* Models */,
				FD2707CE2D63938C00BF2DF2 /* Core */,
				2E9416C72BC61763003DEB44 /* Supporting */,
				2E9416E02BC618E6003DEB44 /* Utils */,
				2E9416FD2BC61CAE003DEB44 /* Views */,
			);
			path = TCAT;
			sourceTree = "<group>";
		};
		44BE841D0263A527944A6E0F /* Pods */ = {
			isa = PBXGroup;
			children = (
				7C562FAA4261465E07ACE741 /* Pods-TCAT.debug.xcconfig */,
				7A621E1F21DF0FC2CACD61FE /* Pods-TCAT.local.xcconfig */,
				78CE6235AE56D8B3776331B2 /* Pods-TCAT.release.xcconfig */,
			);
			path = Pods;
			sourceTree = "<group>";
		};
		FD44EC562CD8914D009269A2 /* Managers */ = {
			isa = PBXGroup;
			children = (
				FD44EC542CD86C4A009269A2 /* PushNotificationService.swift */,
				FD44EC522CD86A56009269A2 /* TransitNotificationSubscriber.swift */,
				2E9416B62BC61731003DEB44 /* SearchManager.swift */,
			);
			path = Managers;
			sourceTree = "<group>";
		};
		FD69AF292B8920D500970C7E /* ci_scripts */ = {
			isa = PBXGroup;
			children = (
				FD69AF2A2B89212F00970C7E /* ci_post_clone.sh */,
			);
			path = ci_scripts;
			sourceTree = "<group>";
		};
/* End PBXGroup section */

/* Begin PBXNativeTarget section */
		449A7C741D80D0E80019300C /* TCAT */ = {
			isa = PBXNativeTarget;
			buildConfigurationList = 449A7C9D1D80D0E80019300C /* Build configuration list for PBXNativeTarget "TCAT" */;
			buildPhases = (
				E23EEB875E8C363D642AB893 /* [CP] Check Pods Manifest.lock */,
				449A7C711D80D0E80019300C /* Sources */,
				449A7C721D80D0E80019300C /* Frameworks */,
				449A7C731D80D0E80019300C /* Resources */,
				2292F9DB215722ED00C8C931 /* SwiftLint */,
				7E14AED52177E846006A344D /* Embed Foundation Extensions */,
				CE26CBF62B879837005D099A /* Crashlytics */,
				882B9E91268F347446806E32 /* [CP] Embed Pods Frameworks */,
				0B4CA64206AF6DA1763F9ACB /* [CP] Copy Pods Resources */,
			);
			buildRules = (
			);
			dependencies = (
			);
			fileSystemSynchronizedGroups = (
				FD2707CE2D63938C00BF2DF2 /* Core */,
			);
			name = TCAT;
			productName = TCAT;
			productReference = 449A7C751D80D0E80019300C /* TCAT.app */;
			productType = "com.apple.product-type.application";
		};
/* End PBXNativeTarget section */

/* Begin PBXProject section */
		449A7C6D1D80D0E80019300C /* Project object */ = {
			isa = PBXProject;
			attributes = {
				BuildIndependentTargetsInParallel = YES;
				LastSwiftUpdateCheck = 1010;
				LastUpgradeCheck = 1500;
				ORGANIZATIONNAME = "Cornell AppDev";
				TargetAttributes = {
					449A7C741D80D0E80019300C = {
						CreatedOnToolsVersion = 7.3.1;
						DevelopmentTeam = ZGMCXU7X3U;
						LastSwiftMigration = 1020;
						ProvisioningStyle = Automatic;
						SystemCapabilities = {
							com.apple.ApplicationGroups.iOS = {
								enabled = 1;
							};
							com.apple.BackgroundModes = {
								enabled = 1;
							};
							com.apple.Siri = {
								enabled = 1;
							};
						};
					};
				};
			};
			buildConfigurationList = 449A7C701D80D0E80019300C /* Build configuration list for PBXProject "TCAT" */;
			compatibilityVersion = "Xcode 14.0";
			developmentRegion = en;
			hasScannedForEncodings = 0;
			knownRegions = (
				en,
				Base,
			);
			mainGroup = 449A7C6C1D80D0E80019300C;
			productRefGroup = 449A7C761D80D0E80019300C /* Products */;
			projectDirPath = "";
			projectRoot = "";
			targets = (
				449A7C741D80D0E80019300C /* TCAT */,
			);
		};
/* End PBXProject section */

/* Begin PBXResourcesBuildPhase section */
		449A7C731D80D0E80019300C /* Resources */ = {
			isa = PBXResourcesBuildPhase;
			buildActionMask = 2147483647;
			files = (
				2EC1F50F2BC66708001D9F66 /* GoogleService-Info.plist in Resources */,
				2E9416D22BC618CA003DEB44 /* SFProDisplay-Bold.otf in Resources */,
				2E9416602BC60A59003DEB44 /* UpliftQueries.graphql in Resources */,
				2E9416D82BC618CA003DEB44 /* SFUIText-Regular.otf in Resources */,
				2EC1F5102BC66708001D9F66 /* Keys.plist in Resources */,
				2E70434E2BB75E10003AC1D6 /* PrivacyInfo.xcprivacy in Resources */,
				2E9416D72BC618CA003DEB44 /* SFProDisplay-Medium.otf in Resources */,
				2E94166A2BC615DF003DEB44 /* LaunchScreen.storyboard in Resources */,
				2E9416D62BC618CA003DEB44 /* SFUIText-Medium.otf in Resources */,
				2E9416D42BC618CA003DEB44 /* SFUIText-Semibold.otf in Resources */,
				2E9416D52BC618CA003DEB44 /* SFUIText-Bold.otf in Resources */,
				2E9416D12BC618CA003DEB44 /* SFProDisplay-Semibold.otf in Resources */,
				2E9416D32BC618CA003DEB44 /* SFProDisplay-Regular.otf in Resources */,
				449A7C801D80D0E80019300C /* Assets.xcassets in Resources */,
			);
			runOnlyForDeploymentPostprocessing = 0;
		};
/* End PBXResourcesBuildPhase section */

/* Begin PBXShellScriptBuildPhase section */
		0B4CA64206AF6DA1763F9ACB /* [CP] Copy Pods Resources */ = {
			isa = PBXShellScriptBuildPhase;
			buildActionMask = 2147483647;
			files = (
			);
			inputFileListPaths = (
				"${PODS_ROOT}/Target Support Files/Pods-TCAT/Pods-TCAT-resources-${CONFIGURATION}-input-files.xcfilelist",
			);
			name = "[CP] Copy Pods Resources";
			outputFileListPaths = (
				"${PODS_ROOT}/Target Support Files/Pods-TCAT/Pods-TCAT-resources-${CONFIGURATION}-output-files.xcfilelist",
			);
			runOnlyForDeploymentPostprocessing = 0;
			shellPath = /bin/sh;
			shellScript = "\"${PODS_ROOT}/Target Support Files/Pods-TCAT/Pods-TCAT-resources.sh\"\n";
			showEnvVarsInLog = 0;
		};
		2292F9DB215722ED00C8C931 /* SwiftLint */ = {
			isa = PBXShellScriptBuildPhase;
			alwaysOutOfDate = 1;
			buildActionMask = 2147483647;
			files = (
			);
			inputPaths = (
				"${PODS_PODFILE_DIR_PATH}/Podfile.lock",
				"${PODS_ROOT}/Manifest.lock",
			);
			name = SwiftLint;
			outputPaths = (
				"$(DERIVED_FILE_DIR)/Pods-TCATUITests-checkManifestLockResult.txt",
			);
			runOnlyForDeploymentPostprocessing = 0;
			shellPath = /bin/sh;
			shellScript = "\"${PODS_ROOT}/SwiftLint/swiftlint\"\n\nif which swiftlint >/dev/null; then\n    swiftlint --fix && swiftlint\nelse\n    echo \"WARNING: SwiftLint not installed\"\nfi\n";
		};
		882B9E91268F347446806E32 /* [CP] Embed Pods Frameworks */ = {
			isa = PBXShellScriptBuildPhase;
			buildActionMask = 2147483647;
			files = (
			);
			inputFileListPaths = (
				"${PODS_ROOT}/Target Support Files/Pods-TCAT/Pods-TCAT-frameworks-${CONFIGURATION}-input-files.xcfilelist",
			);
			name = "[CP] Embed Pods Frameworks";
			outputFileListPaths = (
				"${PODS_ROOT}/Target Support Files/Pods-TCAT/Pods-TCAT-frameworks-${CONFIGURATION}-output-files.xcfilelist",
			);
			runOnlyForDeploymentPostprocessing = 0;
			shellPath = /bin/sh;
			shellScript = "\"${PODS_ROOT}/Target Support Files/Pods-TCAT/Pods-TCAT-frameworks.sh\"\n";
			showEnvVarsInLog = 0;
		};
		CE26CBF62B879837005D099A /* Crashlytics */ = {
			isa = PBXShellScriptBuildPhase;
			buildActionMask = 2147483647;
			files = (
			);
			inputFileListPaths = (
			);
			inputPaths = (
				"${DWARF_DSYM_FOLDER_PATH}/${DWARF_DSYM_FILE_NAME}",
				"${DWARF_DSYM_FOLDER_PATH}/${DWARF_DSYM_FILE_NAME}/Contents/Resources/DWARF/${PRODUCT_NAME}",
				"${DWARF_DSYM_FOLDER_PATH}/${DWARF_DSYM_FILE_NAME}/Contents/Info.plist",
				"$(TARGET_BUILD_DIR)/$(UNLOCALIZED_RESOURCES_FOLDER_PATH)/GoogleService-Info.plist",
				"$(TARGET_BUILD_DIR)/$(EXECUTABLE_PATH)",
			);
			name = Crashlytics;
			outputFileListPaths = (
			);
			outputPaths = (
			);
			runOnlyForDeploymentPostprocessing = 0;
			shellPath = /bin/sh;
			shellScript = "\"${PODS_ROOT}/FirebaseCrashlytics/run\"\n";
		};
		E23EEB875E8C363D642AB893 /* [CP] Check Pods Manifest.lock */ = {
			isa = PBXShellScriptBuildPhase;
			buildActionMask = 2147483647;
			files = (
			);
			inputFileListPaths = (
			);
			inputPaths = (
				"${PODS_PODFILE_DIR_PATH}/Podfile.lock",
				"${PODS_ROOT}/Manifest.lock",
			);
			name = "[CP] Check Pods Manifest.lock";
			outputFileListPaths = (
			);
			outputPaths = (
				"$(DERIVED_FILE_DIR)/Pods-TCAT-checkManifestLockResult.txt",
			);
			runOnlyForDeploymentPostprocessing = 0;
			shellPath = /bin/sh;
			shellScript = "diff \"${PODS_PODFILE_DIR_PATH}/Podfile.lock\" \"${PODS_ROOT}/Manifest.lock\" > /dev/null\nif [ $? != 0 ] ; then\n    # print error to STDERR\n    echo \"error: The sandbox is not in sync with the Podfile.lock. Run 'pod install' or update your CocoaPods installation.\" >&2\n    exit 1\nfi\n# This output is used by Xcode 'outputs' to avoid re-running this script phase.\necho \"SUCCESS\" > \"${SCRIPT_OUTPUT_FILE_0}\"\n";
			showEnvVarsInLog = 0;
		};
/* End PBXShellScriptBuildPhase section */

/* Begin PBXSourcesBuildPhase section */
		449A7C711D80D0E80019300C /* Sources */ = {
			isa = PBXSourcesBuildPhase;
			buildActionMask = 2147483647;
			files = (
				2E9416982BC616B9003DEB44 /* RouteDetail+DrawerViewController.swift in Sources */,
				2E94169D2BC616B9003DEB44 /* FavoritesTableViewController.swift in Sources */,
				2E9416692BC615DF003DEB44 /* AppDelegate.swift in Sources */,
				2E9FFA802BC673240051793C /* CapacityFields.graphql.swift in Sources */,
				2E9416F32BC61984003DEB44 /* StoreReviewHelper.swift in Sources */,
				2E9416C12BC61731003DEB44 /* WalkPath.swift in Sources */,
				2E9416BC2BC61731003DEB44 /* Waypoint.swift in Sources */,
				2E9417202BC61CF1003DEB44 /* WalkWithDistanceIcon.swift in Sources */,
				2E94169B2BC616B9003DEB44 /* StopPickerViewController.swift in Sources */,
				2E9417162BC61CF1003DEB44 /* SearchBarView.swift in Sources */,
				2E9FFA882BC673240051793C /* Amenity.graphql.swift in Sources */,
				2E9FFA852BC673240051793C /* AmenityType.graphql.swift in Sources */,
				2E9416F02BC61984003DEB44 /* Extensions+Shared.swift in Sources */,
				2E9FFA8F2BC673240051793C /* SchemaMetadata.graphql.swift in Sources */,
				2E9416A22BC616B9003DEB44 /* ServiceAlertsViewController.swift in Sources */,
				2E9416F42BC61984003DEB44 /* Analytics.swift in Sources */,
				2E9416A62BC616B9003DEB44 /* OnboardingViewController.swift in Sources */,
				2E9416A72BC616B9003DEB44 /* ParentHomeViewController.swift in Sources */,
				2E94167D2BC61679003DEB44 /* FavoritesCollectionViewCell.swift in Sources */,
				2E94167F2BC61679003DEB44 /* PlaceTableViewCell.swift in Sources */,
				2E9417192BC61CF1003DEB44 /* PhraseLabelFooterView.swift in Sources */,
				2E9416FC2BC61984003DEB44 /* Phrases.swift in Sources */,
				2E9417132BC61CF1003DEB44 /* InformationTableHeaderView.swift in Sources */,
				2E9416A42BC616B9003DEB44 /* FavoritesViewController.swift in Sources */,
				2E9416A82BC616B9003DEB44 /* RouteDetailDrawerViewController+Extensions.swift in Sources */,
				2E9416C22BC61731003DEB44 /* AppleSearchResponse.swift in Sources */,
				2E9416A12BC616B9003DEB44 /* RouteOptionsViewController.swift in Sources */,
				2E9416BF2BC61731003DEB44 /* Direction.swift in Sources */,
				FD44EC532CD86A5F009269A2 /* TransitNotificationSubscriber.swift in Sources */,
				2EC1F5122BC66972001D9F66 /* ApolloClientProtocol.swift in Sources */,
				2E9FFA902BC673240051793C /* UpliftAPI.graphql.swift in Sources */,
				2E9416BD2BC61731003DEB44 /* LocationObject.swift in Sources */,
				2E9416802BC61679003DEB44 /* RouteTableViewCell.swift in Sources */,
				2E94171B2BC61CF1003DEB44 /* LiveIndicator.swift in Sources */,
				2E94167C2BC61679003DEB44 /* SmallDetailTableViewCell.swift in Sources */,
				2E9416A32BC616B9003DEB44 /* HomeMapViewController.swift in Sources */,
				2E9FFA8A2BC673240051793C /* Facility.graphql.swift in Sources */,
				2E9416B92BC61731003DEB44 /* PlaceCoordinates.swift in Sources */,
				2E9417142BC61CF1003DEB44 /* RouteLine.swift in Sources */,
				2E9FFA8C2BC673240051793C /* OpenHours.graphql.swift in Sources */,
				2E9417182BC61CF1003DEB44 /* RouteDiagramSegment.swift in Sources */,
				2E9416C32BC61731003DEB44 /* SearchManager.swift in Sources */,
				2E9417212BC61CF1003DEB44 /* NotificationBannerView.swift in Sources */,
				2E9FFA832BC673240051793C /* OpenHoursFields.graphql.swift in Sources */,
				2E9416972BC616B9003DEB44 /* RouteDetail+ContentViewController.swift in Sources */,
				2E9416F62BC61984003DEB44 /* Time.swift in Sources */,
				2E9FFA8D2BC673240051793C /* Query.graphql.swift in Sources */,
				2E9416792BC61679003DEB44 /* AddFavoritesCollectionViewCell.swift in Sources */,
				2E9FFA812BC673240051793C /* FacilityFields.graphql.swift in Sources */,
				2E94171F2BC61CF1003DEB44 /* BusIcon.swift in Sources */,
				2E9417242BC61CF1003DEB44 /* DetailIconView.swift in Sources */,
				2E94171A2BC61CF1003DEB44 /* SummaryView.swift in Sources */,
				2E9416992BC616B9003DEB44 /* RouteDetailContentViewController+Extensions.swift in Sources */,
				2E9416F12BC61984003DEB44 /* Shared.swift in Sources */,
				2E9FFA892BC673240051793C /* Capacity.graphql.swift in Sources */,
				2E9416BB2BC61731003DEB44 /* ServiceAlert.swift in Sources */,
				FD44EC552CD86C55009269A2 /* PushNotificationService.swift in Sources */,
				2EC1F5162BC66CBA001D9F66 /* Publishers.swift in Sources */,
				2E94169E2BC616B9003DEB44 /* SearchResultsViewController.swift in Sources */,
				2E9FFA822BC673240051793C /* GymFields.graphql.swift in Sources */,
				2E9416A02BC616B9003DEB44 /* InformationViewController.swift in Sources */,
				2E9416772BC61679003DEB44 /* ServiceAlertTableViewCell.swift in Sources */,
				2E9416A52BC616B9003DEB44 /* HomeOptionsCardViewController+Extensions.swift in Sources */,
				2E9416F72BC61984003DEB44 /* SearchTableViewHelpers.swift in Sources */,
				2E94171D2BC61CF1003DEB44 /* RoundShadowedView.swift in Sources */,
				2E9416962BC616B9003DEB44 /* RouteDetailViewController.swift in Sources */,
				2E9416BA2BC61731003DEB44 /* Place.swift in Sources */,
				2E9416F52BC61984003DEB44 /* Extensions+App.swift in Sources */,
				2E9416782BC61679003DEB44 /* LargeDetailTableViewCell.swift in Sources */,
				2E94169F2BC616B9003DEB44 /* HomeOptionsCardViewController.swift in Sources */,
				2E94169A2BC616B9003DEB44 /* CustomNavigationController.swift in Sources */,
				2E9416DE2BC618DA003DEB44 /* Constants.swift in Sources */,
				2E9FFA862BC673240051793C /* CourtType.graphql.swift in Sources */,
				2E94167E2BC61679003DEB44 /* BusStopTableViewCell.swift in Sources */,
				2E94167B2BC61679003DEB44 /* NotificationToggleTableViewCell.swift in Sources */,
				2E9416BE2BC61731003DEB44 /* BusLocation.swift in Sources */,
				2EC1F5142BC66A19001D9F66 /* ApolloNetwork.swift in Sources */,
				2E9416C02BC61731003DEB44 /* Route.swift in Sources */,
				2E94171E2BC61CF1003DEB44 /* RouteDiagram.swift in Sources */,
				2E9416C52BC61731003DEB44 /* BusPath.swift in Sources */,
				2E9417232BC61CF1003DEB44 /* DatePickerView.swift in Sources */,
				2E9416FA2BC61984003DEB44 /* JSONFileManager.swift in Sources */,
				2E9416FB2BC61984003DEB44 /* AppShortcuts.swift in Sources */,
				2E9416F22BC61984003DEB44 /* Styles.swift in Sources */,
				2E9416DF2BC618DA003DEB44 /* TransitEnvironment.swift in Sources */,
				2E9FFA8B2BC673240051793C /* Gym.graphql.swift in Sources */,
				2E9FFA8E2BC673240051793C /* SchemaConfiguration.swift in Sources */,
				2E9416EF2BC61984003DEB44 /* EventPayload.swift in Sources */,
				2E94167A2BC61679003DEB44 /* GeneralTableViewCell.swift in Sources */,
				2E9417222BC61CF1003DEB44 /* BusLocationView.swift in Sources */,
				2E9416C42BC61731003DEB44 /* Section.swift in Sources */,
				2E9417252BC61CF1003DEB44 /* RouteSelectionView.swift in Sources */,
				2E94171C2BC61CF1003DEB44 /* Circle.swift in Sources */,
				2E9FFA842BC673240051793C /* GetAllGymsQuery.graphql.swift in Sources */,
				2E9417122BC61CF1003DEB44 /* LoadingIndicator.swift in Sources */,
				2E9FFA872BC673240051793C /* FacilityType.graphql.swift in Sources */,
				2E9417152BC61CF1003DEB44 /* RPCircularProgress.swift in Sources */,
				2E94169C2BC616B9003DEB44 /* RouteOptionsViewController+Extensions.swift in Sources */,
				2E9416F92BC61984003DEB44 /* Loader.swift in Sources */,
				2E9417172BC61CF1003DEB44 /* HeaderView.swift in Sources */,
			);
			runOnlyForDeploymentPostprocessing = 0;
		};
/* End PBXSourcesBuildPhase section */

/* Begin XCBuildConfiguration section */
		449A7C9C1D80D0E80019300C /* Release */ = {
			isa = XCBuildConfiguration;
			buildSettings = {
				ALWAYS_SEARCH_USER_PATHS = NO;
				CLANG_ANALYZER_LOCALIZABILITY_NONLOCALIZED = YES;
				CLANG_ANALYZER_NONNULL = YES;
				CLANG_CXX_LANGUAGE_STANDARD = "gnu++0x";
				CLANG_CXX_LIBRARY = "libc++";
				CLANG_ENABLE_MODULES = YES;
				CLANG_ENABLE_OBJC_ARC = YES;
				CLANG_WARN_BLOCK_CAPTURE_AUTORELEASING = YES;
				CLANG_WARN_BOOL_CONVERSION = YES;
				CLANG_WARN_COMMA = YES;
				CLANG_WARN_CONSTANT_CONVERSION = YES;
				CLANG_WARN_DEPRECATED_OBJC_IMPLEMENTATIONS = YES;
				CLANG_WARN_DIRECT_OBJC_ISA_USAGE = YES_ERROR;
				CLANG_WARN_EMPTY_BODY = YES;
				CLANG_WARN_ENUM_CONVERSION = YES;
				CLANG_WARN_INFINITE_RECURSION = YES;
				CLANG_WARN_INT_CONVERSION = YES;
				CLANG_WARN_NON_LITERAL_NULL_CONVERSION = YES;
				CLANG_WARN_OBJC_IMPLICIT_RETAIN_SELF = YES;
				CLANG_WARN_OBJC_LITERAL_CONVERSION = YES;
				CLANG_WARN_OBJC_ROOT_CLASS = YES_ERROR;
				CLANG_WARN_QUOTED_INCLUDE_IN_FRAMEWORK_HEADER = YES;
				CLANG_WARN_RANGE_LOOP_ANALYSIS = YES;
				CLANG_WARN_STRICT_PROTOTYPES = YES;
				CLANG_WARN_SUSPICIOUS_MOVE = YES;
				CLANG_WARN_UNREACHABLE_CODE = YES;
				CLANG_WARN__DUPLICATE_METHOD_MATCH = YES;
				"CODE_SIGN_IDENTITY[sdk=iphoneos*]" = "iPhone Developer";
				COPY_PHASE_STRIP = NO;
				CURRENT_PROJECT_VERSION = 47;
				DEBUG_INFORMATION_FORMAT = "dwarf-with-dsym";
				ENABLE_NS_ASSERTIONS = NO;
				ENABLE_STRICT_OBJC_MSGSEND = YES;
				GCC_C_LANGUAGE_STANDARD = gnu99;
				GCC_NO_COMMON_BLOCKS = YES;
				GCC_WARN_64_TO_32_BIT_CONVERSION = YES;
				GCC_WARN_ABOUT_RETURN_TYPE = YES_ERROR;
				GCC_WARN_UNDECLARED_SELECTOR = YES;
				GCC_WARN_UNINITIALIZED_AUTOS = YES_AGGRESSIVE;
				GCC_WARN_UNUSED_FUNCTION = YES;
				GCC_WARN_UNUSED_VARIABLE = YES;
				IPHONEOS_DEPLOYMENT_TARGET = 15.0;
				MTL_ENABLE_DEBUG_INFO = NO;
				SDKROOT = iphoneos;
				SWIFT_COMPILATION_MODE = wholemodule;
				SWIFT_OPTIMIZATION_LEVEL = "-O";
				SWIFT_VERSION = 4.0;
				TARGETED_DEVICE_FAMILY = "1,2";
				VALIDATE_PRODUCT = YES;
			};
			name = Release;
		};
		449A7C9F1D80D0E80019300C /* Release */ = {
			isa = XCBuildConfiguration;
			baseConfigurationReference = 78CE6235AE56D8B3776331B2 /* Pods-TCAT.release.xcconfig */;
			buildSettings = {
				ASSETCATALOG_COMPILER_APPICON_NAME = AppIcon;
				BUNDLE_APP_DISPLAY_NAME = "Ithaca Transit";
				CODE_SIGN_ENTITLEMENTS = TCAT/Supporting/TCAT.entitlements;
				CODE_SIGN_IDENTITY = "iPhone Developer";
				"CODE_SIGN_IDENTITY[sdk=iphoneos*]" = "iPhone Developer";
				CODE_SIGN_STYLE = Automatic;
				CURRENT_PROJECT_VERSION = 16;
				DEVELOPMENT_TEAM = ZGMCXU7X3U;
				EMBED_ASSET_PACKS_IN_PRODUCT_BUNDLE = YES;
				EXCLUDED_ARCHS = "";
				FRAMEWORK_SEARCH_PATHS = (
					"$(inherited)",
					"$(PROJECT_DIR)/Pods/GoogleMaps/Base/Frameworks",
					"$(PROJECT_DIR)/Pods/GoogleMaps/Maps/Frameworks",
				);
				INFOPLIST_FILE = TCAT/Supporting/Info.plist;
				INFOPLIST_KEY_CFBundleDisplayName = "Ithaca Transit";
				INFOPLIST_KEY_LSApplicationCategoryType = "public.app-category.travel";
				IPHONEOS_DEPLOYMENT_TARGET = 15.0;
				LD_RUNPATH_SEARCH_PATHS = (
					"$(inherited)",
					"@executable_path/Frameworks",
				);
				MARKETING_VERSION = 2.0.2;
				PRODUCT_BUNDLE_IDENTIFIER = com.cornellappdev.tcat;
				PRODUCT_NAME = "$(TARGET_NAME)";
				PROVISIONING_PROFILE_SPECIFIER = "";
				SWIFT_VERSION = 5.0;
				TARGETED_DEVICE_FAMILY = 1;
				VERSIONING_SYSTEM = "apple-generic";
			};
			name = Release;
		};
		BFF7E5EE223BFDF0001C6032 /* Debug */ = {
			isa = XCBuildConfiguration;
			buildSettings = {
				ALWAYS_SEARCH_USER_PATHS = NO;
				CLANG_ANALYZER_LOCALIZABILITY_NONLOCALIZED = YES;
				CLANG_ANALYZER_NONNULL = YES;
				CLANG_CXX_LANGUAGE_STANDARD = "gnu++0x";
				CLANG_CXX_LIBRARY = "libc++";
				CLANG_ENABLE_MODULES = YES;
				CLANG_ENABLE_OBJC_ARC = YES;
				CLANG_WARN_BLOCK_CAPTURE_AUTORELEASING = YES;
				CLANG_WARN_BOOL_CONVERSION = YES;
				CLANG_WARN_COMMA = YES;
				CLANG_WARN_CONSTANT_CONVERSION = YES;
				CLANG_WARN_DEPRECATED_OBJC_IMPLEMENTATIONS = YES;
				CLANG_WARN_DIRECT_OBJC_ISA_USAGE = YES_ERROR;
				CLANG_WARN_EMPTY_BODY = YES;
				CLANG_WARN_ENUM_CONVERSION = YES;
				CLANG_WARN_INFINITE_RECURSION = YES;
				CLANG_WARN_INT_CONVERSION = YES;
				CLANG_WARN_NON_LITERAL_NULL_CONVERSION = YES;
				CLANG_WARN_OBJC_IMPLICIT_RETAIN_SELF = YES;
				CLANG_WARN_OBJC_LITERAL_CONVERSION = YES;
				CLANG_WARN_OBJC_ROOT_CLASS = YES_ERROR;
				CLANG_WARN_QUOTED_INCLUDE_IN_FRAMEWORK_HEADER = YES;
				CLANG_WARN_RANGE_LOOP_ANALYSIS = YES;
				CLANG_WARN_STRICT_PROTOTYPES = YES;
				CLANG_WARN_SUSPICIOUS_MOVE = YES;
				CLANG_WARN_UNREACHABLE_CODE = YES;
				CLANG_WARN__DUPLICATE_METHOD_MATCH = YES;
				"CODE_SIGN_IDENTITY[sdk=iphoneos*]" = "iPhone Developer";
				COPY_PHASE_STRIP = NO;
				CURRENT_PROJECT_VERSION = 47;
				DEBUG_INFORMATION_FORMAT = "dwarf-with-dsym";
				ENABLE_STRICT_OBJC_MSGSEND = YES;
				ENABLE_TESTABILITY = YES;
				GCC_C_LANGUAGE_STANDARD = gnu99;
				GCC_DYNAMIC_NO_PIC = NO;
				GCC_NO_COMMON_BLOCKS = YES;
				GCC_OPTIMIZATION_LEVEL = 0;
				GCC_PREPROCESSOR_DEFINITIONS = (
					"DEBUG=1",
					"$(inherited)",
				);
				GCC_WARN_64_TO_32_BIT_CONVERSION = YES;
				GCC_WARN_ABOUT_RETURN_TYPE = YES_ERROR;
				GCC_WARN_UNDECLARED_SELECTOR = YES;
				GCC_WARN_UNINITIALIZED_AUTOS = YES_AGGRESSIVE;
				GCC_WARN_UNUSED_FUNCTION = YES;
				GCC_WARN_UNUSED_VARIABLE = YES;
				IPHONEOS_DEPLOYMENT_TARGET = 15.0;
				MTL_ENABLE_DEBUG_INFO = YES;
				ONLY_ACTIVE_ARCH = YES;
				SDKROOT = iphoneos;
				SWIFT_OPTIMIZATION_LEVEL = "-Onone";
				SWIFT_VERSION = 4.0;
				TARGETED_DEVICE_FAMILY = "1,2";
			};
			name = Debug;
		};
		BFF7E5EF223BFDF0001C6032 /* Debug */ = {
			isa = XCBuildConfiguration;
			baseConfigurationReference = 7C562FAA4261465E07ACE741 /* Pods-TCAT.debug.xcconfig */;
			buildSettings = {
				ASSETCATALOG_COMPILER_APPICON_NAME = AppIcon;
				BUNDLE_APP_DISPLAY_NAME = "Ithaca Transit Beta";
				CODE_SIGN_ENTITLEMENTS = TCAT/TCATDebug.entitlements;
				CODE_SIGN_IDENTITY = "iPhone Developer";
				"CODE_SIGN_IDENTITY[sdk=iphoneos*]" = "iPhone Developer";
				CODE_SIGN_STYLE = Automatic;
				CURRENT_PROJECT_VERSION = 16;
				DEVELOPMENT_TEAM = ZGMCXU7X3U;
				EMBED_ASSET_PACKS_IN_PRODUCT_BUNDLE = YES;
				EXCLUDED_ARCHS = "";
				FRAMEWORK_SEARCH_PATHS = (
					"$(inherited)",
					"$(PROJECT_DIR)/Pods/GoogleMaps/Base/Frameworks",
					"$(PROJECT_DIR)/Pods/GoogleMaps/Maps/Frameworks",
				);
				INFOPLIST_FILE = TCAT/Supporting/Info.plist;
				INFOPLIST_KEY_CFBundleDisplayName = "Ithaca Transit";
				INFOPLIST_KEY_LSApplicationCategoryType = "public.app-category.travel";
				IPHONEOS_DEPLOYMENT_TARGET = 15.0;
				LD_RUNPATH_SEARCH_PATHS = (
					"$(inherited)",
					"@executable_path/Frameworks",
				);
				MARKETING_VERSION = 2.0.2;
				OTHER_SWIFT_FLAGS = "$(inherited) \"-D\" \"COCOAPODS\" -DDEBUG";
				"OTHER_SWIFT_FLAGS[arch=*]" = "$(inherited) \"-D\" \"COCOAPODS\"";
				PRODUCT_BUNDLE_IDENTIFIER = com.cornellappdev.tcat.debug;
				PRODUCT_NAME = "$(TARGET_NAME)";
				PROVISIONING_PROFILE_SPECIFIER = "";
				SWIFT_VERSION = 5.0;
				TARGETED_DEVICE_FAMILY = 1;
				VERSIONING_SYSTEM = "apple-generic";
			};
			name = Debug;
		};
		C27549D4233491FA00D5A754 /* Local */ = {
			isa = XCBuildConfiguration;
			buildSettings = {
				ALWAYS_SEARCH_USER_PATHS = NO;
				CLANG_ANALYZER_LOCALIZABILITY_NONLOCALIZED = YES;
				CLANG_ANALYZER_NONNULL = YES;
				CLANG_CXX_LANGUAGE_STANDARD = "gnu++0x";
				CLANG_CXX_LIBRARY = "libc++";
				CLANG_ENABLE_MODULES = YES;
				CLANG_ENABLE_OBJC_ARC = YES;
				CLANG_WARN_BLOCK_CAPTURE_AUTORELEASING = YES;
				CLANG_WARN_BOOL_CONVERSION = YES;
				CLANG_WARN_COMMA = YES;
				CLANG_WARN_CONSTANT_CONVERSION = YES;
				CLANG_WARN_DEPRECATED_OBJC_IMPLEMENTATIONS = YES;
				CLANG_WARN_DIRECT_OBJC_ISA_USAGE = YES_ERROR;
				CLANG_WARN_EMPTY_BODY = YES;
				CLANG_WARN_ENUM_CONVERSION = YES;
				CLANG_WARN_INFINITE_RECURSION = YES;
				CLANG_WARN_INT_CONVERSION = YES;
				CLANG_WARN_NON_LITERAL_NULL_CONVERSION = YES;
				CLANG_WARN_OBJC_IMPLICIT_RETAIN_SELF = YES;
				CLANG_WARN_OBJC_LITERAL_CONVERSION = YES;
				CLANG_WARN_OBJC_ROOT_CLASS = YES_ERROR;
				CLANG_WARN_QUOTED_INCLUDE_IN_FRAMEWORK_HEADER = YES;
				CLANG_WARN_RANGE_LOOP_ANALYSIS = YES;
				CLANG_WARN_STRICT_PROTOTYPES = YES;
				CLANG_WARN_SUSPICIOUS_MOVE = YES;
				CLANG_WARN_UNREACHABLE_CODE = YES;
				CLANG_WARN__DUPLICATE_METHOD_MATCH = YES;
				"CODE_SIGN_IDENTITY[sdk=iphoneos*]" = "iPhone Developer";
				COPY_PHASE_STRIP = NO;
				CURRENT_PROJECT_VERSION = 47;
				DEBUG_INFORMATION_FORMAT = "dwarf-with-dsym";
				ENABLE_STRICT_OBJC_MSGSEND = YES;
				ENABLE_TESTABILITY = YES;
				GCC_C_LANGUAGE_STANDARD = gnu99;
				GCC_DYNAMIC_NO_PIC = NO;
				GCC_NO_COMMON_BLOCKS = YES;
				GCC_OPTIMIZATION_LEVEL = 0;
				GCC_PREPROCESSOR_DEFINITIONS = (
					"DEBUG=1",
					"$(inherited)",
				);
				GCC_WARN_64_TO_32_BIT_CONVERSION = YES;
				GCC_WARN_ABOUT_RETURN_TYPE = YES_ERROR;
				GCC_WARN_UNDECLARED_SELECTOR = YES;
				GCC_WARN_UNINITIALIZED_AUTOS = YES_AGGRESSIVE;
				GCC_WARN_UNUSED_FUNCTION = YES;
				GCC_WARN_UNUSED_VARIABLE = YES;
				IPHONEOS_DEPLOYMENT_TARGET = 15.0;
				MTL_ENABLE_DEBUG_INFO = YES;
				ONLY_ACTIVE_ARCH = YES;
				SDKROOT = iphoneos;
				SWIFT_OPTIMIZATION_LEVEL = "-Onone";
				SWIFT_VERSION = 4.0;
				TARGETED_DEVICE_FAMILY = "1,2";
			};
			name = Local;
		};
		C27549D5233491FA00D5A754 /* Local */ = {
			isa = XCBuildConfiguration;
			baseConfigurationReference = 7A621E1F21DF0FC2CACD61FE /* Pods-TCAT.local.xcconfig */;
			buildSettings = {
				ASSETCATALOG_COMPILER_APPICON_NAME = AppIcon;
				BUNDLE_APP_DISPLAY_NAME = "Ithaca Transit Local";
				CODE_SIGN_ENTITLEMENTS = TCAT/TCATLocal.entitlements;
				CODE_SIGN_IDENTITY = "iPhone Developer";
				"CODE_SIGN_IDENTITY[sdk=iphoneos*]" = "iPhone Developer";
				CODE_SIGN_STYLE = Automatic;
				CURRENT_PROJECT_VERSION = 16;
				DEVELOPMENT_TEAM = ZGMCXU7X3U;
				EMBED_ASSET_PACKS_IN_PRODUCT_BUNDLE = YES;
				EXCLUDED_ARCHS = "";
				FRAMEWORK_SEARCH_PATHS = (
					"$(inherited)",
					"$(PROJECT_DIR)/Pods/GoogleMaps/Base/Frameworks",
					"$(PROJECT_DIR)/Pods/GoogleMaps/Maps/Frameworks",
				);
				INFOPLIST_FILE = TCAT/Supporting/Info.plist;
				INFOPLIST_KEY_CFBundleDisplayName = "Ithaca Transit";
				INFOPLIST_KEY_LSApplicationCategoryType = "public.app-category.travel";
				IPHONEOS_DEPLOYMENT_TARGET = 15.0;
				LD_RUNPATH_SEARCH_PATHS = (
					"$(inherited)",
					"@executable_path/Frameworks",
				);
				MARKETING_VERSION = 2.0.2;
				OTHER_SWIFT_FLAGS = "$(inherited) \"-D\" \"COCOAPODS\" -DLOCAL";
				"OTHER_SWIFT_FLAGS[arch=*]" = "$(inherited) \"-D\" \"COCOAPODS\"";
				PRODUCT_BUNDLE_IDENTIFIER = com.cornellappdev.tcat.debug;
				PRODUCT_NAME = "$(TARGET_NAME)";
				PROVISIONING_PROFILE_SPECIFIER = "";
				SWIFT_VERSION = 5.0;
				TARGETED_DEVICE_FAMILY = 1;
				VERSIONING_SYSTEM = "apple-generic";
			};
			name = Local;
		};
/* End XCBuildConfiguration section */

/* Begin XCConfigurationList section */
		449A7C701D80D0E80019300C /* Build configuration list for PBXProject "TCAT" */ = {
			isa = XCConfigurationList;
			buildConfigurations = (
				BFF7E5EE223BFDF0001C6032 /* Debug */,
				C27549D4233491FA00D5A754 /* Local */,
				449A7C9C1D80D0E80019300C /* Release */,
			);
			defaultConfigurationIsVisible = 0;
			defaultConfigurationName = Debug;
		};
		449A7C9D1D80D0E80019300C /* Build configuration list for PBXNativeTarget "TCAT" */ = {
			isa = XCConfigurationList;
			buildConfigurations = (
				BFF7E5EF223BFDF0001C6032 /* Debug */,
				C27549D5233491FA00D5A754 /* Local */,
				449A7C9F1D80D0E80019300C /* Release */,
			);
			defaultConfigurationIsVisible = 0;
			defaultConfigurationName = Debug;
		};
/* End XCConfigurationList section */
	};
	rootObject = 449A7C6D1D80D0E80019300C /* Project object */;
}
