PODS:
  - AppDevAnnouncements (0.0.1)
  - DZNEmptyDataSet (1.8.1)
  - Firebase (6.34.0):
    - Firebase/Core (= 6.34.0)
  - Firebase/Core (6.34.0):
    - Firebase/CoreOnly
    - FirebaseAnalytics (= 6.9.0)
  - Firebase/CoreOnly (6.34.0):
    - FirebaseCore (= 6.10.4)
  - FirebaseAnalytics (6.9.0):
    - FirebaseCore (~> 6.10)
    - FirebaseInstallations (~> 1.7)
    - GoogleAppMeasurement (= 6.9.0)
    - GoogleUtilities/AppDelegateSwizzler (~> 6.7)
    - GoogleUtilities/MethodSwizzler (~> 6.7)
    - GoogleUtilities/Network (~> 6.7)
    - "GoogleUtilities/NSData+zlib (~> 6.7)"
    - nanopb (~> 1.30906.0)
  - FirebaseCore (6.10.4):
    - FirebaseCoreDiagnostics (~> 1.6)
    - GoogleUtilities/Environment (~> 6.7)
    - GoogleUtilities/Logger (~> 6.7)
  - FirebaseCoreDiagnostics (1.7.0):
    - GoogleDataTransport (~> 7.4)
    - GoogleUtilities/Environment (~> 6.7)
    - GoogleUtilities/Logger (~> 6.7)
    - nanopb (~> 1.30906.0)
  - FirebaseCrashlytics (4.6.2):
    - FirebaseCore (~> 6.10)
    - FirebaseInstallations (~> 1.6)
    - GoogleDataTransport (~> 7.2)
    - nanopb (~> 1.30906.0)
    - PromisesObjC (~> 1.2)
  - FirebaseInstallations (1.7.0):
    - FirebaseCore (~> 6.10)
    - GoogleUtilities/Environment (~> 6.7)
    - GoogleUtilities/UserDefaults (~> 6.7)
    - PromisesObjC (~> 1.2)
  - FutureNova (0.1.6)
  - GoogleAppMeasurement (6.9.0):
    - GoogleUtilities/AppDelegateSwizzler (~> 6.7)
    - GoogleUtilities/MethodSwizzler (~> 6.7)
    - GoogleUtilities/Network (~> 6.7)
    - "GoogleUtilities/NSData+zlib (~> 6.7)"
    - nanopb (~> 1.30906.0)
  - GoogleDataTransport (7.5.0):
    - nanopb (~> 1.30906.0)
  - GoogleMaps (3.10.0):
    - GoogleMaps/Maps (= 3.10.0)
  - GoogleMaps/Base (3.10.0)
  - GoogleMaps/Maps (3.10.0):
    - GoogleMaps/Base
  - GoogleUtilities/AppDelegateSwizzler (6.7.2):
    - GoogleUtilities/Environment
    - GoogleUtilities/Logger
    - GoogleUtilities/Network
  - GoogleUtilities/Environment (6.7.2):
    - PromisesObjC (~> 1.2)
  - GoogleUtilities/Logger (6.7.2):
    - GoogleUtilities/Environment
  - GoogleUtilities/MethodSwizzler (6.7.2):
    - GoogleUtilities/Logger
  - GoogleUtilities/Network (6.7.2):
    - GoogleUtilities/Logger
    - "GoogleUtilities/NSData+zlib"
    - GoogleUtilities/Reachability
  - "GoogleUtilities/NSData+zlib (6.7.2)"
  - GoogleUtilities/Reachability (6.7.2):
    - GoogleUtilities/Logger
  - GoogleUtilities/UserDefaults (6.7.2):
    - GoogleUtilities/Logger
  - MarqueeLabel (4.0.5)
  - nanopb (1.30906.0):
    - nanopb/decode (= 1.30906.0)
    - nanopb/encode (= 1.30906.0)
  - nanopb/decode (1.30906.0)
  - nanopb/encode (1.30906.0)
  - NotificationBannerSwift (3.0.2):
    - MarqueeLabel (~> 4.0.0)
    - SnapKit (~> 5.0.0)
  - Presentation (4.2.3)
  - PromisesObjC (1.2.11)
  - Pulley (2.8.4)
  - SnapKit (5.0.1)
  - SwiftLint (0.40.3)
  - SwiftyJSON (5.0.0)
  - WhatsNewKit (1.3.6)
  - Wormholy (1.6.3)
  - Zip (1.1.0)

DEPENDENCIES:
  - AppDevAnnouncements (from `https://github.com/cuappdev/appdev-announcements.git`)
  - DZNEmptyDataSet (from `https://github.com/cuappdev/DZNEmptyDataSet.git`)
  - Firebase
  - FirebaseCrashlytics
  - FutureNova (from `https://github.com/cuappdev/ios-networking.git`)
  - GoogleMaps
  - NotificationBannerSwift (~> 3.0.0)
  - Presentation (from `https://github.com/cuappdev/Presentation.git`)
  - Pulley (~> 2.7)
  - SnapKit (~> 5.0)
  - SwiftLint
  - SwiftyJSON (~> 5.0)
  - WhatsNewKit (~> 1.1)
  - Wormholy
  - Zip (~> 1.1)

SPEC REPOS:
  trunk:
    - Firebase
    - FirebaseAnalytics
    - FirebaseCore
    - FirebaseCoreDiagnostics
    - FirebaseCrashlytics
    - FirebaseInstallations
    - GoogleAppMeasurement
    - GoogleDataTransport
    - GoogleMaps
    - GoogleUtilities
    - MarqueeLabel
    - nanopb
    - NotificationBannerSwift
    - PromisesObjC
    - Pulley
    - SnapKit
    - SwiftLint
    - SwiftyJSON
    - WhatsNewKit
    - Wormholy
    - Zip

EXTERNAL SOURCES:
  AppDevAnnouncements:
    :git: https://github.com/cuappdev/appdev-announcements.git
  DZNEmptyDataSet:
    :git: https://github.com/cuappdev/DZNEmptyDataSet.git
  FutureNova:
    :git: https://github.com/cuappdev/ios-networking.git
  Presentation:
    :git: https://github.com/cuappdev/Presentation.git

CHECKOUT OPTIONS:
  AppDevAnnouncements:
    :commit: 4cfbcd46af092037ac6632fe5616a13e5f280615
    :git: https://github.com/cuappdev/appdev-announcements.git
  DZNEmptyDataSet:
    :commit: a4a007e7ade7d9711f067f4d6510085fa1d92629
    :git: https://github.com/cuappdev/DZNEmptyDataSet.git
  FutureNova:
    :commit: db0540d78bd5bfb67f39945bbaf0fd3f2fbf56b5
    :git: https://github.com/cuappdev/ios-networking.git
  Presentation:
    :commit: d4aa2d3ad5901f6ebce0727af592824982f88d13
    :git: https://github.com/cuappdev/Presentation.git

SPEC CHECKSUMS:
  AppDevAnnouncements: e17a7f441fb0664583bb08e21dc709214d15b70f
  DZNEmptyDataSet: b94434220f87d9dda46660eb4f07a424778e93b4
  Firebase: c23a36d9e4cdf7877dfcba8dd0c58add66358999
  FirebaseAnalytics: 3bb096873ee0d7fa4b6c70f5e9166b6da413cc7f
  FirebaseCore: d3a978a3cfa3240bf7e4ba7d137fdf5b22b628ec
  FirebaseCoreDiagnostics: 770ac5958e1372ce67959ae4b4f31d8e127c3ac1
  FirebaseCrashlytics: 1a747c9cc084a24dc6d9511c991db1cd078154eb
  FirebaseInstallations: 466c7b4d1f58fe16707693091da253726a731ed2
  FutureNova: 95f9aa352b2c250253b96fdf380754afcc87c7f3
  GoogleAppMeasurement: a6a3a066369828db64eda428cb2856dc1cdc7c4e
  GoogleDataTransport: 445302b7da4216da63071a4c29e7023f47192e5a
  GoogleMaps: 8c080862ff2748ece9929471b30feb56a6c5079d
  GoogleUtilities: 7f2f5a07f888cdb145101d6042bc4422f57e70b3
  MarqueeLabel: 00cc0bcd087111dca575878b3531af980559707d
  nanopb: 59317e09cf1f1a0af72f12af412d54edf52603fc
  NotificationBannerSwift: 713e20f21b6105f4a36a00e5d9fa414a930d3d8e
  Presentation: 3c02ab6268b15e44b6146c511686eb9c3f81b7d0
  PromisesObjC: 8c196f5a328c2cba3e74624585467a557dcb482f
  Pulley: b712ce941cd341a1f5df6f51ea5fb745ee05ee69
  SnapKit: 97b92857e3df3a0c71833cce143274bf6ef8e5eb
  SwiftLint: dfd554ff0dff17288ee574814ccdd5cea85d76f7
  SwiftyJSON: 36413e04c44ee145039d332b4f4e2d3e8d6c4db7
  WhatsNewKit: 1749efa3bab07512c4d6aa3645abb5bc4b49db58
  Wormholy: bfc1c8679eefd0edd92638758e21c3961b1b3b50
  Zip: 8877eede3dda76bcac281225c20e71c25270774c

PODFILE CHECKSUM: b763b824c2744cd25234d88b82a350dac280fd4b

COCOAPODS: 1.9.3
