PODS:
  - Crashlytics (3.13.4):
    - Fabric (~> 1.10.2)
  - DZNEmptyDataSet (1.8.1)
  - Fabric (1.10.2)
  - Firebase/Core (6.7.0):
    - Firebase/CoreOnly
    - FirebaseAnalytics (= 6.1.1)
  - Firebase/CoreOnly (6.7.0):
    - FirebaseCore (= 6.2.1)
  - FirebaseAnalytics (6.1.1):
    - FirebaseCore (~> 6.2)
    - FirebaseInstanceID (~> 4.2)
    - GoogleAppMeasurement (= 6.1.1)
    - GoogleUtilities/AppDelegateSwizzler (~> 6.0)
    - GoogleUtilities/MethodSwizzler (~> 6.0)
    - GoogleUtilities/Network (~> 6.0)
    - "GoogleUtilities/NSData+zlib (~> 6.0)"
    - nanopb (~> 0.3)
  - FirebaseCore (6.2.1):
    - FirebaseCoreDiagnostics (~> 1.0)
    - FirebaseCoreDiagnosticsInterop (~> 1.0)
    - GoogleUtilities/Environment (~> 6.2)
    - GoogleUtilities/Logger (~> 6.2)
  - FirebaseCoreDiagnostics (1.0.1):
    - FirebaseCoreDiagnosticsInterop (~> 1.0)
    - GoogleDataTransportCCTSupport (~> 1.0)
    - GoogleUtilities/Environment (~> 6.2)
    - GoogleUtilities/Logger (~> 6.2)
  - FirebaseCoreDiagnosticsInterop (1.0.0)
  - FirebaseInstanceID (4.2.3):
    - FirebaseCore (~> 6.0)
    - GoogleUtilities/Environment (~> 6.0)
    - GoogleUtilities/UserDefaults (~> 6.0)
  - FLEX (3.0.0)
  - FutureNova (0.1.5)
  - GoogleAppMeasurement (6.1.1):
    - GoogleUtilities/AppDelegateSwizzler (~> 6.0)
    - GoogleUtilities/MethodSwizzler (~> 6.0)
    - GoogleUtilities/Network (~> 6.0)
    - "GoogleUtilities/NSData+zlib (~> 6.0)"
    - nanopb (~> 0.3)
  - GoogleDataTransport (1.1.3)
  - GoogleDataTransportCCTSupport (1.0.2):
    - GoogleDataTransport (~> 1.1)
    - nanopb
  - GoogleMaps (3.3.0):
    - GoogleMaps/Maps (= 3.3.0)
  - GoogleMaps/Base (3.3.0)
  - GoogleMaps/Maps (3.3.0):
    - GoogleMaps/Base
  - GoogleUtilities/AppDelegateSwizzler (6.2.5):
    - GoogleUtilities/Environment
    - GoogleUtilities/Logger
    - GoogleUtilities/Network
  - GoogleUtilities/Environment (6.2.5)
  - GoogleUtilities/Logger (6.2.5):
    - GoogleUtilities/Environment
  - GoogleUtilities/MethodSwizzler (6.2.5):
    - GoogleUtilities/Logger
  - GoogleUtilities/Network (6.2.5):
    - GoogleUtilities/Logger
    - "GoogleUtilities/NSData+zlib"
    - GoogleUtilities/Reachability
  - "GoogleUtilities/NSData+zlib (6.2.5)"
  - GoogleUtilities/Reachability (6.2.5):
    - GoogleUtilities/Logger
  - GoogleUtilities/UserDefaults (6.2.5):
    - GoogleUtilities/Logger
  - MarqueeLabel/Swift (3.2.1)
  - nanopb (0.3.901):
    - nanopb/decode (= 0.3.901)
    - nanopb/encode (= 0.3.901)
  - nanopb/decode (0.3.901)
  - nanopb/encode (0.3.901)
  - NotificationBannerSwift (2.1.0):
    - MarqueeLabel/Swift (~> 3.2.1)
    - SnapKit (~> 5.0)
  - Presentation (4.2.3)
  - Pulley (2.7.0)
  - SnapKit (5.0.1)
  - SwiftLint (0.34.0)
  - SwiftyJSON (5.0.0)
  - WhatsNewKit (1.2.0)
  - Wormholy (1.4.1)
  - Zip (1.1.0)

DEPENDENCIES:
  - Crashlytics (~> 3.12)
  - DZNEmptyDataSet (from `https://github.com/cuappdev/DZNEmptyDataSet.git`)
  - Fabric (~> 1.9)
  - Firebase/Core
  - FLEX
  - FutureNova (from `https://github.com/cuappdev/ios-networking.git`)
  - GoogleMaps (~> 3.1)
  - NotificationBannerSwift (from `https://github.com/cuappdev/NotificationBanner.git`)
  - Presentation (from `https://github.com/cuappdev/Presentation.git`)
  - Pulley (~> 2.7)
  - SnapKit (~> 5.0)
  - SwiftLint
  - SwiftyJSON (~> 5.0)
  - WhatsNewKit (~> 1.1)
  - Wormholy
  - Zip (~> 1.1)

SPEC REPOS:
  https://github.com/cocoapods/specs.git:
    - Crashlytics
    - Fabric
    - Firebase
    - FirebaseAnalytics
    - FirebaseCore
    - FirebaseCoreDiagnostics
    - FirebaseCoreDiagnosticsInterop
    - FirebaseInstanceID
    - FLEX
    - GoogleAppMeasurement
    - GoogleDataTransport
    - GoogleDataTransportCCTSupport
    - GoogleMaps
    - GoogleUtilities
    - MarqueeLabel
    - nanopb
    - Pulley
    - SnapKit
    - SwiftLint
    - SwiftyJSON
    - WhatsNewKit
    - Wormholy
    - Zip

EXTERNAL SOURCES:
  DZNEmptyDataSet:
    :git: https://github.com/cuappdev/DZNEmptyDataSet.git
  FutureNova:
    :git: https://github.com/cuappdev/ios-networking.git
  NotificationBannerSwift:
    :git: https://github.com/cuappdev/NotificationBanner.git
  Presentation:
    :git: https://github.com/cuappdev/Presentation.git

CHECKOUT OPTIONS:
  DZNEmptyDataSet:
    :commit: a4a007e7ade7d9711f067f4d6510085fa1d92629
    :git: https://github.com/cuappdev/DZNEmptyDataSet.git
  FutureNova:
    :commit: d5cf1493d75ff90b7118aa589598486838da4b49
    :git: https://github.com/cuappdev/ios-networking.git
  NotificationBannerSwift:
    :commit: dd73797bc68cbcb2b387b8d0ce4a76277a32aed1
    :git: https://github.com/cuappdev/NotificationBanner.git
  Presentation:
    :commit: d4aa2d3ad5901f6ebce0727af592824982f88d13
    :git: https://github.com/cuappdev/Presentation.git

SPEC CHECKSUMS:
  Crashlytics: 2dfd686bcb918dc10ee0e76f7f853fe42c7bd552
  DZNEmptyDataSet: b94434220f87d9dda46660eb4f07a424778e93b4
  Fabric: 706c8b8098fff96c33c0db69cbf81f9c551d0d74
  Firebase: 291d7b0a7b393f252358083b5d224884126fa46d
  FirebaseAnalytics: 843c7f64a8f9c79f0d03281197ebe7bb1d58d477
  FirebaseCore: 32b48f41c84a56fbde73b35ed01a830b3b6dc048
  FirebaseCoreDiagnostics: 4c04ae09d0ab027c30179828c6bb47764df1bd13
  FirebaseCoreDiagnosticsInterop: 6829da2b8d1fc795ff1bd99df751d3788035d2cb
  FirebaseInstanceID: 8b42755db950682e7de0d167bc6fb26a57b244af
  FLEX: d66c759bce0f6ebbbf472c742380874d846f2883
  FutureNova: 6a0ed485ee7e4d6606eb9b5b33e0f42a5cd80726
  GoogleAppMeasurement: 86a82f0e1f20b8eedf8e20326530138fd71409de
  GoogleDataTransport: 91e682bd60a49d3f8f69f2e909a66efaed5a1e7a
  GoogleDataTransportCCTSupport: 6b545f7149111180763dc18c6f372c963de4a310
  GoogleMaps: cfee83da305b9aaeccf92c24ac79df11c3003492
  GoogleUtilities: e7dc37039b19df7fe543479d3e4a02ac8d11bb69
  MarqueeLabel: 2daf039bf916937c8a4c9adfc13577cc5e51b4ce
  nanopb: 2901f78ea1b7b4015c860c2fdd1ea2fee1a18d48
  NotificationBannerSwift: 44b3b617c0300d0e20b6ee67213a92b895089961
  Presentation: 3c02ab6268b15e44b6146c511686eb9c3f81b7d0
  Pulley: 028ddcc7d2dcbc078d71b61b7eee8e786d72c14a
  SnapKit: 97b92857e3df3a0c71833cce143274bf6ef8e5eb
  SwiftLint: 79d48a17c6565dc286c37efb8322c7b450f95c67
  SwiftyJSON: 36413e04c44ee145039d332b4f4e2d3e8d6c4db7
  WhatsNewKit: 3fc7e34db0902b086fa2760e05d4d4403a38a0e0
  Wormholy: f2488b9690976459a3ce6680ec099143724418d8
  Zip: 8877eede3dda76bcac281225c20e71c25270774c

PODFILE CHECKSUM: 6bd9d6936285235850e5403fc26f19449aeef9a8

COCOAPODS: 1.7.5
